// !$*UTF8*$!
{
	archiveVersion = 1;
	classes = {
	};
	objectVersion = 45;
	objects = {

/* Begin PBXBuildFile section */
		1D3623260D0F684500981E51 /* SimpleAdsAppDelegate.m in Sources */ = {isa = PBXBuildFile; fileRef = 1D3623250D0F684500981E51 /* SimpleAdsAppDelegate.m */; };
		1D60589B0D05DD56006BFB54 /* main.m in Sources */ = {isa = PBXBuildFile; fileRef = 29B97316FDCFA39411CA2CEA /* main.m */; };
		1D60589F0D05DD5A006BFB54 /* Foundation.framework in Frameworks */ = {isa = PBXBuildFile; fileRef = 1D30AB110D05D00D00671497 /* Foundation.framework */; };
		288765A50DF7441C002DB57D /* CoreGraphics.framework in Frameworks */ = {isa = PBXBuildFile; fileRef = 288765A40DF7441C002DB57D /* CoreGraphics.framework */; };
		28D7ACF80DDB3853001CB0EB /* SimpleAdsViewController.m in Sources */ = {isa = PBXBuildFile; fileRef = 28D7ACF70DDB3853001CB0EB /* SimpleAdsViewController.m */; };
		3C0638511305113500D7EB70 /* CDataScanner.m in Sources */ = {isa = PBXBuildFile; fileRef = 3C06383C1305113500D7EB70 /* CDataScanner.m */; };
		3C0638521305113500D7EB70 /* CFilteringJSONSerializer.m in Sources */ = {isa = PBXBuildFile; fileRef = 3C06383F1305113500D7EB70 /* CFilteringJSONSerializer.m */; };
		3C0638531305113500D7EB70 /* CJSONDeserializer_BlocksExtensions.m in Sources */ = {isa = PBXBuildFile; fileRef = 3C0638411305113500D7EB70 /* CJSONDeserializer_BlocksExtensions.m */; };
		3C0638541305113500D7EB70 /* CJSONSerializedData.m in Sources */ = {isa = PBXBuildFile; fileRef = 3C0638431305113500D7EB70 /* CJSONSerializedData.m */; };
		3C0638551305113500D7EB70 /* CDataScanner_Extensions.m in Sources */ = {isa = PBXBuildFile; fileRef = 3C0638461305113500D7EB70 /* CDataScanner_Extensions.m */; };
		3C0638561305113500D7EB70 /* NSDictionary_JSONExtensions.m in Sources */ = {isa = PBXBuildFile; fileRef = 3C0638481305113500D7EB70 /* NSDictionary_JSONExtensions.m */; };
		3C0638571305113500D7EB70 /* CJSONDeserializer.m in Sources */ = {isa = PBXBuildFile; fileRef = 3C06384B1305113500D7EB70 /* CJSONDeserializer.m */; };
		3C0638581305113500D7EB70 /* CJSONScanner.m in Sources */ = {isa = PBXBuildFile; fileRef = 3C06384D1305113500D7EB70 /* CJSONScanner.m */; };
		3C0638591305113500D7EB70 /* CJSONSerializer.m in Sources */ = {isa = PBXBuildFile; fileRef = 3C06384F1305113500D7EB70 /* CJSONSerializer.m */; };
		3C06392C130517E900D7EB70 /* StoreKit.framework in Frameworks */ = {isa = PBXBuildFile; fileRef = 3C06392B130517E900D7EB70 /* StoreKit.framework */; };
		3C0639391305180B00D7EB70 /* SecondViewController.m in Sources */ = {isa = PBXBuildFile; fileRef = 3CC4D7761264DC6800212F16 /* SecondViewController.m */; };
		3C063A0313051B6D00D7EB70 /* UIKit.framework in Frameworks */ = {isa = PBXBuildFile; fileRef = 3C063A0213051B6D00D7EB70 /* UIKit.framework */; };
		3C83C65C1308146000CD306C /* MPAdapterMap.m in Sources */ = {isa = PBXBuildFile; fileRef = 3C83C6491308146000CD306C /* MPAdapterMap.m */; };
		3C83C65D1308146000CD306C /* MPAdBrowserController.m in Sources */ = {isa = PBXBuildFile; fileRef = 3C83C64B1308146000CD306C /* MPAdBrowserController.m */; };
		3C83C65E1308146000CD306C /* MPAdConversionTracker.m in Sources */ = {isa = PBXBuildFile; fileRef = 3C83C64D1308146000CD306C /* MPAdConversionTracker.m */; };
		3C83C65F1308146000CD306C /* MPAdView.m in Sources */ = {isa = PBXBuildFile; fileRef = 3C83C64F1308146000CD306C /* MPAdView.m */; };
		3C83C6601308146000CD306C /* MPBaseAdapter.m in Sources */ = {isa = PBXBuildFile; fileRef = 3C83C6511308146000CD306C /* MPBaseAdapter.m */; };
		3C83C6621308146000CD306C /* MPCustomEventAdapter.m in Sources */ = {isa = PBXBuildFile; fileRef = 3C83C6551308146000CD306C /* MPCustomEventAdapter.m */; };
		3C83C6631308146000CD306C /* MPInterstitialAdController.m in Sources */ = {isa = PBXBuildFile; fileRef = 3C83C6571308146000CD306C /* MPInterstitialAdController.m */; };
		3C83C6641308146000CD306C /* MPLogging.m in Sources */ = {isa = PBXBuildFile; fileRef = 3C83C6591308146000CD306C /* MPLogging.m */; };
		3C83C6651308146000CD306C /* MPStore.m in Sources */ = {isa = PBXBuildFile; fileRef = 3C83C65B1308146000CD306C /* MPStore.m */; };
		3C83C7241308151700CD306C /* CoreLocation.framework in Frameworks */ = {isa = PBXBuildFile; fileRef = 3C83C7231308151700CD306C /* CoreLocation.framework */; };
		3C83C7451308184D00CD306C /* iAd.framework in Frameworks */ = {isa = PBXBuildFile; fileRef = 3C83C7441308184D00CD306C /* iAd.framework */; settings = {ATTRIBUTES = (Weak, ); }; };
		3C8790E81344EF0800462D08 /* MPIAdAdapter.m in Sources */ = {isa = PBXBuildFile; fileRef = 3C8790E31344ED8600462D08 /* MPIAdAdapter.m */; };
		3C94E562135757900078FE9E /* MPAdBrowserController.xib in Resources */ = {isa = PBXBuildFile; fileRef = 3C94E561135757900078FE9E /* MPAdBrowserController.xib */; };
		3CA8587312FB85AC00967C3F /* square-mopub.png in Resources */ = {isa = PBXBuildFile; fileRef = 3CA8587212FB85AC00967C3F /* square-mopub.png */; };
		3CA858E912FB8C1A00967C3F /* WelcomeViewController.m in Sources */ = {isa = PBXBuildFile; fileRef = 3CA858E712FB8C1A00967C3F /* WelcomeViewController.m */; };
		3CA858EA12FB8C1A00967C3F /* WelcomeViewController.xib in Resources */ = {isa = PBXBuildFile; fileRef = 3CA858E812FB8C1A00967C3F /* WelcomeViewController.xib */; };
		3CA858FD12FB8E7900967C3F /* Default.png in Resources */ = {isa = PBXBuildFile; fileRef = 3CA858FB12FB8E7900967C3F /* Default.png */; };
		3CA858FE12FB8E7900967C3F /* Default@2x.png in Resources */ = {isa = PBXBuildFile; fileRef = 3CA858FC12FB8E7900967C3F /* Default@2x.png */; };
		3CA8591912FB93C300967C3F /* InterstitialViewController.m in Sources */ = {isa = PBXBuildFile; fileRef = 3CA8591712FB93C300967C3F /* InterstitialViewController.m */; };
		3CA8591A12FB93C300967C3F /* InterstitialViewController.xib in Resources */ = {isa = PBXBuildFile; fileRef = 3CA8591812FB93C300967C3F /* InterstitialViewController.xib */; };
		3CA8595612FC833600967C3F /* PerformanceViewController.m in Sources */ = {isa = PBXBuildFile; fileRef = 3CA8595412FC833600967C3F /* PerformanceViewController.m */; };
		3CA8595712FC833600967C3F /* PerformanceViewController.xib in Resources */ = {isa = PBXBuildFile; fileRef = 3CA8595512FC833600967C3F /* PerformanceViewController.xib */; };
		3CABE6C31300AFFB00887B75 /* Icon.png in Resources */ = {isa = PBXBuildFile; fileRef = 3CABE6C11300AFFB00887B75 /* Icon.png */; };
		3CABE6C41300AFFB00887B75 /* Icon@2x.png in Resources */ = {isa = PBXBuildFile; fileRef = 3CABE6C21300AFFB00887B75 /* Icon@2x.png */; };
		3CABE6DB1300B82A00887B75 /* 300x250spacer.png in Resources */ = {isa = PBXBuildFile; fileRef = 3CABE6DA1300B82A00887B75 /* 300x250spacer.png */; };
		3CB4A0F2113F5E75000DB158 /* MainWindow.xib in Resources */ = {isa = PBXBuildFile; fileRef = 3CB4A0F0113F5E75000DB158 /* MainWindow.xib */; };
		3CB4A0F3113F5E75000DB158 /* SimpleAdsViewController.xib in Resources */ = {isa = PBXBuildFile; fileRef = 3CB4A0F1113F5E75000DB158 /* SimpleAdsViewController.xib */; };
		3CC4D7791264DC6800212F16 /* SecondViewController.xib in Resources */ = {isa = PBXBuildFile; fileRef = 3CC4D7771264DC6800212F16 /* SecondViewController.xib */; };
		A7424EE41381909900FED855 /* MPBaseInterstitialAdapter.m in Sources */ = {isa = PBXBuildFile; fileRef = A7424EE31381909900FED855 /* MPBaseInterstitialAdapter.m */; };
		A77155331373282E00069B34 /* MPGlobal.m in Sources */ = {isa = PBXBuildFile; fileRef = A77155321373282E00069B34 /* MPGlobal.m */; };
		A7936B2F1381A0F0002E21AB /* MPInterstitialAdapter.m in Sources */ = {isa = PBXBuildFile; fileRef = A7936B2E1381A0F0002E21AB /* MPInterstitialAdapter.m */; };
		A7F12BB51373689E008ECC4E /* MPCloseButtonX.png in Resources */ = {isa = PBXBuildFile; fileRef = A7F12BB31373689E008ECC4E /* MPCloseButtonX.png */; };
		A7F12BB61373689E008ECC4E /* MPCloseButtonX@2x.png in Resources */ = {isa = PBXBuildFile; fileRef = A7F12BB41373689E008ECC4E /* MPCloseButtonX@2x.png */; };
		A8065E8B1326769E00C147DC /* MPTimer.m in Sources */ = {isa = PBXBuildFile; fileRef = A8065E8A1326769E00C147DC /* MPTimer.m */; };
		B905693613C3E61D00253780 /* CFNetwork.framework in Frameworks */ = {isa = PBXBuildFile; fileRef = B905692E13C3E61D00253780 /* CFNetwork.framework */; };
		B905693713C3E61E00253780 /* CoreFoundation.framework in Frameworks */ = {isa = PBXBuildFile; fileRef = B905692F13C3E61D00253780 /* CoreFoundation.framework */; };
		B905693813C3E61E00253780 /* CoreMotion.framework in Frameworks */ = {isa = PBXBuildFile; fileRef = B905693013C3E61D00253780 /* CoreMotion.framework */; };
		B905693913C3E61E00253780 /* EventKit.framework in Frameworks */ = {isa = PBXBuildFile; fileRef = B905693113C3E61D00253780 /* EventKit.framework */; };
		B905693A13C3E61E00253780 /* EventKitUI.framework in Frameworks */ = {isa = PBXBuildFile; fileRef = B905693213C3E61D00253780 /* EventKitUI.framework */; };
		B905693B13C3E61E00253780 /* MobileCoreServices.framework in Frameworks */ = {isa = PBXBuildFile; fileRef = B905693313C3E61D00253780 /* MobileCoreServices.framework */; };
		B905693C13C3E61E00253780 /* QuartzCore.framework in Frameworks */ = {isa = PBXBuildFile; fileRef = B905693413C3E61D00253780 /* QuartzCore.framework */; };
		B905693D13C3E61E00253780 /* SystemConfiguration.framework in Frameworks */ = {isa = PBXBuildFile; fileRef = B905693513C3E61D00253780 /* SystemConfiguration.framework */; };
		B905694613C3E67200253780 /* libsqlite3.0.dylib in Frameworks */ = {isa = PBXBuildFile; fileRef = B905694413C3E67200253780 /* libsqlite3.0.dylib */; };
		B905694713C3E67200253780 /* libz.dylib in Frameworks */ = {isa = PBXBuildFile; fileRef = B905694513C3E67200253780 /* libz.dylib */; };
		B90569D113C3F21B00253780 /* Security.framework in Frameworks */ = {isa = PBXBuildFile; fileRef = B90569D013C3F21B00253780 /* Security.framework */; };
		B952308913BE9366008477A9 /* MessageUI.framework in Frameworks */ = {isa = PBXBuildFile; fileRef = B952308813BE9366008477A9 /* MessageUI.framework */; };
		B96B8EB413C7D37200532E58 /* MapKit.framework in Frameworks */ = {isa = PBXBuildFile; fileRef = B96B8EB313C7D37200532E58 /* MapKit.framework */; };
		B99DE0DD13C793D000E55E75 /* MPORMMAAdapter.m in Sources */ = {isa = PBXBuildFile; fileRef = B99DE0DC13C793D000E55E75 /* MPORMMAAdapter.m */; };
		B9BDC5DE13C7D91F00403F5A /* libORMMA.a in Frameworks */ = {isa = PBXBuildFile; fileRef = B9BDC5DD13C7D91F00403F5A /* libORMMA.a */; };
		B9BDC61B13C7D99100403F5A /* ASI Http Request - LICENSE in Resources */ = {isa = PBXBuildFile; fileRef = B9BDC5E213C7D99100403F5A /* ASI Http Request - LICENSE */; };
		B9BDC61C13C7D99100403F5A /* ASIAuthenticationDialog.m in Sources */ = {isa = PBXBuildFile; fileRef = B9BDC5E413C7D99100403F5A /* ASIAuthenticationDialog.m */; };
		B9BDC61D13C7D99100403F5A /* ASIDownloadCache.m in Sources */ = {isa = PBXBuildFile; fileRef = B9BDC5E713C7D99100403F5A /* ASIDownloadCache.m */; };
		B9BDC61E13C7D99100403F5A /* ASIFormDataRequest.m in Sources */ = {isa = PBXBuildFile; fileRef = B9BDC5E913C7D99100403F5A /* ASIFormDataRequest.m */; };
		B9BDC61F13C7D99100403F5A /* ASIHTTPRequest.m in Sources */ = {isa = PBXBuildFile; fileRef = B9BDC5EB13C7D99100403F5A /* ASIHTTPRequest.m */; };
		B9BDC62013C7D99100403F5A /* ASIInputStream.m in Sources */ = {isa = PBXBuildFile; fileRef = B9BDC5EF13C7D99100403F5A /* ASIInputStream.m */; };
		B9BDC62113C7D99100403F5A /* ASINetworkQueue.m in Sources */ = {isa = PBXBuildFile; fileRef = B9BDC5F113C7D99100403F5A /* ASINetworkQueue.m */; };
		B9BDC62213C7D99100403F5A /* Reachability.m in Sources */ = {isa = PBXBuildFile; fileRef = B9BDC5F413C7D99100403F5A /* Reachability.m */; };
		B9BDC62313C7D99100403F5A /* AsyncSocket.m in Sources */ = {isa = PBXBuildFile; fileRef = B9BDC5F713C7D99100403F5A /* AsyncSocket.m */; };
		B9BDC62413C7D99100403F5A /* DDData.m in Sources */ = {isa = PBXBuildFile; fileRef = B9BDC5F913C7D99100403F5A /* DDData.m */; };
		B9BDC62513C7D99100403F5A /* DDNumber.m in Sources */ = {isa = PBXBuildFile; fileRef = B9BDC5FB13C7D99100403F5A /* DDNumber.m */; };
		B9BDC62613C7D99100403F5A /* DDRange.m in Sources */ = {isa = PBXBuildFile; fileRef = B9BDC5FD13C7D99100403F5A /* DDRange.m */; };
		B9BDC62713C7D99100403F5A /* HTTPAsyncFileResponse.m in Sources */ = {isa = PBXBuildFile; fileRef = B9BDC5FF13C7D99100403F5A /* HTTPAsyncFileResponse.m */; };
		B9BDC62813C7D99100403F5A /* HTTPAuthenticationRequest.m in Sources */ = {isa = PBXBuildFile; fileRef = B9BDC60113C7D99100403F5A /* HTTPAuthenticationRequest.m */; };
		B9BDC62913C7D99100403F5A /* HTTPConnection.m in Sources */ = {isa = PBXBuildFile; fileRef = B9BDC60313C7D99100403F5A /* HTTPConnection.m */; };
		B9BDC62A13C7D99100403F5A /* HTTPDynamicFileResponse.m in Sources */ = {isa = PBXBuildFile; fileRef = B9BDC60513C7D99100403F5A /* HTTPDynamicFileResponse.m */; };
		B9BDC62B13C7D99100403F5A /* HTTPResponse.m in Sources */ = {isa = PBXBuildFile; fileRef = B9BDC60713C7D99100403F5A /* HTTPResponse.m */; };
		B9BDC62C13C7D99100403F5A /* HTTPServer.m in Sources */ = {isa = PBXBuildFile; fileRef = B9BDC60913C7D99100403F5A /* HTTPServer.m */; };
		B9BDC62D13C7D99100403F5A /* LICENSE.txt in Resources */ = {isa = PBXBuildFile; fileRef = B9BDC60A13C7D99100403F5A /* LICENSE.txt */; };
		B9BDC62F13C7D99100403F5A /* WebSocket.m in Sources */ = {isa = PBXBuildFile; fileRef = B9BDC60E13C7D99100403F5A /* WebSocket.m */; };
		B9BDC63013C7D99100403F5A /* UIColor-Expanded.m in Sources */ = {isa = PBXBuildFile; fileRef = B9BDC61113C7D99100403F5A /* UIColor-Expanded.m */; };
		B9BDC63113C7D99100403F5A /* UIDevice-Hardware.m in Sources */ = {isa = PBXBuildFile; fileRef = B9BDC61313C7D99100403F5A /* UIDevice-Hardware.m */; };
		B9BDC63213C7D99100403F5A /* FMDatabase.m in Sources */ = {isa = PBXBuildFile; fileRef = B9BDC61613C7D99100403F5A /* FMDatabase.m */; };
		B9BDC63313C7D99100403F5A /* FMDatabaseAdditions.m in Sources */ = {isa = PBXBuildFile; fileRef = B9BDC61813C7D99100403F5A /* FMDatabaseAdditions.m */; };
		B9BDC63413C7D99100403F5A /* FMResultSet.m in Sources */ = {isa = PBXBuildFile; fileRef = B9BDC61A13C7D99100403F5A /* FMResultSet.m */; };
		B9BDC63613C7D99F00403F5A /* ORMMA.bundle in Resources */ = {isa = PBXBuildFile; fileRef = B9BDC63513C7D99F00403F5A /* ORMMA.bundle */; };
		B9BDC64113C7D9EF00403F5A /* ORMMAAVPlayer.m in Sources */ = {isa = PBXBuildFile; fileRef = B9BDC63A13C7D9EF00403F5A /* ORMMAAVPlayer.m */; };
		B9BDC64213C7D9EF00403F5A /* ORMMAView.m in Sources */ = {isa = PBXBuildFile; fileRef = B9BDC63C13C7D9EF00403F5A /* ORMMAView.m */; };
		B9BDC64313C7D9EF00403F5A /* ORMMAWebBrowserViewController.m in Sources */ = {isa = PBXBuildFile; fileRef = B9BDC63F13C7D9EF00403F5A /* ORMMAWebBrowserViewController.m */; };
		B9BDC64413C7D9EF00403F5A /* ORMMAWebBrowserViewController.xib in Resources */ = {isa = PBXBuildFile; fileRef = B9BDC64013C7D9EF00403F5A /* ORMMAWebBrowserViewController.xib */; };
		B9BDC65813C7DA2400403F5A /* FileSystemCache.m in Sources */ = {isa = PBXBuildFile; fileRef = B9BDC64813C7DA2400403F5A /* FileSystemCache.m */; };
		B9BDC65913C7DA2400403F5A /* ORMMALocalServer.m in Sources */ = {isa = PBXBuildFile; fileRef = B9BDC64A13C7DA2400403F5A /* ORMMALocalServer.m */; };
		B9BDC65A13C7DA2400403F5A /* ORMMADataAccessLayer.m in Sources */ = {isa = PBXBuildFile; fileRef = B9BDC64D13C7DA2400403F5A /* ORMMADataAccessLayer.m */; };
		B9BDC65B13C7DA2400403F5A /* ORMMAStoreAndForwardRequest.m in Sources */ = {isa = PBXBuildFile; fileRef = B9BDC64F13C7DA2400403F5A /* ORMMAStoreAndForwardRequest.m */; };
		B9BDC65C13C7DA2400403F5A /* ORMMAJavascriptBridge.m in Sources */ = {isa = PBXBuildFile; fileRef = B9BDC65213C7DA2400403F5A /* ORMMAJavascriptBridge.m */; };
		B9BDC65D13C7DA2400403F5A /* UIDevice-ORMMA.m in Sources */ = {isa = PBXBuildFile; fileRef = B9BDC65513C7DA2400403F5A /* UIDevice-ORMMA.m */; };
		B9BDC65E13C7DA2400403F5A /* UIWebView-ORMMA.m in Sources */ = {isa = PBXBuildFile; fileRef = B9BDC65713C7DA2400403F5A /* UIWebView-ORMMA.m */; };
		B9DD97C713B2C25D001559F7 /* MPAdManager.m in Sources */ = {isa = PBXBuildFile; fileRef = B9DD97C613B2C25D001559F7 /* MPAdManager.m */; };
		B9EC581D13C7A83300E26C82 /* MediaPlayer.framework in Frameworks */ = {isa = PBXBuildFile; fileRef = B9EC581C13C7A83300E26C82 /* MediaPlayer.framework */; };
/* End PBXBuildFile section */

/* Begin PBXContainerItemProxy section */
		B992E81813C3D3BF00C61934 /* PBXContainerItemProxy */ = {
			isa = PBXContainerItemProxy;
			proxyType = 1;
			remoteGlobalIDString = 9069D28B0FCE659A0042E34C;
		};
/* End PBXContainerItemProxy section */

/* Begin PBXFileReference section */
		1D30AB110D05D00D00671497 /* Foundation.framework */ = {isa = PBXFileReference; lastKnownFileType = wrapper.framework; name = Foundation.framework; path = System/Library/Frameworks/Foundation.framework; sourceTree = SDKROOT; };
		1D3623240D0F684500981E51 /* SimpleAdsAppDelegate.h */ = {isa = PBXFileReference; fileEncoding = 4; lastKnownFileType = sourcecode.c.h; path = SimpleAdsAppDelegate.h; sourceTree = "<group>"; };
		1D3623250D0F684500981E51 /* SimpleAdsAppDelegate.m */ = {isa = PBXFileReference; fileEncoding = 4; lastKnownFileType = sourcecode.c.objc; path = SimpleAdsAppDelegate.m; sourceTree = "<group>"; };
		1D6058910D05DD3D006BFB54 /* MoPub.app */ = {isa = PBXFileReference; explicitFileType = wrapper.application; includeInIndex = 0; path = MoPub.app; sourceTree = BUILT_PRODUCTS_DIR; };
		288765A40DF7441C002DB57D /* CoreGraphics.framework */ = {isa = PBXFileReference; lastKnownFileType = wrapper.framework; name = CoreGraphics.framework; path = System/Library/Frameworks/CoreGraphics.framework; sourceTree = SDKROOT; };
		28D7ACF60DDB3853001CB0EB /* SimpleAdsViewController.h */ = {isa = PBXFileReference; fileEncoding = 4; lastKnownFileType = sourcecode.c.h; path = SimpleAdsViewController.h; sourceTree = "<group>"; };
		28D7ACF70DDB3853001CB0EB /* SimpleAdsViewController.m */ = {isa = PBXFileReference; fileEncoding = 4; lastKnownFileType = sourcecode.c.objc; path = SimpleAdsViewController.m; sourceTree = "<group>"; };
		29B97316FDCFA39411CA2CEA /* main.m */ = {isa = PBXFileReference; fileEncoding = 4; lastKnownFileType = sourcecode.c.objc; path = main.m; sourceTree = "<group>"; };
		3C06383B1305113500D7EB70 /* CDataScanner.h */ = {isa = PBXFileReference; fileEncoding = 4; lastKnownFileType = sourcecode.c.h; path = CDataScanner.h; sourceTree = "<group>"; };
		3C06383C1305113500D7EB70 /* CDataScanner.m */ = {isa = PBXFileReference; fileEncoding = 4; lastKnownFileType = sourcecode.c.objc; path = CDataScanner.m; sourceTree = "<group>"; };
		3C06383E1305113500D7EB70 /* CFilteringJSONSerializer.h */ = {isa = PBXFileReference; fileEncoding = 4; lastKnownFileType = sourcecode.c.h; path = CFilteringJSONSerializer.h; sourceTree = "<group>"; };
		3C06383F1305113500D7EB70 /* CFilteringJSONSerializer.m */ = {isa = PBXFileReference; fileEncoding = 4; lastKnownFileType = sourcecode.c.objc; path = CFilteringJSONSerializer.m; sourceTree = "<group>"; };
		3C0638401305113500D7EB70 /* CJSONDeserializer_BlocksExtensions.h */ = {isa = PBXFileReference; fileEncoding = 4; lastKnownFileType = sourcecode.c.h; path = CJSONDeserializer_BlocksExtensions.h; sourceTree = "<group>"; };
		3C0638411305113500D7EB70 /* CJSONDeserializer_BlocksExtensions.m */ = {isa = PBXFileReference; fileEncoding = 4; lastKnownFileType = sourcecode.c.objc; path = CJSONDeserializer_BlocksExtensions.m; sourceTree = "<group>"; };
		3C0638421305113500D7EB70 /* CJSONSerializedData.h */ = {isa = PBXFileReference; fileEncoding = 4; lastKnownFileType = sourcecode.c.h; path = CJSONSerializedData.h; sourceTree = "<group>"; };
		3C0638431305113500D7EB70 /* CJSONSerializedData.m */ = {isa = PBXFileReference; fileEncoding = 4; lastKnownFileType = sourcecode.c.objc; path = CJSONSerializedData.m; sourceTree = "<group>"; };
		3C0638451305113500D7EB70 /* CDataScanner_Extensions.h */ = {isa = PBXFileReference; fileEncoding = 4; lastKnownFileType = sourcecode.c.h; path = CDataScanner_Extensions.h; sourceTree = "<group>"; };
		3C0638461305113500D7EB70 /* CDataScanner_Extensions.m */ = {isa = PBXFileReference; fileEncoding = 4; lastKnownFileType = sourcecode.c.objc; path = CDataScanner_Extensions.m; sourceTree = "<group>"; };
		3C0638471305113500D7EB70 /* NSDictionary_JSONExtensions.h */ = {isa = PBXFileReference; fileEncoding = 4; lastKnownFileType = sourcecode.c.h; path = NSDictionary_JSONExtensions.h; sourceTree = "<group>"; };
		3C0638481305113500D7EB70 /* NSDictionary_JSONExtensions.m */ = {isa = PBXFileReference; fileEncoding = 4; lastKnownFileType = sourcecode.c.objc; path = NSDictionary_JSONExtensions.m; sourceTree = "<group>"; };
		3C06384A1305113500D7EB70 /* CJSONDeserializer.h */ = {isa = PBXFileReference; fileEncoding = 4; lastKnownFileType = sourcecode.c.h; path = CJSONDeserializer.h; sourceTree = "<group>"; };
		3C06384B1305113500D7EB70 /* CJSONDeserializer.m */ = {isa = PBXFileReference; fileEncoding = 4; lastKnownFileType = sourcecode.c.objc; path = CJSONDeserializer.m; sourceTree = "<group>"; };
		3C06384C1305113500D7EB70 /* CJSONScanner.h */ = {isa = PBXFileReference; fileEncoding = 4; lastKnownFileType = sourcecode.c.h; path = CJSONScanner.h; sourceTree = "<group>"; };
		3C06384D1305113500D7EB70 /* CJSONScanner.m */ = {isa = PBXFileReference; fileEncoding = 4; lastKnownFileType = sourcecode.c.objc; path = CJSONScanner.m; sourceTree = "<group>"; };
		3C06384E1305113500D7EB70 /* CJSONSerializer.h */ = {isa = PBXFileReference; fileEncoding = 4; lastKnownFileType = sourcecode.c.h; path = CJSONSerializer.h; sourceTree = "<group>"; };
		3C06384F1305113500D7EB70 /* CJSONSerializer.m */ = {isa = PBXFileReference; fileEncoding = 4; lastKnownFileType = sourcecode.c.objc; path = CJSONSerializer.m; sourceTree = "<group>"; };
		3C0638501305113500D7EB70 /* JSONRepresentation.h */ = {isa = PBXFileReference; fileEncoding = 4; lastKnownFileType = sourcecode.c.h; path = JSONRepresentation.h; sourceTree = "<group>"; };
		3C06392B130517E900D7EB70 /* StoreKit.framework */ = {isa = PBXFileReference; lastKnownFileType = wrapper.framework; name = StoreKit.framework; path = System/Library/Frameworks/StoreKit.framework; sourceTree = SDKROOT; };
		3C063A0213051B6D00D7EB70 /* UIKit.framework */ = {isa = PBXFileReference; lastKnownFileType = wrapper.framework; name = UIKit.framework; path = System/Library/Frameworks/UIKit.framework; sourceTree = SDKROOT; };
		3C83C6481308146000CD306C /* MPAdapterMap.h */ = {isa = PBXFileReference; fileEncoding = 4; lastKnownFileType = sourcecode.c.h; path = MPAdapterMap.h; sourceTree = "<group>"; };
		3C83C6491308146000CD306C /* MPAdapterMap.m */ = {isa = PBXFileReference; fileEncoding = 4; lastKnownFileType = sourcecode.c.objc; path = MPAdapterMap.m; sourceTree = "<group>"; };
		3C83C64A1308146000CD306C /* MPAdBrowserController.h */ = {isa = PBXFileReference; fileEncoding = 4; lastKnownFileType = sourcecode.c.h; path = MPAdBrowserController.h; sourceTree = "<group>"; };
		3C83C64B1308146000CD306C /* MPAdBrowserController.m */ = {isa = PBXFileReference; fileEncoding = 4; lastKnownFileType = sourcecode.c.objc; path = MPAdBrowserController.m; sourceTree = "<group>"; };
		3C83C64C1308146000CD306C /* MPAdConversionTracker.h */ = {isa = PBXFileReference; fileEncoding = 4; lastKnownFileType = sourcecode.c.h; path = MPAdConversionTracker.h; sourceTree = "<group>"; };
		3C83C64D1308146000CD306C /* MPAdConversionTracker.m */ = {isa = PBXFileReference; fileEncoding = 4; lastKnownFileType = sourcecode.c.objc; path = MPAdConversionTracker.m; sourceTree = "<group>"; };
		3C83C64E1308146000CD306C /* MPAdView.h */ = {isa = PBXFileReference; fileEncoding = 4; lastKnownFileType = sourcecode.c.h; path = MPAdView.h; sourceTree = "<group>"; };
		3C83C64F1308146000CD306C /* MPAdView.m */ = {isa = PBXFileReference; fileEncoding = 4; lastKnownFileType = sourcecode.c.objc; path = MPAdView.m; sourceTree = "<group>"; };
		3C83C6501308146000CD306C /* MPBaseAdapter.h */ = {isa = PBXFileReference; fileEncoding = 4; lastKnownFileType = sourcecode.c.h; path = MPBaseAdapter.h; sourceTree = "<group>"; };
		3C83C6511308146000CD306C /* MPBaseAdapter.m */ = {isa = PBXFileReference; fileEncoding = 4; lastKnownFileType = sourcecode.c.objc; path = MPBaseAdapter.m; sourceTree = "<group>"; };
		3C83C6531308146000CD306C /* MPConstants.h */ = {isa = PBXFileReference; fileEncoding = 4; lastKnownFileType = sourcecode.c.h; path = MPConstants.h; sourceTree = "<group>"; };
		3C83C6541308146000CD306C /* MPCustomEventAdapter.h */ = {isa = PBXFileReference; fileEncoding = 4; lastKnownFileType = sourcecode.c.h; path = MPCustomEventAdapter.h; sourceTree = "<group>"; };
		3C83C6551308146000CD306C /* MPCustomEventAdapter.m */ = {isa = PBXFileReference; fileEncoding = 4; lastKnownFileType = sourcecode.c.objc; path = MPCustomEventAdapter.m; sourceTree = "<group>"; };
		3C83C6561308146000CD306C /* MPInterstitialAdController.h */ = {isa = PBXFileReference; fileEncoding = 4; lastKnownFileType = sourcecode.c.h; path = MPInterstitialAdController.h; sourceTree = "<group>"; };
		3C83C6571308146000CD306C /* MPInterstitialAdController.m */ = {isa = PBXFileReference; fileEncoding = 4; lastKnownFileType = sourcecode.c.objc; path = MPInterstitialAdController.m; sourceTree = "<group>"; };
		3C83C6581308146000CD306C /* MPLogging.h */ = {isa = PBXFileReference; fileEncoding = 4; lastKnownFileType = sourcecode.c.h; path = MPLogging.h; sourceTree = "<group>"; };
		3C83C6591308146000CD306C /* MPLogging.m */ = {isa = PBXFileReference; fileEncoding = 4; lastKnownFileType = sourcecode.c.objc; path = MPLogging.m; sourceTree = "<group>"; };
		3C83C65A1308146000CD306C /* MPStore.h */ = {isa = PBXFileReference; fileEncoding = 4; lastKnownFileType = sourcecode.c.h; path = MPStore.h; sourceTree = "<group>"; };
		3C83C65B1308146000CD306C /* MPStore.m */ = {isa = PBXFileReference; fileEncoding = 4; lastKnownFileType = sourcecode.c.objc; path = MPStore.m; sourceTree = "<group>"; };
		3C83C7231308151700CD306C /* CoreLocation.framework */ = {isa = PBXFileReference; lastKnownFileType = wrapper.framework; name = CoreLocation.framework; path = System/Library/Frameworks/CoreLocation.framework; sourceTree = SDKROOT; };
		3C83C7441308184D00CD306C /* iAd.framework */ = {isa = PBXFileReference; lastKnownFileType = wrapper.framework; name = iAd.framework; path = System/Library/Frameworks/iAd.framework; sourceTree = SDKROOT; };
		3C8790E21344ED8600462D08 /* MPIAdAdapter.h */ = {isa = PBXFileReference; fileEncoding = 4; lastKnownFileType = sourcecode.c.h; path = MPIAdAdapter.h; sourceTree = "<group>"; };
		3C8790E31344ED8600462D08 /* MPIAdAdapter.m */ = {isa = PBXFileReference; fileEncoding = 4; lastKnownFileType = sourcecode.c.objc; path = MPIAdAdapter.m; sourceTree = "<group>"; };
		3C94E561135757900078FE9E /* MPAdBrowserController.xib */ = {isa = PBXFileReference; lastKnownFileType = file.xib; path = MPAdBrowserController.xib; sourceTree = "<group>"; };
		3CA8587212FB85AC00967C3F /* square-mopub.png */ = {isa = PBXFileReference; lastKnownFileType = image.png; path = "square-mopub.png"; sourceTree = "<group>"; };
		3CA858E612FB8C1A00967C3F /* WelcomeViewController.h */ = {isa = PBXFileReference; fileEncoding = 4; lastKnownFileType = sourcecode.c.h; path = WelcomeViewController.h; sourceTree = "<group>"; };
		3CA858E712FB8C1A00967C3F /* WelcomeViewController.m */ = {isa = PBXFileReference; fileEncoding = 4; lastKnownFileType = sourcecode.c.objc; path = WelcomeViewController.m; sourceTree = "<group>"; };
		3CA858E812FB8C1A00967C3F /* WelcomeViewController.xib */ = {isa = PBXFileReference; lastKnownFileType = file.xib; name = WelcomeViewController.xib; path = Classes/WelcomeViewController.xib; sourceTree = "<group>"; };
		3CA858FB12FB8E7900967C3F /* Default.png */ = {isa = PBXFileReference; lastKnownFileType = image.png; path = Default.png; sourceTree = "<group>"; };
		3CA858FC12FB8E7900967C3F /* Default@2x.png */ = {isa = PBXFileReference; lastKnownFileType = image.png; path = "Default@2x.png"; sourceTree = "<group>"; };
		3CA8591612FB93C300967C3F /* InterstitialViewController.h */ = {isa = PBXFileReference; fileEncoding = 4; lastKnownFileType = sourcecode.c.h; path = InterstitialViewController.h; sourceTree = "<group>"; };
		3CA8591712FB93C300967C3F /* InterstitialViewController.m */ = {isa = PBXFileReference; fileEncoding = 4; lastKnownFileType = sourcecode.c.objc; path = InterstitialViewController.m; sourceTree = "<group>"; };
		3CA8591812FB93C300967C3F /* InterstitialViewController.xib */ = {isa = PBXFileReference; lastKnownFileType = file.xib; name = InterstitialViewController.xib; path = Classes/InterstitialViewController.xib; sourceTree = "<group>"; };
		3CA8595312FC833600967C3F /* PerformanceViewController.h */ = {isa = PBXFileReference; fileEncoding = 4; lastKnownFileType = sourcecode.c.h; path = PerformanceViewController.h; sourceTree = "<group>"; };
		3CA8595412FC833600967C3F /* PerformanceViewController.m */ = {isa = PBXFileReference; fileEncoding = 4; lastKnownFileType = sourcecode.c.objc; path = PerformanceViewController.m; sourceTree = "<group>"; };
		3CA8595512FC833600967C3F /* PerformanceViewController.xib */ = {isa = PBXFileReference; lastKnownFileType = file.xib; name = PerformanceViewController.xib; path = Classes/PerformanceViewController.xib; sourceTree = "<group>"; };
		3CABE6C11300AFFB00887B75 /* Icon.png */ = {isa = PBXFileReference; lastKnownFileType = image.png; path = Icon.png; sourceTree = "<group>"; };
		3CABE6C21300AFFB00887B75 /* Icon@2x.png */ = {isa = PBXFileReference; lastKnownFileType = image.png; path = "Icon@2x.png"; sourceTree = "<group>"; };
		3CABE6DA1300B82A00887B75 /* 300x250spacer.png */ = {isa = PBXFileReference; lastKnownFileType = image.png; path = 300x250spacer.png; sourceTree = "<group>"; };
		3CB4A0F0113F5E75000DB158 /* MainWindow.xib */ = {isa = PBXFileReference; lastKnownFileType = file.xib; name = MainWindow.xib; path = Classes/MainWindow.xib; sourceTree = "<group>"; };
		3CB4A0F1113F5E75000DB158 /* SimpleAdsViewController.xib */ = {isa = PBXFileReference; lastKnownFileType = file.xib; name = SimpleAdsViewController.xib; path = Classes/SimpleAdsViewController.xib; sourceTree = "<group>"; };
		3CC4D7751264DC6700212F16 /* SecondViewController.h */ = {isa = PBXFileReference; fileEncoding = 4; lastKnownFileType = sourcecode.c.h; path = SecondViewController.h; sourceTree = "<group>"; };
		3CC4D7761264DC6800212F16 /* SecondViewController.m */ = {isa = PBXFileReference; fileEncoding = 4; lastKnownFileType = sourcecode.c.objc; path = SecondViewController.m; sourceTree = "<group>"; };
		3CC4D7771264DC6800212F16 /* SecondViewController.xib */ = {isa = PBXFileReference; lastKnownFileType = file.xib; name = SecondViewController.xib; path = Classes/SecondViewController.xib; sourceTree = "<group>"; };
		8D1107310486CEB800E47090 /* SimpleAds-Info.plist */ = {isa = PBXFileReference; fileEncoding = 4; lastKnownFileType = text.plist.xml; path = "SimpleAds-Info.plist"; plistStructureDefinitionIdentifier = "com.apple.xcode.plist.structure-definition.iphone.info-plist"; sourceTree = "<group>"; };
		A7424EE21381909900FED855 /* MPBaseInterstitialAdapter.h */ = {isa = PBXFileReference; fileEncoding = 4; lastKnownFileType = sourcecode.c.h; path = MPBaseInterstitialAdapter.h; sourceTree = "<group>"; };
		A7424EE31381909900FED855 /* MPBaseInterstitialAdapter.m */ = {isa = PBXFileReference; fileEncoding = 4; lastKnownFileType = sourcecode.c.objc; path = MPBaseInterstitialAdapter.m; sourceTree = "<group>"; };
		A77155311373282E00069B34 /* MPGlobal.h */ = {isa = PBXFileReference; fileEncoding = 4; lastKnownFileType = sourcecode.c.h; path = MPGlobal.h; sourceTree = "<group>"; };
		A77155321373282E00069B34 /* MPGlobal.m */ = {isa = PBXFileReference; fileEncoding = 4; lastKnownFileType = sourcecode.c.objc; path = MPGlobal.m; sourceTree = "<group>"; };
		A7936B2D1381A0F0002E21AB /* MPInterstitialAdapter.h */ = {isa = PBXFileReference; fileEncoding = 4; lastKnownFileType = sourcecode.c.h; path = MPInterstitialAdapter.h; sourceTree = "<group>"; };
		A7936B2E1381A0F0002E21AB /* MPInterstitialAdapter.m */ = {isa = PBXFileReference; fileEncoding = 4; lastKnownFileType = sourcecode.c.objc; path = MPInterstitialAdapter.m; sourceTree = "<group>"; };
		A7F12BB31373689E008ECC4E /* MPCloseButtonX.png */ = {isa = PBXFileReference; lastKnownFileType = image.png; path = MPCloseButtonX.png; sourceTree = "<group>"; };
		A7F12BB41373689E008ECC4E /* MPCloseButtonX@2x.png */ = {isa = PBXFileReference; lastKnownFileType = image.png; path = "MPCloseButtonX@2x.png"; sourceTree = "<group>"; };
		A8065E891326769E00C147DC /* MPTimer.h */ = {isa = PBXFileReference; fileEncoding = 4; lastKnownFileType = sourcecode.c.h; path = MPTimer.h; sourceTree = "<group>"; };
		A8065E8A1326769E00C147DC /* MPTimer.m */ = {isa = PBXFileReference; fileEncoding = 4; lastKnownFileType = sourcecode.c.objc; path = MPTimer.m; sourceTree = "<group>"; };
		B905692E13C3E61D00253780 /* CFNetwork.framework */ = {isa = PBXFileReference; lastKnownFileType = wrapper.framework; name = CFNetwork.framework; path = ../../../../../../Developer/Platforms/iPhoneOS.platform/Developer/SDKs/iPhoneOS4.3.sdk/System/Library/Frameworks/CFNetwork.framework; sourceTree = "<group>"; };
		B905692F13C3E61D00253780 /* CoreFoundation.framework */ = {isa = PBXFileReference; lastKnownFileType = wrapper.framework; name = CoreFoundation.framework; path = ../../../../../../Developer/Platforms/iPhoneOS.platform/Developer/SDKs/iPhoneOS4.3.sdk/System/Library/Frameworks/CoreFoundation.framework; sourceTree = "<group>"; };
		B905693013C3E61D00253780 /* CoreMotion.framework */ = {isa = PBXFileReference; lastKnownFileType = wrapper.framework; name = CoreMotion.framework; path = ../../../../../../Developer/Platforms/iPhoneOS.platform/Developer/SDKs/iPhoneOS4.3.sdk/System/Library/Frameworks/CoreMotion.framework; sourceTree = "<group>"; };
		B905693113C3E61D00253780 /* EventKit.framework */ = {isa = PBXFileReference; lastKnownFileType = wrapper.framework; name = EventKit.framework; path = ../../../../../../Developer/Platforms/iPhoneOS.platform/Developer/SDKs/iPhoneOS4.3.sdk/System/Library/Frameworks/EventKit.framework; sourceTree = "<group>"; };
		B905693213C3E61D00253780 /* EventKitUI.framework */ = {isa = PBXFileReference; lastKnownFileType = wrapper.framework; name = EventKitUI.framework; path = ../../../../../../Developer/Platforms/iPhoneOS.platform/Developer/SDKs/iPhoneOS4.3.sdk/System/Library/Frameworks/EventKitUI.framework; sourceTree = "<group>"; };
		B905693313C3E61D00253780 /* MobileCoreServices.framework */ = {isa = PBXFileReference; lastKnownFileType = wrapper.framework; name = MobileCoreServices.framework; path = ../../../../../../Developer/Platforms/iPhoneOS.platform/Developer/SDKs/iPhoneOS4.3.sdk/System/Library/Frameworks/MobileCoreServices.framework; sourceTree = "<group>"; };
		B905693413C3E61D00253780 /* QuartzCore.framework */ = {isa = PBXFileReference; lastKnownFileType = wrapper.framework; name = QuartzCore.framework; path = ../../../../../../Developer/Platforms/iPhoneOS.platform/Developer/SDKs/iPhoneOS4.3.sdk/System/Library/Frameworks/QuartzCore.framework; sourceTree = "<group>"; };
		B905693513C3E61D00253780 /* SystemConfiguration.framework */ = {isa = PBXFileReference; lastKnownFileType = wrapper.framework; name = SystemConfiguration.framework; path = ../../../../../../Developer/Platforms/iPhoneOS.platform/Developer/SDKs/iPhoneOS4.3.sdk/System/Library/Frameworks/SystemConfiguration.framework; sourceTree = "<group>"; };
		B905694413C3E67200253780 /* libsqlite3.0.dylib */ = {isa = PBXFileReference; lastKnownFileType = "compiled.mach-o.dylib"; name = libsqlite3.0.dylib; path = usr/lib/libsqlite3.0.dylib; sourceTree = SDKROOT; };
		B905694513C3E67200253780 /* libz.dylib */ = {isa = PBXFileReference; lastKnownFileType = "compiled.mach-o.dylib"; name = libz.dylib; path = usr/lib/libz.dylib; sourceTree = SDKROOT; };
		B90569D013C3F21B00253780 /* Security.framework */ = {isa = PBXFileReference; lastKnownFileType = wrapper.framework; name = Security.framework; path = System/Library/Frameworks/Security.framework; sourceTree = SDKROOT; };
		B952308813BE9366008477A9 /* MessageUI.framework */ = {isa = PBXFileReference; lastKnownFileType = wrapper.framework; name = MessageUI.framework; path = System/Library/Frameworks/MessageUI.framework; sourceTree = SDKROOT; };
		B96B8EB313C7D37200532E58 /* MapKit.framework */ = {isa = PBXFileReference; lastKnownFileType = wrapper.framework; name = MapKit.framework; path = ../../../../../../Developer/Platforms/iPhoneOS.platform/Developer/SDKs/iPhoneOS4.3.sdk/System/Library/Frameworks/MapKit.framework; sourceTree = "<group>"; };
		B99DE0DB13C793D000E55E75 /* MPORMMAAdapter.h */ = {isa = PBXFileReference; fileEncoding = 4; lastKnownFileType = sourcecode.c.h; path = MPORMMAAdapter.h; sourceTree = "<group>"; };
		B99DE0DC13C793D000E55E75 /* MPORMMAAdapter.m */ = {isa = PBXFileReference; fileEncoding = 4; lastKnownFileType = sourcecode.c.objc; path = MPORMMAAdapter.m; sourceTree = "<group>"; };
		B9BDC5DD13C7D91F00403F5A /* libORMMA.a */ = {isa = PBXFileReference; lastKnownFileType = archive.ar; path = libORMMA.a; sourceTree = "<group>"; };
		B9BDC5E213C7D99100403F5A /* ASI Http Request - LICENSE */ = {isa = PBXFileReference; fileEncoding = 4; lastKnownFileType = text; path = "ASI Http Request - LICENSE"; sourceTree = "<group>"; };
		B9BDC5E313C7D99100403F5A /* ASIAuthenticationDialog.h */ = {isa = PBXFileReference; fileEncoding = 4; lastKnownFileType = sourcecode.c.h; path = ASIAuthenticationDialog.h; sourceTree = "<group>"; };
		B9BDC5E413C7D99100403F5A /* ASIAuthenticationDialog.m */ = {isa = PBXFileReference; fileEncoding = 4; lastKnownFileType = sourcecode.c.objc; path = ASIAuthenticationDialog.m; sourceTree = "<group>"; };
		B9BDC5E513C7D99100403F5A /* ASICacheDelegate.h */ = {isa = PBXFileReference; fileEncoding = 4; lastKnownFileType = sourcecode.c.h; path = ASICacheDelegate.h; sourceTree = "<group>"; };
		B9BDC5E613C7D99100403F5A /* ASIDownloadCache.h */ = {isa = PBXFileReference; fileEncoding = 4; lastKnownFileType = sourcecode.c.h; path = ASIDownloadCache.h; sourceTree = "<group>"; };
		B9BDC5E713C7D99100403F5A /* ASIDownloadCache.m */ = {isa = PBXFileReference; fileEncoding = 4; lastKnownFileType = sourcecode.c.objc; path = ASIDownloadCache.m; sourceTree = "<group>"; };
		B9BDC5E813C7D99100403F5A /* ASIFormDataRequest.h */ = {isa = PBXFileReference; fileEncoding = 4; lastKnownFileType = sourcecode.c.h; path = ASIFormDataRequest.h; sourceTree = "<group>"; };
		B9BDC5E913C7D99100403F5A /* ASIFormDataRequest.m */ = {isa = PBXFileReference; fileEncoding = 4; lastKnownFileType = sourcecode.c.objc; path = ASIFormDataRequest.m; sourceTree = "<group>"; };
		B9BDC5EA13C7D99100403F5A /* ASIHTTPRequest.h */ = {isa = PBXFileReference; fileEncoding = 4; lastKnownFileType = sourcecode.c.h; path = ASIHTTPRequest.h; sourceTree = "<group>"; };
		B9BDC5EB13C7D99100403F5A /* ASIHTTPRequest.m */ = {isa = PBXFileReference; fileEncoding = 4; lastKnownFileType = sourcecode.c.objc; path = ASIHTTPRequest.m; sourceTree = "<group>"; };
		B9BDC5EC13C7D99100403F5A /* ASIHTTPRequestConfig.h */ = {isa = PBXFileReference; fileEncoding = 4; lastKnownFileType = sourcecode.c.h; path = ASIHTTPRequestConfig.h; sourceTree = "<group>"; };
		B9BDC5ED13C7D99100403F5A /* ASIHTTPRequestDelegate.h */ = {isa = PBXFileReference; fileEncoding = 4; lastKnownFileType = sourcecode.c.h; path = ASIHTTPRequestDelegate.h; sourceTree = "<group>"; };
		B9BDC5EE13C7D99100403F5A /* ASIInputStream.h */ = {isa = PBXFileReference; fileEncoding = 4; lastKnownFileType = sourcecode.c.h; path = ASIInputStream.h; sourceTree = "<group>"; };
		B9BDC5EF13C7D99100403F5A /* ASIInputStream.m */ = {isa = PBXFileReference; fileEncoding = 4; lastKnownFileType = sourcecode.c.objc; path = ASIInputStream.m; sourceTree = "<group>"; };
		B9BDC5F013C7D99100403F5A /* ASINetworkQueue.h */ = {isa = PBXFileReference; fileEncoding = 4; lastKnownFileType = sourcecode.c.h; path = ASINetworkQueue.h; sourceTree = "<group>"; };
		B9BDC5F113C7D99100403F5A /* ASINetworkQueue.m */ = {isa = PBXFileReference; fileEncoding = 4; lastKnownFileType = sourcecode.c.objc; path = ASINetworkQueue.m; sourceTree = "<group>"; };
		B9BDC5F213C7D99100403F5A /* ASIProgressDelegate.h */ = {isa = PBXFileReference; fileEncoding = 4; lastKnownFileType = sourcecode.c.h; path = ASIProgressDelegate.h; sourceTree = "<group>"; };
		B9BDC5F313C7D99100403F5A /* Reachability.h */ = {isa = PBXFileReference; fileEncoding = 4; lastKnownFileType = sourcecode.c.h; path = Reachability.h; sourceTree = "<group>"; };
		B9BDC5F413C7D99100403F5A /* Reachability.m */ = {isa = PBXFileReference; fileEncoding = 4; lastKnownFileType = sourcecode.c.objc; path = Reachability.m; sourceTree = "<group>"; };
		B9BDC5F613C7D99100403F5A /* AsyncSocket.h */ = {isa = PBXFileReference; fileEncoding = 4; lastKnownFileType = sourcecode.c.h; path = AsyncSocket.h; sourceTree = "<group>"; };
		B9BDC5F713C7D99100403F5A /* AsyncSocket.m */ = {isa = PBXFileReference; fileEncoding = 4; lastKnownFileType = sourcecode.c.objc; path = AsyncSocket.m; sourceTree = "<group>"; };
		B9BDC5F813C7D99100403F5A /* DDData.h */ = {isa = PBXFileReference; fileEncoding = 4; lastKnownFileType = sourcecode.c.h; path = DDData.h; sourceTree = "<group>"; };
		B9BDC5F913C7D99100403F5A /* DDData.m */ = {isa = PBXFileReference; fileEncoding = 4; lastKnownFileType = sourcecode.c.objc; path = DDData.m; sourceTree = "<group>"; };
		B9BDC5FA13C7D99100403F5A /* DDNumber.h */ = {isa = PBXFileReference; fileEncoding = 4; lastKnownFileType = sourcecode.c.h; path = DDNumber.h; sourceTree = "<group>"; };
		B9BDC5FB13C7D99100403F5A /* DDNumber.m */ = {isa = PBXFileReference; fileEncoding = 4; lastKnownFileType = sourcecode.c.objc; path = DDNumber.m; sourceTree = "<group>"; };
		B9BDC5FC13C7D99100403F5A /* DDRange.h */ = {isa = PBXFileReference; fileEncoding = 4; lastKnownFileType = sourcecode.c.h; path = DDRange.h; sourceTree = "<group>"; };
		B9BDC5FD13C7D99100403F5A /* DDRange.m */ = {isa = PBXFileReference; fileEncoding = 4; lastKnownFileType = sourcecode.c.objc; path = DDRange.m; sourceTree = "<group>"; };
		B9BDC5FE13C7D99100403F5A /* HTTPAsyncFileResponse.h */ = {isa = PBXFileReference; fileEncoding = 4; lastKnownFileType = sourcecode.c.h; path = HTTPAsyncFileResponse.h; sourceTree = "<group>"; };
		B9BDC5FF13C7D99100403F5A /* HTTPAsyncFileResponse.m */ = {isa = PBXFileReference; fileEncoding = 4; lastKnownFileType = sourcecode.c.objc; path = HTTPAsyncFileResponse.m; sourceTree = "<group>"; };
		B9BDC60013C7D99100403F5A /* HTTPAuthenticationRequest.h */ = {isa = PBXFileReference; fileEncoding = 4; lastKnownFileType = sourcecode.c.h; path = HTTPAuthenticationRequest.h; sourceTree = "<group>"; };
		B9BDC60113C7D99100403F5A /* HTTPAuthenticationRequest.m */ = {isa = PBXFileReference; fileEncoding = 4; lastKnownFileType = sourcecode.c.objc; path = HTTPAuthenticationRequest.m; sourceTree = "<group>"; };
		B9BDC60213C7D99100403F5A /* HTTPConnection.h */ = {isa = PBXFileReference; fileEncoding = 4; lastKnownFileType = sourcecode.c.h; path = HTTPConnection.h; sourceTree = "<group>"; };
		B9BDC60313C7D99100403F5A /* HTTPConnection.m */ = {isa = PBXFileReference; fileEncoding = 4; lastKnownFileType = sourcecode.c.objc; path = HTTPConnection.m; sourceTree = "<group>"; };
		B9BDC60413C7D99100403F5A /* HTTPDynamicFileResponse.h */ = {isa = PBXFileReference; fileEncoding = 4; lastKnownFileType = sourcecode.c.h; path = HTTPDynamicFileResponse.h; sourceTree = "<group>"; };
		B9BDC60513C7D99100403F5A /* HTTPDynamicFileResponse.m */ = {isa = PBXFileReference; fileEncoding = 4; lastKnownFileType = sourcecode.c.objc; path = HTTPDynamicFileResponse.m; sourceTree = "<group>"; };
		B9BDC60613C7D99100403F5A /* HTTPResponse.h */ = {isa = PBXFileReference; fileEncoding = 4; lastKnownFileType = sourcecode.c.h; path = HTTPResponse.h; sourceTree = "<group>"; };
		B9BDC60713C7D99100403F5A /* HTTPResponse.m */ = {isa = PBXFileReference; fileEncoding = 4; lastKnownFileType = sourcecode.c.objc; path = HTTPResponse.m; sourceTree = "<group>"; };
		B9BDC60813C7D99100403F5A /* HTTPServer.h */ = {isa = PBXFileReference; fileEncoding = 4; lastKnownFileType = sourcecode.c.h; path = HTTPServer.h; sourceTree = "<group>"; };
		B9BDC60913C7D99100403F5A /* HTTPServer.m */ = {isa = PBXFileReference; fileEncoding = 4; lastKnownFileType = sourcecode.c.objc; path = HTTPServer.m; sourceTree = "<group>"; };
		B9BDC60A13C7D99100403F5A /* LICENSE.txt */ = {isa = PBXFileReference; fileEncoding = 4; lastKnownFileType = text; path = LICENSE.txt; sourceTree = "<group>"; };
		B9BDC60B13C7D99100403F5A /* SSCrypto.h */ = {isa = PBXFileReference; fileEncoding = 4; lastKnownFileType = sourcecode.c.h; path = SSCrypto.h; sourceTree = "<group>"; };
		B9BDC60C13C7D99100403F5A /* SSCrypto.m */ = {isa = PBXFileReference; fileEncoding = 4; lastKnownFileType = sourcecode.c.objc; path = SSCrypto.m; sourceTree = "<group>"; };
		B9BDC60D13C7D99100403F5A /* WebSocket.h */ = {isa = PBXFileReference; fileEncoding = 4; lastKnownFileType = sourcecode.c.h; path = WebSocket.h; sourceTree = "<group>"; };
		B9BDC60E13C7D99100403F5A /* WebSocket.m */ = {isa = PBXFileReference; fileEncoding = 4; lastKnownFileType = sourcecode.c.objc; path = WebSocket.m; sourceTree = "<group>"; };
		B9BDC61013C7D99100403F5A /* UIColor-Expanded.h */ = {isa = PBXFileReference; fileEncoding = 4; lastKnownFileType = sourcecode.c.h; path = "UIColor-Expanded.h"; sourceTree = "<group>"; };
		B9BDC61113C7D99100403F5A /* UIColor-Expanded.m */ = {isa = PBXFileReference; fileEncoding = 4; lastKnownFileType = sourcecode.c.objc; path = "UIColor-Expanded.m"; sourceTree = "<group>"; };
		B9BDC61213C7D99100403F5A /* UIDevice-Hardware.h */ = {isa = PBXFileReference; fileEncoding = 4; lastKnownFileType = sourcecode.c.h; path = "UIDevice-Hardware.h"; sourceTree = "<group>"; };
		B9BDC61313C7D99100403F5A /* UIDevice-Hardware.m */ = {isa = PBXFileReference; fileEncoding = 4; lastKnownFileType = sourcecode.c.objc; path = "UIDevice-Hardware.m"; sourceTree = "<group>"; };
		B9BDC61513C7D99100403F5A /* FMDatabase.h */ = {isa = PBXFileReference; fileEncoding = 4; lastKnownFileType = sourcecode.c.h; path = FMDatabase.h; sourceTree = "<group>"; };
		B9BDC61613C7D99100403F5A /* FMDatabase.m */ = {isa = PBXFileReference; fileEncoding = 4; lastKnownFileType = sourcecode.c.objc; path = FMDatabase.m; sourceTree = "<group>"; };
		B9BDC61713C7D99100403F5A /* FMDatabaseAdditions.h */ = {isa = PBXFileReference; fileEncoding = 4; lastKnownFileType = sourcecode.c.h; path = FMDatabaseAdditions.h; sourceTree = "<group>"; };
		B9BDC61813C7D99100403F5A /* FMDatabaseAdditions.m */ = {isa = PBXFileReference; fileEncoding = 4; lastKnownFileType = sourcecode.c.objc; path = FMDatabaseAdditions.m; sourceTree = "<group>"; };
		B9BDC61913C7D99100403F5A /* FMResultSet.h */ = {isa = PBXFileReference; fileEncoding = 4; lastKnownFileType = sourcecode.c.h; path = FMResultSet.h; sourceTree = "<group>"; };
		B9BDC61A13C7D99100403F5A /* FMResultSet.m */ = {isa = PBXFileReference; fileEncoding = 4; lastKnownFileType = sourcecode.c.objc; path = FMResultSet.m; sourceTree = "<group>"; };
		B9BDC63513C7D99F00403F5A /* ORMMA.bundle */ = {isa = PBXFileReference; lastKnownFileType = "wrapper.plug-in"; path = ORMMA.bundle; sourceTree = "<group>"; };
		B9BDC63913C7D9EF00403F5A /* ORMMAAVPlayer.h */ = {isa = PBXFileReference; fileEncoding = 4; lastKnownFileType = sourcecode.c.h; path = ORMMAAVPlayer.h; sourceTree = "<group>"; };
		B9BDC63A13C7D9EF00403F5A /* ORMMAAVPlayer.m */ = {isa = PBXFileReference; fileEncoding = 4; lastKnownFileType = sourcecode.c.objc; path = ORMMAAVPlayer.m; sourceTree = "<group>"; };
		B9BDC63B13C7D9EF00403F5A /* ORMMAView.h */ = {isa = PBXFileReference; fileEncoding = 4; lastKnownFileType = sourcecode.c.h; path = ORMMAView.h; sourceTree = "<group>"; };
		B9BDC63C13C7D9EF00403F5A /* ORMMAView.m */ = {isa = PBXFileReference; fileEncoding = 4; lastKnownFileType = sourcecode.c.objc; path = ORMMAView.m; sourceTree = "<group>"; };
		B9BDC63E13C7D9EF00403F5A /* ORMMAWebBrowserViewController.h */ = {isa = PBXFileReference; fileEncoding = 4; lastKnownFileType = sourcecode.c.h; path = ORMMAWebBrowserViewController.h; sourceTree = "<group>"; };
		B9BDC63F13C7D9EF00403F5A /* ORMMAWebBrowserViewController.m */ = {isa = PBXFileReference; fileEncoding = 4; lastKnownFileType = sourcecode.c.objc; path = ORMMAWebBrowserViewController.m; sourceTree = "<group>"; };
		B9BDC64013C7D9EF00403F5A /* ORMMAWebBrowserViewController.xib */ = {isa = PBXFileReference; fileEncoding = 4; lastKnownFileType = file.xib; path = ORMMAWebBrowserViewController.xib; sourceTree = "<group>"; };
		B9BDC64713C7DA2400403F5A /* FileSystemCache.h */ = {isa = PBXFileReference; fileEncoding = 4; lastKnownFileType = sourcecode.c.h; path = FileSystemCache.h; sourceTree = "<group>"; };
		B9BDC64813C7DA2400403F5A /* FileSystemCache.m */ = {isa = PBXFileReference; fileEncoding = 4; lastKnownFileType = sourcecode.c.objc; path = FileSystemCache.m; sourceTree = "<group>"; };
		B9BDC64913C7DA2400403F5A /* ORMMALocalServer.h */ = {isa = PBXFileReference; fileEncoding = 4; lastKnownFileType = sourcecode.c.h; path = ORMMALocalServer.h; sourceTree = "<group>"; };
		B9BDC64A13C7DA2400403F5A /* ORMMALocalServer.m */ = {isa = PBXFileReference; fileEncoding = 4; lastKnownFileType = sourcecode.c.objc; path = ORMMALocalServer.m; sourceTree = "<group>"; };
		B9BDC64C13C7DA2400403F5A /* ORMMADataAccessLayer.h */ = {isa = PBXFileReference; fileEncoding = 4; lastKnownFileType = sourcecode.c.h; path = ORMMADataAccessLayer.h; sourceTree = "<group>"; };
		B9BDC64D13C7DA2400403F5A /* ORMMADataAccessLayer.m */ = {isa = PBXFileReference; fileEncoding = 4; lastKnownFileType = sourcecode.c.objc; path = ORMMADataAccessLayer.m; sourceTree = "<group>"; };
		B9BDC64E13C7DA2400403F5A /* ORMMAStoreAndForwardRequest.h */ = {isa = PBXFileReference; fileEncoding = 4; lastKnownFileType = sourcecode.c.h; path = ORMMAStoreAndForwardRequest.h; sourceTree = "<group>"; };
		B9BDC64F13C7DA2400403F5A /* ORMMAStoreAndForwardRequest.m */ = {isa = PBXFileReference; fileEncoding = 4; lastKnownFileType = sourcecode.c.objc; path = ORMMAStoreAndForwardRequest.m; sourceTree = "<group>"; };
		B9BDC65113C7DA2400403F5A /* ORMMAJavascriptBridge.h */ = {isa = PBXFileReference; fileEncoding = 4; lastKnownFileType = sourcecode.c.h; path = ORMMAJavascriptBridge.h; sourceTree = "<group>"; };
		B9BDC65213C7DA2400403F5A /* ORMMAJavascriptBridge.m */ = {isa = PBXFileReference; fileEncoding = 4; lastKnownFileType = sourcecode.c.objc; path = ORMMAJavascriptBridge.m; sourceTree = "<group>"; };
		B9BDC65413C7DA2400403F5A /* UIDevice-ORMMA.h */ = {isa = PBXFileReference; fileEncoding = 4; lastKnownFileType = sourcecode.c.h; path = "UIDevice-ORMMA.h"; sourceTree = "<group>"; };
		B9BDC65513C7DA2400403F5A /* UIDevice-ORMMA.m */ = {isa = PBXFileReference; fileEncoding = 4; lastKnownFileType = sourcecode.c.objc; path = "UIDevice-ORMMA.m"; sourceTree = "<group>"; };
		B9BDC65613C7DA2400403F5A /* UIWebView-ORMMA.h */ = {isa = PBXFileReference; fileEncoding = 4; lastKnownFileType = sourcecode.c.h; path = "UIWebView-ORMMA.h"; sourceTree = "<group>"; };
		B9BDC65713C7DA2400403F5A /* UIWebView-ORMMA.m */ = {isa = PBXFileReference; fileEncoding = 4; lastKnownFileType = sourcecode.c.objc; path = "UIWebView-ORMMA.m"; sourceTree = "<group>"; };
		B9DD97C113B2C25D001559F7 /* MPAdManager+MPAdaptersPrivate.h */ = {isa = PBXFileReference; fileEncoding = 4; lastKnownFileType = sourcecode.c.h; name = "MPAdManager+MPAdaptersPrivate.h"; path = "../MoPubTests/MPAdManager+MPAdaptersPrivate.h"; sourceTree = SOURCE_ROOT; };
		B9DD97C213B2C25D001559F7 /* MPAdManager+MPAdView+InterstitialPrivate.h */ = {isa = PBXFileReference; fileEncoding = 4; lastKnownFileType = sourcecode.c.h; name = "MPAdManager+MPAdView+InterstitialPrivate.h"; path = "../MoPubTests/MPAdManager+MPAdView+InterstitialPrivate.h"; sourceTree = SOURCE_ROOT; };
		B9DD97C313B2C25D001559F7 /* MPAdManager+MPAdView+TestsPrivate.h */ = {isa = PBXFileReference; fileEncoding = 4; lastKnownFileType = sourcecode.c.h; name = "MPAdManager+MPAdView+TestsPrivate.h"; path = "../MoPubTests/MPAdManager+MPAdView+TestsPrivate.h"; sourceTree = SOURCE_ROOT; };
		B9DD97C413B2C25D001559F7 /* MPAdView+MPAdManagerPrivate.h */ = {isa = PBXFileReference; fileEncoding = 4; lastKnownFileType = sourcecode.c.h; name = "MPAdView+MPAdManagerPrivate.h"; path = "../MoPubTests/MPAdView+MPAdManagerPrivate.h"; sourceTree = SOURCE_ROOT; };
		B9DD97C513B2C25D001559F7 /* MPAdManager.h */ = {isa = PBXFileReference; fileEncoding = 4; lastKnownFileType = sourcecode.c.h; path = MPAdManager.h; sourceTree = "<group>"; };
		B9DD97C613B2C25D001559F7 /* MPAdManager.m */ = {isa = PBXFileReference; fileEncoding = 4; lastKnownFileType = sourcecode.c.objc; path = MPAdManager.m; sourceTree = "<group>"; };
		B9EC581C13C7A83300E26C82 /* MediaPlayer.framework */ = {isa = PBXFileReference; lastKnownFileType = wrapper.framework; name = MediaPlayer.framework; path = System/Library/Frameworks/MediaPlayer.framework; sourceTree = SDKROOT; };
/* End PBXFileReference section */

/* Begin PBXFrameworksBuildPhase section */
		1D60588F0D05DD3D006BFB54 /* Frameworks */ = {
			isa = PBXFrameworksBuildPhase;
			buildActionMask = 2147483647;
			files = (
				1D60589F0D05DD5A006BFB54 /* Foundation.framework in Frameworks */,
				288765A50DF7441C002DB57D /* CoreGraphics.framework in Frameworks */,
				3C06392C130517E900D7EB70 /* StoreKit.framework in Frameworks */,
				3C063A0313051B6D00D7EB70 /* UIKit.framework in Frameworks */,
				3C83C7241308151700CD306C /* CoreLocation.framework in Frameworks */,
				3C83C7451308184D00CD306C /* iAd.framework in Frameworks */,
				B952308913BE9366008477A9 /* MessageUI.framework in Frameworks */,
				B905693613C3E61D00253780 /* CFNetwork.framework in Frameworks */,
				B905693713C3E61E00253780 /* CoreFoundation.framework in Frameworks */,
				B905693813C3E61E00253780 /* CoreMotion.framework in Frameworks */,
				B905693913C3E61E00253780 /* EventKit.framework in Frameworks */,
				B905693A13C3E61E00253780 /* EventKitUI.framework in Frameworks */,
				B905693B13C3E61E00253780 /* MobileCoreServices.framework in Frameworks */,
				B905693C13C3E61E00253780 /* QuartzCore.framework in Frameworks */,
				B905693D13C3E61E00253780 /* SystemConfiguration.framework in Frameworks */,
				B905694613C3E67200253780 /* libsqlite3.0.dylib in Frameworks */,
				B905694713C3E67200253780 /* libz.dylib in Frameworks */,
				B90569D113C3F21B00253780 /* Security.framework in Frameworks */,
				B9EC581D13C7A83300E26C82 /* MediaPlayer.framework in Frameworks */,
				B96B8EB413C7D37200532E58 /* MapKit.framework in Frameworks */,
				B9BDC5DE13C7D91F00403F5A /* libORMMA.a in Frameworks */,
			);
			runOnlyForDeploymentPostprocessing = 0;
		};
/* End PBXFrameworksBuildPhase section */

/* Begin PBXGroup section */
		080E96DDFE201D6D7F000001 /* Classes */ = {
			isa = PBXGroup;
			children = (
				3CC4D7761264DC6800212F16 /* SecondViewController.m */,
				3CC4D7751264DC6700212F16 /* SecondViewController.h */,
				1D3623240D0F684500981E51 /* SimpleAdsAppDelegate.h */,
				1D3623250D0F684500981E51 /* SimpleAdsAppDelegate.m */,
				28D7ACF60DDB3853001CB0EB /* SimpleAdsViewController.h */,
				28D7ACF70DDB3853001CB0EB /* SimpleAdsViewController.m */,
				3CA858E612FB8C1A00967C3F /* WelcomeViewController.h */,
				3CA858E712FB8C1A00967C3F /* WelcomeViewController.m */,
				3CA8591612FB93C300967C3F /* InterstitialViewController.h */,
				3CA8591712FB93C300967C3F /* InterstitialViewController.m */,
				3CA8595312FC833600967C3F /* PerformanceViewController.h */,
				3CA8595412FC833600967C3F /* PerformanceViewController.m */,
			);
			path = Classes;
			sourceTree = "<group>";
		};
		19C28FACFE9D520D11CA2CBB /* Products */ = {
			isa = PBXGroup;
			children = (
				1D6058910D05DD3D006BFB54 /* MoPub.app */,
			);
			name = Products;
			sourceTree = "<group>";
		};
		29B97314FDCFA39411CA2CEA /* CustomTemplate */ = {
			isa = PBXGroup;
			children = (
				3C8790DF1344ED8600462D08 /* MoPubNetworkAdapters */,
				3C83C6471308146000CD306C /* MoPubSDK */,
				3C0638391305113500D7EB70 /* Libraries */,
				080E96DDFE201D6D7F000001 /* Classes */,
				29B97315FDCFA39411CA2CEA /* Other Sources */,
				29B97317FDCFA39411CA2CEA /* Resources-iPhone */,
				29B97323FDCFA39411CA2CEA /* Frameworks */,
				19C28FACFE9D520D11CA2CBB /* Products */,
			);
			name = CustomTemplate;
			sourceTree = "<group>";
		};
		29B97315FDCFA39411CA2CEA /* Other Sources */ = {
			isa = PBXGroup;
			children = (
				29B97316FDCFA39411CA2CEA /* main.m */,
			);
			name = "Other Sources";
			sourceTree = "<group>";
		};
		29B97317FDCFA39411CA2CEA /* Resources-iPhone */ = {
			isa = PBXGroup;
			children = (
				3CABE6DA1300B82A00887B75 /* 300x250spacer.png */,
				3CABE6C11300AFFB00887B75 /* Icon.png */,
				3CABE6C21300AFFB00887B75 /* Icon@2x.png */,
				3CA8591812FB93C300967C3F /* InterstitialViewController.xib */,
				3CA8595512FC833600967C3F /* PerformanceViewController.xib */,
				3CA858FB12FB8E7900967C3F /* Default.png */,
				3CA858FC12FB8E7900967C3F /* Default@2x.png */,
				3CC4D7771264DC6800212F16 /* SecondViewController.xib */,
				3CB4A0F0113F5E75000DB158 /* MainWindow.xib */,
				3CB4A0F1113F5E75000DB158 /* SimpleAdsViewController.xib */,
				3CA858E812FB8C1A00967C3F /* WelcomeViewController.xib */,
				3CA8587212FB85AC00967C3F /* square-mopub.png */,
				8D1107310486CEB800E47090 /* SimpleAds-Info.plist */,
			);
			name = "Resources-iPhone";
			sourceTree = "<group>";
		};
		29B97323FDCFA39411CA2CEA /* Frameworks */ = {
			isa = PBXGroup;
			children = (
				B905694413C3E67200253780 /* libsqlite3.0.dylib */,
				B905694513C3E67200253780 /* libz.dylib */,
				B96B8EB313C7D37200532E58 /* MapKit.framework */,
				B9EC581C13C7A83300E26C82 /* MediaPlayer.framework */,
				B90569D013C3F21B00253780 /* Security.framework */,
				B905692E13C3E61D00253780 /* CFNetwork.framework */,
				B905692F13C3E61D00253780 /* CoreFoundation.framework */,
				B905693013C3E61D00253780 /* CoreMotion.framework */,
				B905693113C3E61D00253780 /* EventKit.framework */,
				B905693213C3E61D00253780 /* EventKitUI.framework */,
				B905693313C3E61D00253780 /* MobileCoreServices.framework */,
				B905693413C3E61D00253780 /* QuartzCore.framework */,
				B905693513C3E61D00253780 /* SystemConfiguration.framework */,
				B952308813BE9366008477A9 /* MessageUI.framework */,
				1D30AB110D05D00D00671497 /* Foundation.framework */,
				288765A40DF7441C002DB57D /* CoreGraphics.framework */,
				3C06392B130517E900D7EB70 /* StoreKit.framework */,
				3C063A0213051B6D00D7EB70 /* UIKit.framework */,
				3C83C7231308151700CD306C /* CoreLocation.framework */,
				3C83C7441308184D00CD306C /* iAd.framework */,
			);
			name = Frameworks;
			sourceTree = "<group>";
		};
		3C0638391305113500D7EB70 /* Libraries */ = {
			isa = PBXGroup;
			children = (
				3C06383A1305113500D7EB70 /* TouchJSON */,
			);
			name = Libraries;
			sourceTree = "<group>";
		};
		3C06383A1305113500D7EB70 /* TouchJSON */ = {
			isa = PBXGroup;
			children = (
				3C06383B1305113500D7EB70 /* CDataScanner.h */,
				3C06383C1305113500D7EB70 /* CDataScanner.m */,
				3C06383D1305113500D7EB70 /* Experimental */,
				3C0638441305113500D7EB70 /* Extensions */,
				3C0638491305113500D7EB70 /* JSON */,
			);
			path = TouchJSON;
			sourceTree = "<group>";
		};
		3C06383D1305113500D7EB70 /* Experimental */ = {
			isa = PBXGroup;
			children = (
				3C06383E1305113500D7EB70 /* CFilteringJSONSerializer.h */,
				3C06383F1305113500D7EB70 /* CFilteringJSONSerializer.m */,
				3C0638401305113500D7EB70 /* CJSONDeserializer_BlocksExtensions.h */,
				3C0638411305113500D7EB70 /* CJSONDeserializer_BlocksExtensions.m */,
				3C0638421305113500D7EB70 /* CJSONSerializedData.h */,
				3C0638431305113500D7EB70 /* CJSONSerializedData.m */,
			);
			path = Experimental;
			sourceTree = "<group>";
		};
		3C0638441305113500D7EB70 /* Extensions */ = {
			isa = PBXGroup;
			children = (
				3C0638451305113500D7EB70 /* CDataScanner_Extensions.h */,
				3C0638461305113500D7EB70 /* CDataScanner_Extensions.m */,
				3C0638471305113500D7EB70 /* NSDictionary_JSONExtensions.h */,
				3C0638481305113500D7EB70 /* NSDictionary_JSONExtensions.m */,
			);
			path = Extensions;
			sourceTree = "<group>";
		};
		3C0638491305113500D7EB70 /* JSON */ = {
			isa = PBXGroup;
			children = (
				3C06384A1305113500D7EB70 /* CJSONDeserializer.h */,
				3C06384B1305113500D7EB70 /* CJSONDeserializer.m */,
				3C06384C1305113500D7EB70 /* CJSONScanner.h */,
				3C06384D1305113500D7EB70 /* CJSONScanner.m */,
				3C06384E1305113500D7EB70 /* CJSONSerializer.h */,
				3C06384F1305113500D7EB70 /* CJSONSerializer.m */,
				3C0638501305113500D7EB70 /* JSONRepresentation.h */,
			);
			path = JSON;
			sourceTree = "<group>";
		};
		3C83C6471308146000CD306C /* MoPubSDK */ = {
			isa = PBXGroup;
			children = (
				B9BDC5DC13C7D90700403F5A /* ORMMA */,
				3C94E561135757900078FE9E /* MPAdBrowserController.xib */,
				3C83C64E1308146000CD306C /* MPAdView.h */,
				3C83C64F1308146000CD306C /* MPAdView.m */,
				A8065E891326769E00C147DC /* MPTimer.h */,
				A8065E8A1326769E00C147DC /* MPTimer.m */,
				A7424EE21381909900FED855 /* MPBaseInterstitialAdapter.h */,
				A7424EE31381909900FED855 /* MPBaseInterstitialAdapter.m */,
				A7936B2D1381A0F0002E21AB /* MPInterstitialAdapter.h */,
				A7936B2E1381A0F0002E21AB /* MPInterstitialAdapter.m */,
				3C83C6561308146000CD306C /* MPInterstitialAdController.h */,
				3C83C6571308146000CD306C /* MPInterstitialAdController.m */,
				3C83C64A1308146000CD306C /* MPAdBrowserController.h */,
				3C83C64B1308146000CD306C /* MPAdBrowserController.m */,
				B9DD97C513B2C25D001559F7 /* MPAdManager.h */,
				B9DD97C613B2C25D001559F7 /* MPAdManager.m */,
				B9DD97C013B2C25D001559F7 /* Private Interfaces */,
				3C83C6531308146000CD306C /* MPConstants.h */,
				3C83C6581308146000CD306C /* MPLogging.h */,
				3C83C6591308146000CD306C /* MPLogging.m */,
				3C83C64C1308146000CD306C /* MPAdConversionTracker.h */,
				3C83C64D1308146000CD306C /* MPAdConversionTracker.m */,
				3C83C65A1308146000CD306C /* MPStore.h */,
				3C83C65B1308146000CD306C /* MPStore.m */,
				3C83C6501308146000CD306C /* MPBaseAdapter.h */,
				3C83C6511308146000CD306C /* MPBaseAdapter.m */,
				3C83C6541308146000CD306C /* MPCustomEventAdapter.h */,
				3C83C6551308146000CD306C /* MPCustomEventAdapter.m */,
				3C83C6481308146000CD306C /* MPAdapterMap.h */,
				3C83C6491308146000CD306C /* MPAdapterMap.m */,
				A77155311373282E00069B34 /* MPGlobal.h */,
				A77155321373282E00069B34 /* MPGlobal.m */,
				A7F12BB31373689E008ECC4E /* MPCloseButtonX.png */,
				A7F12BB41373689E008ECC4E /* MPCloseButtonX@2x.png */,
			);
			name = MoPubSDK;
			path = ../MoPubSDK;
			sourceTree = SOURCE_ROOT;
		};
		3C8790DF1344ED8600462D08 /* MoPubNetworkAdapters */ = {
			isa = PBXGroup;
			children = (
				3C8790E21344ED8600462D08 /* MPIAdAdapter.h */,
				3C8790E31344ED8600462D08 /* MPIAdAdapter.m */,
				B99DE0DB13C793D000E55E75 /* MPORMMAAdapter.h */,
				B99DE0DC13C793D000E55E75 /* MPORMMAAdapter.m */,
			);
			name = MoPubNetworkAdapters;
			path = ../extras/MoPubNetworkAdapters;
			sourceTree = SOURCE_ROOT;
		};
		B9BDC5DC13C7D90700403F5A /* ORMMA */ = {
			isa = PBXGroup;
			children = (
				B9BDC63813C7D9EF00403F5A /* Public */,
				B9BDC64513C7DA2400403F5A /* Private */,
				B9BDC5E013C7D99100403F5A /* Third Party */,
				B9BDC5DD13C7D91F00403F5A /* libORMMA.a */,
				B9BDC63513C7D99F00403F5A /* ORMMA.bundle */,
			);
			name = ORMMA;
			sourceTree = "<group>";
		};
		B9BDC5E013C7D99100403F5A /* Third Party */ = {
			isa = PBXGroup;
			children = (
				B9BDC5E113C7D99100403F5A /* ASI HTTP Request */,
				B9BDC5F513C7D99100403F5A /* Cocoa HTTP Server */,
				B9BDC60F13C7D99100403F5A /* Erica Sadun */,
				B9BDC61413C7D99100403F5A /* FMDB */,
			);
			path = "Third Party";
			sourceTree = "<group>";
		};
		B9BDC5E113C7D99100403F5A /* ASI HTTP Request */ = {
			isa = PBXGroup;
			children = (
				B9BDC5E213C7D99100403F5A /* ASI Http Request - LICENSE */,
				B9BDC5E313C7D99100403F5A /* ASIAuthenticationDialog.h */,
				B9BDC5E413C7D99100403F5A /* ASIAuthenticationDialog.m */,
				B9BDC5E513C7D99100403F5A /* ASICacheDelegate.h */,
				B9BDC5E613C7D99100403F5A /* ASIDownloadCache.h */,
				B9BDC5E713C7D99100403F5A /* ASIDownloadCache.m */,
				B9BDC5E813C7D99100403F5A /* ASIFormDataRequest.h */,
				B9BDC5E913C7D99100403F5A /* ASIFormDataRequest.m */,
				B9BDC5EA13C7D99100403F5A /* ASIHTTPRequest.h */,
				B9BDC5EB13C7D99100403F5A /* ASIHTTPRequest.m */,
				B9BDC5EC13C7D99100403F5A /* ASIHTTPRequestConfig.h */,
				B9BDC5ED13C7D99100403F5A /* ASIHTTPRequestDelegate.h */,
				B9BDC5EE13C7D99100403F5A /* ASIInputStream.h */,
				B9BDC5EF13C7D99100403F5A /* ASIInputStream.m */,
				B9BDC5F013C7D99100403F5A /* ASINetworkQueue.h */,
				B9BDC5F113C7D99100403F5A /* ASINetworkQueue.m */,
				B9BDC5F213C7D99100403F5A /* ASIProgressDelegate.h */,
				B9BDC5F313C7D99100403F5A /* Reachability.h */,
				B9BDC5F413C7D99100403F5A /* Reachability.m */,
			);
			path = "ASI HTTP Request";
			sourceTree = "<group>";
		};
		B9BDC5F513C7D99100403F5A /* Cocoa HTTP Server */ = {
			isa = PBXGroup;
			children = (
				B9BDC5F613C7D99100403F5A /* AsyncSocket.h */,
				B9BDC5F713C7D99100403F5A /* AsyncSocket.m */,
				B9BDC5F813C7D99100403F5A /* DDData.h */,
				B9BDC5F913C7D99100403F5A /* DDData.m */,
				B9BDC5FA13C7D99100403F5A /* DDNumber.h */,
				B9BDC5FB13C7D99100403F5A /* DDNumber.m */,
				B9BDC5FC13C7D99100403F5A /* DDRange.h */,
				B9BDC5FD13C7D99100403F5A /* DDRange.m */,
				B9BDC5FE13C7D99100403F5A /* HTTPAsyncFileResponse.h */,
				B9BDC5FF13C7D99100403F5A /* HTTPAsyncFileResponse.m */,
				B9BDC60013C7D99100403F5A /* HTTPAuthenticationRequest.h */,
				B9BDC60113C7D99100403F5A /* HTTPAuthenticationRequest.m */,
				B9BDC60213C7D99100403F5A /* HTTPConnection.h */,
				B9BDC60313C7D99100403F5A /* HTTPConnection.m */,
				B9BDC60413C7D99100403F5A /* HTTPDynamicFileResponse.h */,
				B9BDC60513C7D99100403F5A /* HTTPDynamicFileResponse.m */,
				B9BDC60613C7D99100403F5A /* HTTPResponse.h */,
				B9BDC60713C7D99100403F5A /* HTTPResponse.m */,
				B9BDC60813C7D99100403F5A /* HTTPServer.h */,
				B9BDC60913C7D99100403F5A /* HTTPServer.m */,
				B9BDC60A13C7D99100403F5A /* LICENSE.txt */,
				B9BDC60B13C7D99100403F5A /* SSCrypto.h */,
				B9BDC60C13C7D99100403F5A /* SSCrypto.m */,
				B9BDC60D13C7D99100403F5A /* WebSocket.h */,
				B9BDC60E13C7D99100403F5A /* WebSocket.m */,
			);
			path = "Cocoa HTTP Server";
			sourceTree = "<group>";
		};
		B9BDC60F13C7D99100403F5A /* Erica Sadun */ = {
			isa = PBXGroup;
			children = (
				B9BDC61013C7D99100403F5A /* UIColor-Expanded.h */,
				B9BDC61113C7D99100403F5A /* UIColor-Expanded.m */,
				B9BDC61213C7D99100403F5A /* UIDevice-Hardware.h */,
				B9BDC61313C7D99100403F5A /* UIDevice-Hardware.m */,
			);
			path = "Erica Sadun";
			sourceTree = "<group>";
		};
		B9BDC61413C7D99100403F5A /* FMDB */ = {
			isa = PBXGroup;
			children = (
				B9BDC61513C7D99100403F5A /* FMDatabase.h */,
				B9BDC61613C7D99100403F5A /* FMDatabase.m */,
				B9BDC61713C7D99100403F5A /* FMDatabaseAdditions.h */,
				B9BDC61813C7D99100403F5A /* FMDatabaseAdditions.m */,
				B9BDC61913C7D99100403F5A /* FMResultSet.h */,
				B9BDC61A13C7D99100403F5A /* FMResultSet.m */,
			);
			path = FMDB;
			sourceTree = "<group>";
		};
		B9BDC63813C7D9EF00403F5A /* Public */ = {
			isa = PBXGroup;
			children = (
				B9BDC63913C7D9EF00403F5A /* ORMMAAVPlayer.h */,
				B9BDC63A13C7D9EF00403F5A /* ORMMAAVPlayer.m */,
				B9BDC63B13C7D9EF00403F5A /* ORMMAView.h */,
				B9BDC63C13C7D9EF00403F5A /* ORMMAView.m */,
				B9BDC63D13C7D9EF00403F5A /* Web Browser */,
			);
			path = Public;
			sourceTree = "<group>";
		};
		B9BDC63D13C7D9EF00403F5A /* Web Browser */ = {
			isa = PBXGroup;
			children = (
				B9BDC63E13C7D9EF00403F5A /* ORMMAWebBrowserViewController.h */,
				B9BDC63F13C7D9EF00403F5A /* ORMMAWebBrowserViewController.m */,
				B9BDC64013C7D9EF00403F5A /* ORMMAWebBrowserViewController.xib */,
			);
			path = "Web Browser";
			sourceTree = "<group>";
		};
		B9BDC64513C7DA2400403F5A /* Private */ = {
			isa = PBXGroup;
			children = (
				B9BDC64613C7DA2400403F5A /* Cache Implementations */,
				B9BDC64B13C7DA2400403F5A /* Data Model */,
				B9BDC65013C7DA2400403F5A /* Javascript Bridge */,
				B9BDC65313C7DA2400403F5A /* Utility */,
			);
			path = Private;
			sourceTree = "<group>";
		};
		B9BDC64613C7DA2400403F5A /* Cache Implementations */ = {
			isa = PBXGroup;
			children = (
				B9BDC64713C7DA2400403F5A /* FileSystemCache.h */,
				B9BDC64813C7DA2400403F5A /* FileSystemCache.m */,
				B9BDC64913C7DA2400403F5A /* ORMMALocalServer.h */,
				B9BDC64A13C7DA2400403F5A /* ORMMALocalServer.m */,
			);
			path = "Cache Implementations";
			sourceTree = "<group>";
		};
		B9BDC64B13C7DA2400403F5A /* Data Model */ = {
			isa = PBXGroup;
			children = (
				B9BDC64C13C7DA2400403F5A /* ORMMADataAccessLayer.h */,
				B9BDC64D13C7DA2400403F5A /* ORMMADataAccessLayer.m */,
				B9BDC64E13C7DA2400403F5A /* ORMMAStoreAndForwardRequest.h */,
				B9BDC64F13C7DA2400403F5A /* ORMMAStoreAndForwardRequest.m */,
			);
			path = "Data Model";
			sourceTree = "<group>";
		};
		B9BDC65013C7DA2400403F5A /* Javascript Bridge */ = {
			isa = PBXGroup;
			children = (
				B9BDC65113C7DA2400403F5A /* ORMMAJavascriptBridge.h */,
				B9BDC65213C7DA2400403F5A /* ORMMAJavascriptBridge.m */,
			);
			path = "Javascript Bridge";
			sourceTree = "<group>";
		};
		B9BDC65313C7DA2400403F5A /* Utility */ = {
			isa = PBXGroup;
			children = (
				B9BDC65413C7DA2400403F5A /* UIDevice-ORMMA.h */,
				B9BDC65513C7DA2400403F5A /* UIDevice-ORMMA.m */,
				B9BDC65613C7DA2400403F5A /* UIWebView-ORMMA.h */,
				B9BDC65713C7DA2400403F5A /* UIWebView-ORMMA.m */,
			);
			path = Utility;
			sourceTree = "<group>";
		};
		B9DD97C013B2C25D001559F7 /* Private Interfaces */ = {
			isa = PBXGroup;
			children = (
				B9DD97C113B2C25D001559F7 /* MPAdManager+MPAdaptersPrivate.h */,
				B9DD97C213B2C25D001559F7 /* MPAdManager+MPAdView+InterstitialPrivate.h */,
				B9DD97C313B2C25D001559F7 /* MPAdManager+MPAdView+TestsPrivate.h */,
				B9DD97C413B2C25D001559F7 /* MPAdView+MPAdManagerPrivate.h */,
			);
			name = "Private Interfaces";
			path = "../../../../../../$(SOURCE_ROOT)";
			sourceTree = SOURCE_ROOT;
		};
/* End PBXGroup section */

/* Begin PBXNativeTarget section */
		1D6058900D05DD3D006BFB54 /* MoPub */ = {
			isa = PBXNativeTarget;
			buildConfigurationList = 1D6058960D05DD3E006BFB54 /* Build configuration list for PBXNativeTarget "MoPub" */;
			buildPhases = (
				1D60588D0D05DD3D006BFB54 /* Resources */,
				1D60588E0D05DD3D006BFB54 /* Sources */,
				1D60588F0D05DD3D006BFB54 /* Frameworks */,
			);
			buildRules = (
			);
			dependencies = (
				B992E81913C3D3BF00C61934 /* PBXTargetDependency */,
			);
			name = MoPub;
			productName = SimpleAds;
			productReference = 1D6058910D05DD3D006BFB54 /* MoPub.app */;
			productType = "com.apple.product-type.application";
		};
/* End PBXNativeTarget section */

/* Begin PBXProject section */
		29B97313FDCFA39411CA2CEA /* Project object */ = {
			isa = PBXProject;
			buildConfigurationList = C01FCF4E08A954540054247B /* Build configuration list for PBXProject "SimpleAds" */;
			compatibilityVersion = "Xcode 3.1";
			developmentRegion = English;
			hasScannedForEncodings = 1;
			knownRegions = (
				English,
				Japanese,
				French,
				German,
			);
			mainGroup = 29B97314FDCFA39411CA2CEA /* CustomTemplate */;
			projectDirPath = "";
			projectRoot = "";
			targets = (
				1D6058900D05DD3D006BFB54 /* MoPub */,
			);
		};
/* End PBXProject section */

/* Begin PBXResourcesBuildPhase section */
		1D60588D0D05DD3D006BFB54 /* Resources */ = {
			isa = PBXResourcesBuildPhase;
			buildActionMask = 2147483647;
			files = (
				3CB4A0F2113F5E75000DB158 /* MainWindow.xib in Resources */,
				3CB4A0F3113F5E75000DB158 /* SimpleAdsViewController.xib in Resources */,
				3CC4D7791264DC6800212F16 /* SecondViewController.xib in Resources */,
				3CA8587312FB85AC00967C3F /* square-mopub.png in Resources */,
				3CA858EA12FB8C1A00967C3F /* WelcomeViewController.xib in Resources */,
				3CA858FD12FB8E7900967C3F /* Default.png in Resources */,
				3CA858FE12FB8E7900967C3F /* Default@2x.png in Resources */,
				3CA8591A12FB93C300967C3F /* InterstitialViewController.xib in Resources */,
				3CA8595712FC833600967C3F /* PerformanceViewController.xib in Resources */,
				3CABE6C31300AFFB00887B75 /* Icon.png in Resources */,
				3CABE6C41300AFFB00887B75 /* Icon@2x.png in Resources */,
				3CABE6DB1300B82A00887B75 /* 300x250spacer.png in Resources */,
				3C94E562135757900078FE9E /* MPAdBrowserController.xib in Resources */,
				A7F12BB51373689E008ECC4E /* MPCloseButtonX.png in Resources */,
				A7F12BB61373689E008ECC4E /* MPCloseButtonX@2x.png in Resources */,
				B9BDC61B13C7D99100403F5A /* ASI Http Request - LICENSE in Resources */,
				B9BDC62D13C7D99100403F5A /* LICENSE.txt in Resources */,
				B9BDC63613C7D99F00403F5A /* ORMMA.bundle in Resources */,
				B9BDC64413C7D9EF00403F5A /* ORMMAWebBrowserViewController.xib in Resources */,
			);
			runOnlyForDeploymentPostprocessing = 0;
		};
/* End PBXResourcesBuildPhase section */

/* Begin PBXSourcesBuildPhase section */
		1D60588E0D05DD3D006BFB54 /* Sources */ = {
			isa = PBXSourcesBuildPhase;
			buildActionMask = 2147483647;
			files = (
				1D60589B0D05DD56006BFB54 /* main.m in Sources */,
				1D3623260D0F684500981E51 /* SimpleAdsAppDelegate.m in Sources */,
				28D7ACF80DDB3853001CB0EB /* SimpleAdsViewController.m in Sources */,
				3CA858E912FB8C1A00967C3F /* WelcomeViewController.m in Sources */,
				3CA8591912FB93C300967C3F /* InterstitialViewController.m in Sources */,
				3CA8595612FC833600967C3F /* PerformanceViewController.m in Sources */,
				3C0638511305113500D7EB70 /* CDataScanner.m in Sources */,
				3C0638521305113500D7EB70 /* CFilteringJSONSerializer.m in Sources */,
				3C0638531305113500D7EB70 /* CJSONDeserializer_BlocksExtensions.m in Sources */,
				3C0638541305113500D7EB70 /* CJSONSerializedData.m in Sources */,
				3C0638551305113500D7EB70 /* CDataScanner_Extensions.m in Sources */,
				3C0638561305113500D7EB70 /* NSDictionary_JSONExtensions.m in Sources */,
				3C0638571305113500D7EB70 /* CJSONDeserializer.m in Sources */,
				3C0638581305113500D7EB70 /* CJSONScanner.m in Sources */,
				3C0638591305113500D7EB70 /* CJSONSerializer.m in Sources */,
				3C0639391305180B00D7EB70 /* SecondViewController.m in Sources */,
				3C83C65C1308146000CD306C /* MPAdapterMap.m in Sources */,
				3C83C65D1308146000CD306C /* MPAdBrowserController.m in Sources */,
				3C83C65E1308146000CD306C /* MPAdConversionTracker.m in Sources */,
				3C83C65F1308146000CD306C /* MPAdView.m in Sources */,
				3C83C6601308146000CD306C /* MPBaseAdapter.m in Sources */,
				3C83C6621308146000CD306C /* MPCustomEventAdapter.m in Sources */,
				3C83C6631308146000CD306C /* MPInterstitialAdController.m in Sources */,
				3C83C6641308146000CD306C /* MPLogging.m in Sources */,
				3C83C6651308146000CD306C /* MPStore.m in Sources */,
				A8065E8B1326769E00C147DC /* MPTimer.m in Sources */,
				3C8790E81344EF0800462D08 /* MPIAdAdapter.m in Sources */,
				A77155331373282E00069B34 /* MPGlobal.m in Sources */,
				A7424EE41381909900FED855 /* MPBaseInterstitialAdapter.m in Sources */,
				A7936B2F1381A0F0002E21AB /* MPInterstitialAdapter.m in Sources */,
				B9DD97C713B2C25D001559F7 /* MPAdManager.m in Sources */,
				B99DE0DD13C793D000E55E75 /* MPORMMAAdapter.m in Sources */,
				B9BDC61C13C7D99100403F5A /* ASIAuthenticationDialog.m in Sources */,
				B9BDC61D13C7D99100403F5A /* ASIDownloadCache.m in Sources */,
				B9BDC61E13C7D99100403F5A /* ASIFormDataRequest.m in Sources */,
				B9BDC61F13C7D99100403F5A /* ASIHTTPRequest.m in Sources */,
				B9BDC62013C7D99100403F5A /* ASIInputStream.m in Sources */,
				B9BDC62113C7D99100403F5A /* ASINetworkQueue.m in Sources */,
				B9BDC62213C7D99100403F5A /* Reachability.m in Sources */,
				B9BDC62313C7D99100403F5A /* AsyncSocket.m in Sources */,
				B9BDC62413C7D99100403F5A /* DDData.m in Sources */,
				B9BDC62513C7D99100403F5A /* DDNumber.m in Sources */,
				B9BDC62613C7D99100403F5A /* DDRange.m in Sources */,
				B9BDC62713C7D99100403F5A /* HTTPAsyncFileResponse.m in Sources */,
				B9BDC62813C7D99100403F5A /* HTTPAuthenticationRequest.m in Sources */,
				B9BDC62913C7D99100403F5A /* HTTPConnection.m in Sources */,
				B9BDC62A13C7D99100403F5A /* HTTPDynamicFileResponse.m in Sources */,
				B9BDC62B13C7D99100403F5A /* HTTPResponse.m in Sources */,
				B9BDC62C13C7D99100403F5A /* HTTPServer.m in Sources */,
				B9BDC62F13C7D99100403F5A /* WebSocket.m in Sources */,
				B9BDC63013C7D99100403F5A /* UIColor-Expanded.m in Sources */,
				B9BDC63113C7D99100403F5A /* UIDevice-Hardware.m in Sources */,
				B9BDC63213C7D99100403F5A /* FMDatabase.m in Sources */,
				B9BDC63313C7D99100403F5A /* FMDatabaseAdditions.m in Sources */,
				B9BDC63413C7D99100403F5A /* FMResultSet.m in Sources */,
				B9BDC64113C7D9EF00403F5A /* ORMMAAVPlayer.m in Sources */,
				B9BDC64213C7D9EF00403F5A /* ORMMAView.m in Sources */,
				B9BDC64313C7D9EF00403F5A /* ORMMAWebBrowserViewController.m in Sources */,
				B9BDC65813C7DA2400403F5A /* FileSystemCache.m in Sources */,
				B9BDC65913C7DA2400403F5A /* ORMMALocalServer.m in Sources */,
				B9BDC65A13C7DA2400403F5A /* ORMMADataAccessLayer.m in Sources */,
				B9BDC65B13C7DA2400403F5A /* ORMMAStoreAndForwardRequest.m in Sources */,
				B9BDC65C13C7DA2400403F5A /* ORMMAJavascriptBridge.m in Sources */,
				B9BDC65D13C7DA2400403F5A /* UIDevice-ORMMA.m in Sources */,
				B9BDC65E13C7DA2400403F5A /* UIWebView-ORMMA.m in Sources */,
			);
			runOnlyForDeploymentPostprocessing = 0;
		};
/* End PBXSourcesBuildPhase section */

/* Begin PBXTargetDependency section */
		B992E81913C3D3BF00C61934 /* PBXTargetDependency */ = {
			isa = PBXTargetDependency;
			targetProxy = B992E81813C3D3BF00C61934 /* PBXContainerItemProxy */;
		};
/* End PBXTargetDependency section */

/* Begin XCBuildConfiguration section */
		1D6058940D05DD3E006BFB54 /* Debug */ = {
			isa = XCBuildConfiguration;
			buildSettings = {
				ALWAYS_SEARCH_USER_PATHS = NO;
				COPY_PHASE_STRIP = NO;
				GCC_DYNAMIC_NO_PIC = NO;
				GCC_OPTIMIZATION_LEVEL = 0;
				GCC_PRECOMPILE_PREFIX_HEADER = YES;
				GCC_PREFIX_HEADER = SimpleAds_Prefix.pch;
				INFOPLIST_FILE = "SimpleAds-Info.plist";
				LIBRARY_SEARCH_PATHS = (
					"$(inherited)",
					"\"$(SRCROOT)/../MoPubSDK\"",
				);
				PRODUCT_NAME = MoPub;
				VALID_ARCHS = "armv6 armv7 i386";
			};
			name = Debug;
		};
		1D6058950D05DD3E006BFB54 /* Release */ = {
			isa = XCBuildConfiguration;
			buildSettings = {
				ALWAYS_SEARCH_USER_PATHS = NO;
				COPY_PHASE_STRIP = YES;
				GCC_PRECOMPILE_PREFIX_HEADER = YES;
				GCC_PREFIX_HEADER = SimpleAds_Prefix.pch;
				INFOPLIST_FILE = "SimpleAds-Info.plist";
				LIBRARY_SEARCH_PATHS = (
					"$(inherited)",
					"\"$(SRCROOT)/../MoPubSDK\"",
				);
				PRODUCT_NAME = MoPub;
				VALIDATE_PRODUCT = YES;
				VALID_ARCHS = "armv6 armv7 i386";
			};
			name = Release;
		};
		3C189CDD13284E040053DC1D /* Distribution */ = {
			isa = XCBuildConfiguration;
			buildSettings = {
				ARCHS = "$(ARCHS_STANDARD_32_BIT)";
				"CODE_SIGN_IDENTITY[sdk=iphoneos*]" = "iPhone Distribution";
				GCC_C_LANGUAGE_STANDARD = c99;
				GCC_WARN_ABOUT_RETURN_TYPE = YES;
				GCC_WARN_UNUSED_VARIABLE = YES;
				IPHONEOS_DEPLOYMENT_TARGET = 3.1;
				PREBINDING = NO;
				"PROVISIONING_PROFILE[sdk=iphoneos*]" = "";
				SDKROOT = iphoneos;
				VALID_ARCHS = "armv6 armv7 i386";
			};
			name = Distribution;
		};
		3C189CDE13284E040053DC1D /* Distribution */ = {
			isa = XCBuildConfiguration;
			buildSettings = {
				ALWAYS_SEARCH_USER_PATHS = NO;
				COPY_PHASE_STRIP = YES;
				GCC_PRECOMPILE_PREFIX_HEADER = YES;
				GCC_PREFIX_HEADER = SimpleAds_Prefix.pch;
				INFOPLIST_FILE = "SimpleAds-Info.plist";
				LIBRARY_SEARCH_PATHS = (
					"$(inherited)",
					"\"$(SRCROOT)/../MoPubSDK\"",
				);
				PRODUCT_NAME = MoPub;
				VALIDATE_PRODUCT = YES;
				VALID_ARCHS = "armv6 armv7 i386";
			};
			name = Distribution;
		};
		C01FCF4F08A954540054247B /* Debug */ = {
			isa = XCBuildConfiguration;
			buildSettings = {
				ARCHS = "$(ARCHS_STANDARD_32_BIT)";
				"CODE_SIGN_IDENTITY[sdk=iphoneos*]" = "iPhone Developer";
				GCC_C_LANGUAGE_STANDARD = c99;
				GCC_WARN_ABOUT_RETURN_TYPE = YES;
				GCC_WARN_UNUSED_VARIABLE = YES;
				IPHONEOS_DEPLOYMENT_TARGET = 3.1;
				OTHER_CFLAGS = "";
				PREBINDING = NO;
				"PROVISIONING_PROFILE[sdk=iphoneos*]" = "";
				SDKROOT = iphoneos;
				VALID_ARCHS = "armv6 armv7 i386";
			};
			name = Debug;
		};
		C01FCF5008A954540054247B /* Release */ = {
			isa = XCBuildConfiguration;
			buildSettings = {
				ARCHS = "$(ARCHS_STANDARD_32_BIT)";
				"CODE_SIGN_IDENTITY[sdk=iphoneos*]" = "iPhone Developer";
				GCC_C_LANGUAGE_STANDARD = c99;
				GCC_WARN_ABOUT_RETURN_TYPE = YES;
				GCC_WARN_UNUSED_VARIABLE = YES;
				IPHONEOS_DEPLOYMENT_TARGET = 3.1;
				PREBINDING = NO;
				"PROVISIONING_PROFILE[sdk=iphoneos*]" = "";
				SDKROOT = iphoneos;
				VALID_ARCHS = "armv6 armv7 i386";
			};
			name = Release;
		};
/* End XCBuildConfiguration section */

/* Begin XCConfigurationList section */
		1D6058960D05DD3E006BFB54 /* Build configuration list for PBXNativeTarget "MoPub" */ = {
			isa = XCConfigurationList;
			buildConfigurations = (
				1D6058940D05DD3E006BFB54 /* Debug */,
				1D6058950D05DD3E006BFB54 /* Release */,
				3C189CDE13284E040053DC1D /* Distribution */,
			);
			defaultConfigurationIsVisible = 0;
			defaultConfigurationName = Release;
		};
		C01FCF4E08A954540054247B /* Build configuration list for PBXProject "SimpleAds" */ = {
			isa = XCConfigurationList;
			buildConfigurations = (
				C01FCF4F08A954540054247B /* Debug */,
				C01FCF5008A954540054247B /* Release */,
				3C189CDD13284E040053DC1D /* Distribution */,
			);
			defaultConfigurationIsVisible = 0;
			defaultConfigurationName = Release;
		};
/* End XCConfigurationList section */
	};
	rootObject = 29B97313FDCFA39411CA2CEA /* Project object */;
}
