// !$*UTF8*$!
{
	archiveVersion = 1;
	classes = {
	};
	objectVersion = 46;
	objects = {

/* Begin PBXBuildFile section */
		1D60589F0D05DD5A006BFB54 /* Foundation.framework in Frameworks */ = {isa = PBXBuildFile; fileRef = 1D30AB110D05D00D00671497 /* Foundation.framework */; };
		1DF5F4E00D08C38300B7A737 /* UIKit.framework in Frameworks */ = {isa = PBXBuildFile; fileRef = 1DF5F4DF0D08C38300B7A737 /* UIKit.framework */; };
		288765FD0DF74451002DB57D /* CoreGraphics.framework in Frameworks */ = {isa = PBXBuildFile; fileRef = 288765FC0DF74451002DB57D /* CoreGraphics.framework */; };
		A71B8E3113A7188800E276BC /* OCMock.framework in Frameworks */ = {isa = PBXBuildFile; fileRef = A71B8E3013A7188800E276BC /* OCMock.framework */; };
		A71B902013A92B5D00E276BC /* MPAdapterMap.m in Sources */ = {isa = PBXBuildFile; fileRef = A71B900213A92B5D00E276BC /* MPAdapterMap.m */; };
		A71B902113A92B5D00E276BC /* MPAdBrowserController.m in Sources */ = {isa = PBXBuildFile; fileRef = A71B900413A92B5D00E276BC /* MPAdBrowserController.m */; };
		A71B902213A92B5D00E276BC /* MPAdBrowserController.xib in Resources */ = {isa = PBXBuildFile; fileRef = A71B900513A92B5D00E276BC /* MPAdBrowserController.xib */; };
		A71B902313A92B5D00E276BC /* MPAdConversionTracker.m in Sources */ = {isa = PBXBuildFile; fileRef = A71B900713A92B5D00E276BC /* MPAdConversionTracker.m */; };
		A71B902513A92B5D00E276BC /* MPBaseAdapter.m in Sources */ = {isa = PBXBuildFile; fileRef = A71B900C13A92B5D00E276BC /* MPBaseAdapter.m */; };
		A71B902613A92B5D00E276BC /* MPBaseInterstitialAdapter.m in Sources */ = {isa = PBXBuildFile; fileRef = A71B900E13A92B5D00E276BC /* MPBaseInterstitialAdapter.m */; };
		A71B902713A92B5D00E276BC /* MPCloseButtonX.png in Resources */ = {isa = PBXBuildFile; fileRef = A71B900F13A92B5D00E276BC /* MPCloseButtonX.png */; };
		A71B902813A92B5D00E276BC /* MPCloseButtonX@2x.png in Resources */ = {isa = PBXBuildFile; fileRef = A71B901013A92B5D00E276BC /* MPCloseButtonX@2x.png */; };
		A71B902913A92B5D00E276BC /* MPCustomEventAdapter.m in Sources */ = {isa = PBXBuildFile; fileRef = A71B901313A92B5D00E276BC /* MPCustomEventAdapter.m */; };
		A71B902A13A92B5D00E276BC /* MPGlobal.m in Sources */ = {isa = PBXBuildFile; fileRef = A71B901513A92B5D00E276BC /* MPGlobal.m */; };
		A71B902B13A92B5D00E276BC /* MPInterstitialAdapter.m in Sources */ = {isa = PBXBuildFile; fileRef = A71B901713A92B5D00E276BC /* MPInterstitialAdapter.m */; };
		A71B902C13A92B5D00E276BC /* MPInterstitialAdController.m in Sources */ = {isa = PBXBuildFile; fileRef = A71B901913A92B5D00E276BC /* MPInterstitialAdController.m */; };
		A71B902D13A92B5D00E276BC /* MPLogging.m in Sources */ = {isa = PBXBuildFile; fileRef = A71B901B13A92B5D00E276BC /* MPLogging.m */; };
		A71B902E13A92B5D00E276BC /* MPStore.m in Sources */ = {isa = PBXBuildFile; fileRef = A71B901D13A92B5D00E276BC /* MPStore.m */; };
		A71B902F13A92B5D00E276BC /* MPTimer.m in Sources */ = {isa = PBXBuildFile; fileRef = A71B901F13A92B5D00E276BC /* MPTimer.m */; };
		A71B905A13A92B7800E276BC /* CDataScanner.m in Sources */ = {isa = PBXBuildFile; fileRef = A71B904513A92B7800E276BC /* CDataScanner.m */; };
		A71B905B13A92B7800E276BC /* CFilteringJSONSerializer.m in Sources */ = {isa = PBXBuildFile; fileRef = A71B904813A92B7800E276BC /* CFilteringJSONSerializer.m */; };
		A71B905C13A92B7800E276BC /* CJSONDeserializer_BlocksExtensions.m in Sources */ = {isa = PBXBuildFile; fileRef = A71B904A13A92B7800E276BC /* CJSONDeserializer_BlocksExtensions.m */; };
		A71B905D13A92B7800E276BC /* CJSONSerializedData.m in Sources */ = {isa = PBXBuildFile; fileRef = A71B904C13A92B7800E276BC /* CJSONSerializedData.m */; };
		A71B905E13A92B7800E276BC /* CDataScanner_Extensions.m in Sources */ = {isa = PBXBuildFile; fileRef = A71B904F13A92B7800E276BC /* CDataScanner_Extensions.m */; };
		A71B905F13A92B7800E276BC /* NSDictionary_JSONExtensions.m in Sources */ = {isa = PBXBuildFile; fileRef = A71B905113A92B7800E276BC /* NSDictionary_JSONExtensions.m */; };
		A71B906013A92B7800E276BC /* CJSONDeserializer.m in Sources */ = {isa = PBXBuildFile; fileRef = A71B905413A92B7800E276BC /* CJSONDeserializer.m */; };
		A71B906113A92B7800E276BC /* CJSONScanner.m in Sources */ = {isa = PBXBuildFile; fileRef = A71B905613A92B7800E276BC /* CJSONScanner.m */; };
		A71B906213A92B7800E276BC /* CJSONSerializer.m in Sources */ = {isa = PBXBuildFile; fileRef = A71B905813A92B7800E276BC /* CJSONSerializer.m */; };
		A7519B3213A696E6006C0DAE /* GHUnitIOSTestMain.m in Sources */ = {isa = PBXBuildFile; fileRef = A7519B3113A696E6006C0DAE /* GHUnitIOSTestMain.m */; };
		A7519B9C13A699BC006C0DAE /* StoreKit.framework in Frameworks */ = {isa = PBXBuildFile; fileRef = A7519B9B13A699BC006C0DAE /* StoreKit.framework */; };
		A7519BE913A6C9F3006C0DAE /* iAd.framework in Frameworks */ = {isa = PBXBuildFile; fileRef = A7519BE813A6C9F3006C0DAE /* iAd.framework */; settings = {ATTRIBUTES = (Weak, ); }; };
		B95CD1E313B2A46C006B1C35 /* MPIAdAdapter.m in Sources */ = {isa = PBXBuildFile; fileRef = CBCB106913B00D9000048E23 /* MPIAdAdapter.m */; };
		B99F46B913CCD0CF00BEE324 /* MPORMMAAdapter.m in Sources */ = {isa = PBXBuildFile; fileRef = B99F46B813CCD0CF00BEE324 /* MPORMMAAdapter.m */; };
		B99F471B13CCD16E00BEE324 /* ORMMA.bundle in Resources */ = {isa = PBXBuildFile; fileRef = B99F46C213CCD16E00BEE324 /* ORMMA.bundle */; };
		B99F471C13CCD16E00BEE324 /* FileSystemCache.m in Sources */ = {isa = PBXBuildFile; fileRef = B99F46C613CCD16E00BEE324 /* FileSystemCache.m */; };
		B99F471D13CCD16E00BEE324 /* ORMMALocalServer.m in Sources */ = {isa = PBXBuildFile; fileRef = B99F46C813CCD16E00BEE324 /* ORMMALocalServer.m */; };
		B99F471E13CCD16E00BEE324 /* ORMMADataAccessLayer.m in Sources */ = {isa = PBXBuildFile; fileRef = B99F46CB13CCD16E00BEE324 /* ORMMADataAccessLayer.m */; };
		B99F471F13CCD16E00BEE324 /* ORMMAStoreAndForwardRequest.m in Sources */ = {isa = PBXBuildFile; fileRef = B99F46CD13CCD16E00BEE324 /* ORMMAStoreAndForwardRequest.m */; };
		B99F472013CCD16E00BEE324 /* ORMMAJavascriptBridge.m in Sources */ = {isa = PBXBuildFile; fileRef = B99F46D013CCD16E00BEE324 /* ORMMAJavascriptBridge.m */; };
		B99F472113CCD16E00BEE324 /* UIDevice-ORMMA.m in Sources */ = {isa = PBXBuildFile; fileRef = B99F46D313CCD16E00BEE324 /* UIDevice-ORMMA.m */; };
		B99F472213CCD16E00BEE324 /* UIWebView-ORMMA.m in Sources */ = {isa = PBXBuildFile; fileRef = B99F46D513CCD16E00BEE324 /* UIWebView-ORMMA.m */; };
		B99F472313CCD16E00BEE324 /* ORMMAAVPlayer.m in Sources */ = {isa = PBXBuildFile; fileRef = B99F46D813CCD16E00BEE324 /* ORMMAAVPlayer.m */; };
		B99F472413CCD16E00BEE324 /* ORMMAView.m in Sources */ = {isa = PBXBuildFile; fileRef = B99F46DA13CCD16E00BEE324 /* ORMMAView.m */; };
		B99F472513CCD16E00BEE324 /* ORMMAWebBrowserViewController.m in Sources */ = {isa = PBXBuildFile; fileRef = B99F46DD13CCD16E00BEE324 /* ORMMAWebBrowserViewController.m */; };
		B99F472613CCD16E00BEE324 /* ORMMAWebBrowserViewController.xib in Resources */ = {isa = PBXBuildFile; fileRef = B99F46DE13CCD16E00BEE324 /* ORMMAWebBrowserViewController.xib */; };
		B99F472713CCD16E00BEE324 /* ASI Http Request - LICENSE in Resources */ = {isa = PBXBuildFile; fileRef = B99F46E113CCD16E00BEE324 /* ASI Http Request - LICENSE */; };
		B99F472813CCD16E00BEE324 /* ASIAuthenticationDialog.m in Sources */ = {isa = PBXBuildFile; fileRef = B99F46E313CCD16E00BEE324 /* ASIAuthenticationDialog.m */; };
		B99F472913CCD16E00BEE324 /* ASIDownloadCache.m in Sources */ = {isa = PBXBuildFile; fileRef = B99F46E613CCD16E00BEE324 /* ASIDownloadCache.m */; };
		B99F472A13CCD16E00BEE324 /* ASIFormDataRequest.m in Sources */ = {isa = PBXBuildFile; fileRef = B99F46E813CCD16E00BEE324 /* ASIFormDataRequest.m */; };
		B99F472B13CCD16E00BEE324 /* ASIHTTPRequest.m in Sources */ = {isa = PBXBuildFile; fileRef = B99F46EA13CCD16E00BEE324 /* ASIHTTPRequest.m */; };
		B99F472C13CCD16E00BEE324 /* ASIInputStream.m in Sources */ = {isa = PBXBuildFile; fileRef = B99F46EE13CCD16E00BEE324 /* ASIInputStream.m */; };
		B99F472D13CCD16E00BEE324 /* ASINetworkQueue.m in Sources */ = {isa = PBXBuildFile; fileRef = B99F46F013CCD16E00BEE324 /* ASINetworkQueue.m */; };
		B99F472E13CCD16E00BEE324 /* Reachability.m in Sources */ = {isa = PBXBuildFile; fileRef = B99F46F313CCD16E00BEE324 /* Reachability.m */; };
		B99F472F13CCD16E00BEE324 /* AsyncSocket.m in Sources */ = {isa = PBXBuildFile; fileRef = B99F46F613CCD16E00BEE324 /* AsyncSocket.m */; };
		B99F473013CCD16E00BEE324 /* DDData.m in Sources */ = {isa = PBXBuildFile; fileRef = B99F46F813CCD16E00BEE324 /* DDData.m */; };
		B99F473113CCD16E00BEE324 /* DDNumber.m in Sources */ = {isa = PBXBuildFile; fileRef = B99F46FA13CCD16E00BEE324 /* DDNumber.m */; };
		B99F473213CCD16E00BEE324 /* DDRange.m in Sources */ = {isa = PBXBuildFile; fileRef = B99F46FC13CCD16E00BEE324 /* DDRange.m */; };
		B99F473313CCD16E00BEE324 /* HTTPAsyncFileResponse.m in Sources */ = {isa = PBXBuildFile; fileRef = B99F46FE13CCD16E00BEE324 /* HTTPAsyncFileResponse.m */; };
		B99F473413CCD16E00BEE324 /* HTTPAuthenticationRequest.m in Sources */ = {isa = PBXBuildFile; fileRef = B99F470013CCD16E00BEE324 /* HTTPAuthenticationRequest.m */; };
		B99F473513CCD16E00BEE324 /* HTTPConnection.m in Sources */ = {isa = PBXBuildFile; fileRef = B99F470213CCD16E00BEE324 /* HTTPConnection.m */; };
		B99F473613CCD16E00BEE324 /* HTTPDynamicFileResponse.m in Sources */ = {isa = PBXBuildFile; fileRef = B99F470413CCD16E00BEE324 /* HTTPDynamicFileResponse.m */; };
		B99F473713CCD16E00BEE324 /* HTTPResponse.m in Sources */ = {isa = PBXBuildFile; fileRef = B99F470613CCD16E00BEE324 /* HTTPResponse.m */; };
		B99F473813CCD16E00BEE324 /* HTTPServer.m in Sources */ = {isa = PBXBuildFile; fileRef = B99F470813CCD16E00BEE324 /* HTTPServer.m */; };
		B99F473913CCD16E00BEE324 /* LICENSE.txt in Resources */ = {isa = PBXBuildFile; fileRef = B99F470913CCD16E00BEE324 /* LICENSE.txt */; };
		B99F473B13CCD16E00BEE324 /* WebSocket.m in Sources */ = {isa = PBXBuildFile; fileRef = B99F470D13CCD16E00BEE324 /* WebSocket.m */; };
		B99F473C13CCD16E00BEE324 /* UIColor-Expanded.m in Sources */ = {isa = PBXBuildFile; fileRef = B99F471013CCD16E00BEE324 /* UIColor-Expanded.m */; };
		B99F473D13CCD16E00BEE324 /* UIDevice-Hardware.m in Sources */ = {isa = PBXBuildFile; fileRef = B99F471213CCD16E00BEE324 /* UIDevice-Hardware.m */; };
		B99F473E13CCD16E00BEE324 /* FMDatabase.m in Sources */ = {isa = PBXBuildFile; fileRef = B99F471513CCD16E00BEE324 /* FMDatabase.m */; };
		B99F473F13CCD16E00BEE324 /* FMDatabaseAdditions.m in Sources */ = {isa = PBXBuildFile; fileRef = B99F471713CCD16E00BEE324 /* FMDatabaseAdditions.m */; };
		B99F474013CCD16E00BEE324 /* FMResultSet.m in Sources */ = {isa = PBXBuildFile; fileRef = B99F471913CCD16E00BEE324 /* FMResultSet.m */; };
		B99F474213CCD1C000BEE324 /* libOCMock.a in Frameworks */ = {isa = PBXBuildFile; fileRef = B99F474113CCD1C000BEE324 /* libOCMock.a */; };
		B99F474413CCD1DA00BEE324 /* libORMMA.a in Frameworks */ = {isa = PBXBuildFile; fileRef = B99F474313CCD1DA00BEE324 /* libORMMA.a */; };
		B99F474613CCD2A000BEE324 /* CoreLocation.framework in Frameworks */ = {isa = PBXBuildFile; fileRef = B99F474513CCD2A000BEE324 /* CoreLocation.framework */; };
		B99F474813CCD32400BEE324 /* GHUnitIOS.framework in Frameworks */ = {isa = PBXBuildFile; fileRef = B99F474713CCD32400BEE324 /* GHUnitIOS.framework */; };
		B99F474B13CCD36000BEE324 /* CoreMotion.framework in Frameworks */ = {isa = PBXBuildFile; fileRef = B99F474913CCD36000BEE324 /* CoreMotion.framework */; };
		B99F474C13CCD36000BEE324 /* MediaPlayer.framework in Frameworks */ = {isa = PBXBuildFile; fileRef = B99F474A13CCD36000BEE324 /* MediaPlayer.framework */; };
		B99F474E13CCD38A00BEE324 /* MessageUI.framework in Frameworks */ = {isa = PBXBuildFile; fileRef = B99F474D13CCD38A00BEE324 /* MessageUI.framework */; };
		B99F475113CCD39E00BEE324 /* EventKit.framework in Frameworks */ = {isa = PBXBuildFile; fileRef = B99F474F13CCD39E00BEE324 /* EventKit.framework */; };
		B99F475213CCD39E00BEE324 /* EventKitUI.framework in Frameworks */ = {isa = PBXBuildFile; fileRef = B99F475013CCD39E00BEE324 /* EventKitUI.framework */; };
		B99F475413CCD3BB00BEE324 /* CFNetwork.framework in Frameworks */ = {isa = PBXBuildFile; fileRef = B99F475313CCD3BB00BEE324 /* CFNetwork.framework */; };
		B99F475613CCD3D100BEE324 /* SystemConfiguration.framework in Frameworks */ = {isa = PBXBuildFile; fileRef = B99F475513CCD3D100BEE324 /* SystemConfiguration.framework */; };
		B99F475913CCD46F00BEE324 /* libsqlite3.0.dylib in Frameworks */ = {isa = PBXBuildFile; fileRef = B99F475713CCD46F00BEE324 /* libsqlite3.0.dylib */; };
		B99F475A13CCD46F00BEE324 /* libz.dylib in Frameworks */ = {isa = PBXBuildFile; fileRef = B99F475813CCD46F00BEE324 /* libz.dylib */; };
		B99F475C13CCD4A500BEE324 /* MobileCoreServices.framework in Frameworks */ = {isa = PBXBuildFile; fileRef = B99F475B13CCD4A500BEE324 /* MobileCoreServices.framework */; };
		CBB6125313A94D8600580D49 /* MPAdManagerTests.m in Sources */ = {isa = PBXBuildFile; fileRef = CBB6125213A94D8600580D49 /* MPAdManagerTests.m */; };
		CBB6125813A94FC400580D49 /* MPAdManager.m in Sources */ = {isa = PBXBuildFile; fileRef = CBB6125713A94FC400580D49 /* MPAdManager.m */; };
		CBD2580B13AAD1E300223CF9 /* MPAdView.m in Sources */ = {isa = PBXBuildFile; fileRef = CBD2580A13AAD1E300223CF9 /* MPAdView.m */; };
/* End PBXBuildFile section */

/* Begin PBXFileReference section */
		1D30AB110D05D00D00671497 /* Foundation.framework */ = {isa = PBXFileReference; lastKnownFileType = wrapper.framework; name = Foundation.framework; path = System/Library/Frameworks/Foundation.framework; sourceTree = SDKROOT; };
		1D6058910D05DD3D006BFB54 /* MoPubTests.app */ = {isa = PBXFileReference; explicitFileType = wrapper.application; includeInIndex = 0; path = MoPubTests.app; sourceTree = BUILT_PRODUCTS_DIR; };
		1DF5F4DF0D08C38300B7A737 /* UIKit.framework */ = {isa = PBXFileReference; lastKnownFileType = wrapper.framework; name = UIKit.framework; path = System/Library/Frameworks/UIKit.framework; sourceTree = SDKROOT; };
		288765FC0DF74451002DB57D /* CoreGraphics.framework */ = {isa = PBXFileReference; lastKnownFileType = wrapper.framework; name = CoreGraphics.framework; path = System/Library/Frameworks/CoreGraphics.framework; sourceTree = SDKROOT; };
		32CA4F630368D1EE00C91783 /* MoPubTests_Prefix.pch */ = {isa = PBXFileReference; fileEncoding = 4; lastKnownFileType = sourcecode.c.h; path = MoPubTests_Prefix.pch; sourceTree = "<group>"; };
		8D1107310486CEB800E47090 /* MoPubTests-Info.plist */ = {isa = PBXFileReference; fileEncoding = 4; lastKnownFileType = text.plist.xml; path = "MoPubTests-Info.plist"; plistStructureDefinitionIdentifier = "com.apple.xcode.plist.structure-definition.iphone.info-plist"; sourceTree = "<group>"; };
		A71B8DE313A7166200E276BC /* NSNotificationCenter+OCMAdditions.h */ = {isa = PBXFileReference; fileEncoding = 4; lastKnownFileType = sourcecode.c.h; path = "NSNotificationCenter+OCMAdditions.h"; sourceTree = "<group>"; };
		A71B8DE413A7166200E276BC /* OCMArg.h */ = {isa = PBXFileReference; fileEncoding = 4; lastKnownFileType = sourcecode.c.h; path = OCMArg.h; sourceTree = "<group>"; };
		A71B8DE513A7166200E276BC /* OCMConstraint.h */ = {isa = PBXFileReference; fileEncoding = 4; lastKnownFileType = sourcecode.c.h; path = OCMConstraint.h; sourceTree = "<group>"; };
		A71B8DE613A7166200E276BC /* OCMock.h */ = {isa = PBXFileReference; fileEncoding = 4; lastKnownFileType = sourcecode.c.h; path = OCMock.h; sourceTree = "<group>"; };
		A71B8DE713A7166200E276BC /* OCMockObject.h */ = {isa = PBXFileReference; fileEncoding = 4; lastKnownFileType = sourcecode.c.h; path = OCMockObject.h; sourceTree = "<group>"; };
		A71B8DE813A7166200E276BC /* OCMockRecorder.h */ = {isa = PBXFileReference; fileEncoding = 4; lastKnownFileType = sourcecode.c.h; path = OCMockRecorder.h; sourceTree = "<group>"; };
		A71B8E3013A7188800E276BC /* OCMock.framework */ = {isa = PBXFileReference; lastKnownFileType = wrapper.framework; name = OCMock.framework; path = OCMock/OCMock.framework; sourceTree = "<group>"; };
		A71B900113A92B5D00E276BC /* MPAdapterMap.h */ = {isa = PBXFileReference; fileEncoding = 4; lastKnownFileType = sourcecode.c.h; path = MPAdapterMap.h; sourceTree = "<group>"; };
		A71B900213A92B5D00E276BC /* MPAdapterMap.m */ = {isa = PBXFileReference; fileEncoding = 4; lastKnownFileType = sourcecode.c.objc; path = MPAdapterMap.m; sourceTree = "<group>"; };
		A71B900313A92B5D00E276BC /* MPAdBrowserController.h */ = {isa = PBXFileReference; fileEncoding = 4; lastKnownFileType = sourcecode.c.h; path = MPAdBrowserController.h; sourceTree = "<group>"; };
		A71B900413A92B5D00E276BC /* MPAdBrowserController.m */ = {isa = PBXFileReference; fileEncoding = 4; lastKnownFileType = sourcecode.c.objc; path = MPAdBrowserController.m; sourceTree = "<group>"; };
		A71B900513A92B5D00E276BC /* MPAdBrowserController.xib */ = {isa = PBXFileReference; lastKnownFileType = file.xib; path = MPAdBrowserController.xib; sourceTree = "<group>"; };
		A71B900613A92B5D00E276BC /* MPAdConversionTracker.h */ = {isa = PBXFileReference; fileEncoding = 4; lastKnownFileType = sourcecode.c.h; path = MPAdConversionTracker.h; sourceTree = "<group>"; };
		A71B900713A92B5D00E276BC /* MPAdConversionTracker.m */ = {isa = PBXFileReference; fileEncoding = 4; lastKnownFileType = sourcecode.c.objc; path = MPAdConversionTracker.m; sourceTree = "<group>"; };
		A71B900913A92B5D00E276BC /* MPAdView.h */ = {isa = PBXFileReference; fileEncoding = 4; lastKnownFileType = sourcecode.c.h; path = MPAdView.h; sourceTree = "<group>"; };
		A71B900B13A92B5D00E276BC /* MPBaseAdapter.h */ = {isa = PBXFileReference; fileEncoding = 4; lastKnownFileType = sourcecode.c.h; path = MPBaseAdapter.h; sourceTree = "<group>"; };
		A71B900C13A92B5D00E276BC /* MPBaseAdapter.m */ = {isa = PBXFileReference; fileEncoding = 4; lastKnownFileType = sourcecode.c.objc; path = MPBaseAdapter.m; sourceTree = "<group>"; };
		A71B900D13A92B5D00E276BC /* MPBaseInterstitialAdapter.h */ = {isa = PBXFileReference; fileEncoding = 4; lastKnownFileType = sourcecode.c.h; path = MPBaseInterstitialAdapter.h; sourceTree = "<group>"; };
		A71B900E13A92B5D00E276BC /* MPBaseInterstitialAdapter.m */ = {isa = PBXFileReference; fileEncoding = 4; lastKnownFileType = sourcecode.c.objc; path = MPBaseInterstitialAdapter.m; sourceTree = "<group>"; };
		A71B900F13A92B5D00E276BC /* MPCloseButtonX.png */ = {isa = PBXFileReference; lastKnownFileType = image.png; path = MPCloseButtonX.png; sourceTree = "<group>"; };
		A71B901013A92B5D00E276BC /* MPCloseButtonX@2x.png */ = {isa = PBXFileReference; lastKnownFileType = image.png; path = "MPCloseButtonX@2x.png"; sourceTree = "<group>"; };
		A71B901113A92B5D00E276BC /* MPConstants.h */ = {isa = PBXFileReference; fileEncoding = 4; lastKnownFileType = sourcecode.c.h; path = MPConstants.h; sourceTree = "<group>"; };
		A71B901213A92B5D00E276BC /* MPCustomEventAdapter.h */ = {isa = PBXFileReference; fileEncoding = 4; lastKnownFileType = sourcecode.c.h; path = MPCustomEventAdapter.h; sourceTree = "<group>"; };
		A71B901313A92B5D00E276BC /* MPCustomEventAdapter.m */ = {isa = PBXFileReference; fileEncoding = 4; lastKnownFileType = sourcecode.c.objc; path = MPCustomEventAdapter.m; sourceTree = "<group>"; };
		A71B901413A92B5D00E276BC /* MPGlobal.h */ = {isa = PBXFileReference; fileEncoding = 4; lastKnownFileType = sourcecode.c.h; path = MPGlobal.h; sourceTree = "<group>"; };
		A71B901513A92B5D00E276BC /* MPGlobal.m */ = {isa = PBXFileReference; fileEncoding = 4; lastKnownFileType = sourcecode.c.objc; path = MPGlobal.m; sourceTree = "<group>"; };
		A71B901613A92B5D00E276BC /* MPInterstitialAdapter.h */ = {isa = PBXFileReference; fileEncoding = 4; lastKnownFileType = sourcecode.c.h; path = MPInterstitialAdapter.h; sourceTree = "<group>"; };
		A71B901713A92B5D00E276BC /* MPInterstitialAdapter.m */ = {isa = PBXFileReference; fileEncoding = 4; lastKnownFileType = sourcecode.c.objc; path = MPInterstitialAdapter.m; sourceTree = "<group>"; };
		A71B901813A92B5D00E276BC /* MPInterstitialAdController.h */ = {isa = PBXFileReference; fileEncoding = 4; lastKnownFileType = sourcecode.c.h; path = MPInterstitialAdController.h; sourceTree = "<group>"; };
		A71B901913A92B5D00E276BC /* MPInterstitialAdController.m */ = {isa = PBXFileReference; fileEncoding = 4; lastKnownFileType = sourcecode.c.objc; path = MPInterstitialAdController.m; sourceTree = "<group>"; };
		A71B901A13A92B5D00E276BC /* MPLogging.h */ = {isa = PBXFileReference; fileEncoding = 4; lastKnownFileType = sourcecode.c.h; path = MPLogging.h; sourceTree = "<group>"; };
		A71B901B13A92B5D00E276BC /* MPLogging.m */ = {isa = PBXFileReference; fileEncoding = 4; lastKnownFileType = sourcecode.c.objc; path = MPLogging.m; sourceTree = "<group>"; };
		A71B901C13A92B5D00E276BC /* MPStore.h */ = {isa = PBXFileReference; fileEncoding = 4; lastKnownFileType = sourcecode.c.h; path = MPStore.h; sourceTree = "<group>"; };
		A71B901D13A92B5D00E276BC /* MPStore.m */ = {isa = PBXFileReference; fileEncoding = 4; lastKnownFileType = sourcecode.c.objc; path = MPStore.m; sourceTree = "<group>"; };
		A71B901E13A92B5D00E276BC /* MPTimer.h */ = {isa = PBXFileReference; fileEncoding = 4; lastKnownFileType = sourcecode.c.h; path = MPTimer.h; sourceTree = "<group>"; };
		A71B901F13A92B5D00E276BC /* MPTimer.m */ = {isa = PBXFileReference; fileEncoding = 4; lastKnownFileType = sourcecode.c.objc; path = MPTimer.m; sourceTree = "<group>"; };
		A71B904413A92B7800E276BC /* CDataScanner.h */ = {isa = PBXFileReference; fileEncoding = 4; lastKnownFileType = sourcecode.c.h; path = CDataScanner.h; sourceTree = "<group>"; };
		A71B904513A92B7800E276BC /* CDataScanner.m */ = {isa = PBXFileReference; fileEncoding = 4; lastKnownFileType = sourcecode.c.objc; path = CDataScanner.m; sourceTree = "<group>"; };
		A71B904713A92B7800E276BC /* CFilteringJSONSerializer.h */ = {isa = PBXFileReference; fileEncoding = 4; lastKnownFileType = sourcecode.c.h; path = CFilteringJSONSerializer.h; sourceTree = "<group>"; };
		A71B904813A92B7800E276BC /* CFilteringJSONSerializer.m */ = {isa = PBXFileReference; fileEncoding = 4; lastKnownFileType = sourcecode.c.objc; path = CFilteringJSONSerializer.m; sourceTree = "<group>"; };
		A71B904913A92B7800E276BC /* CJSONDeserializer_BlocksExtensions.h */ = {isa = PBXFileReference; fileEncoding = 4; lastKnownFileType = sourcecode.c.h; path = CJSONDeserializer_BlocksExtensions.h; sourceTree = "<group>"; };
		A71B904A13A92B7800E276BC /* CJSONDeserializer_BlocksExtensions.m */ = {isa = PBXFileReference; fileEncoding = 4; lastKnownFileType = sourcecode.c.objc; path = CJSONDeserializer_BlocksExtensions.m; sourceTree = "<group>"; };
		A71B904B13A92B7800E276BC /* CJSONSerializedData.h */ = {isa = PBXFileReference; fileEncoding = 4; lastKnownFileType = sourcecode.c.h; path = CJSONSerializedData.h; sourceTree = "<group>"; };
		A71B904C13A92B7800E276BC /* CJSONSerializedData.m */ = {isa = PBXFileReference; fileEncoding = 4; lastKnownFileType = sourcecode.c.objc; path = CJSONSerializedData.m; sourceTree = "<group>"; };
		A71B904E13A92B7800E276BC /* CDataScanner_Extensions.h */ = {isa = PBXFileReference; fileEncoding = 4; lastKnownFileType = sourcecode.c.h; path = CDataScanner_Extensions.h; sourceTree = "<group>"; };
		A71B904F13A92B7800E276BC /* CDataScanner_Extensions.m */ = {isa = PBXFileReference; fileEncoding = 4; lastKnownFileType = sourcecode.c.objc; path = CDataScanner_Extensions.m; sourceTree = "<group>"; };
		A71B905013A92B7800E276BC /* NSDictionary_JSONExtensions.h */ = {isa = PBXFileReference; fileEncoding = 4; lastKnownFileType = sourcecode.c.h; path = NSDictionary_JSONExtensions.h; sourceTree = "<group>"; };
		A71B905113A92B7800E276BC /* NSDictionary_JSONExtensions.m */ = {isa = PBXFileReference; fileEncoding = 4; lastKnownFileType = sourcecode.c.objc; path = NSDictionary_JSONExtensions.m; sourceTree = "<group>"; };
		A71B905313A92B7800E276BC /* CJSONDeserializer.h */ = {isa = PBXFileReference; fileEncoding = 4; lastKnownFileType = sourcecode.c.h; path = CJSONDeserializer.h; sourceTree = "<group>"; };
		A71B905413A92B7800E276BC /* CJSONDeserializer.m */ = {isa = PBXFileReference; fileEncoding = 4; lastKnownFileType = sourcecode.c.objc; path = CJSONDeserializer.m; sourceTree = "<group>"; };
		A71B905513A92B7800E276BC /* CJSONScanner.h */ = {isa = PBXFileReference; fileEncoding = 4; lastKnownFileType = sourcecode.c.h; path = CJSONScanner.h; sourceTree = "<group>"; };
		A71B905613A92B7800E276BC /* CJSONScanner.m */ = {isa = PBXFileReference; fileEncoding = 4; lastKnownFileType = sourcecode.c.objc; path = CJSONScanner.m; sourceTree = "<group>"; };
		A71B905713A92B7800E276BC /* CJSONSerializer.h */ = {isa = PBXFileReference; fileEncoding = 4; lastKnownFileType = sourcecode.c.h; path = CJSONSerializer.h; sourceTree = "<group>"; };
		A71B905813A92B7800E276BC /* CJSONSerializer.m */ = {isa = PBXFileReference; fileEncoding = 4; lastKnownFileType = sourcecode.c.objc; path = CJSONSerializer.m; sourceTree = "<group>"; };
		A71B905913A92B7800E276BC /* JSONRepresentation.h */ = {isa = PBXFileReference; fileEncoding = 4; lastKnownFileType = sourcecode.c.h; path = JSONRepresentation.h; sourceTree = "<group>"; };
		A7519B3113A696E6006C0DAE /* GHUnitIOSTestMain.m */ = {isa = PBXFileReference; fileEncoding = 4; lastKnownFileType = sourcecode.c.objc; path = GHUnitIOSTestMain.m; sourceTree = "<group>"; };
		A7519B9B13A699BC006C0DAE /* StoreKit.framework */ = {isa = PBXFileReference; lastKnownFileType = wrapper.framework; name = StoreKit.framework; path = System/Library/Frameworks/StoreKit.framework; sourceTree = SDKROOT; };
		A7519BE813A6C9F3006C0DAE /* iAd.framework */ = {isa = PBXFileReference; lastKnownFileType = wrapper.framework; name = iAd.framework; path = System/Library/Frameworks/iAd.framework; sourceTree = SDKROOT; };
		B925BA3D13B27900001A9D6F /* MPAdView+MPAdManagerPrivate.h */ = {isa = PBXFileReference; fileEncoding = 4; lastKnownFileType = sourcecode.c.h; name = "MPAdView+MPAdManagerPrivate.h"; path = "../MoPubTests/MPAdView+MPAdManagerPrivate.h"; sourceTree = "<group>"; };
		B95CD11513B29CE0006B1C35 /* MPGoogleAdMobAdapter.h */ = {isa = PBXFileReference; fileEncoding = 4; lastKnownFileType = sourcecode.c.h; path = MPGoogleAdMobAdapter.h; sourceTree = "<group>"; };
		B95CD11613B29CE0006B1C35 /* MPGoogleAdMobAdapter.m */ = {isa = PBXFileReference; fileEncoding = 4; lastKnownFileType = sourcecode.c.objc; path = MPGoogleAdMobAdapter.m; sourceTree = "<group>"; };
		B95CD11713B29CE0006B1C35 /* MPGoogleAdSenseAdapter.h */ = {isa = PBXFileReference; fileEncoding = 4; lastKnownFileType = sourcecode.c.h; path = MPGoogleAdSenseAdapter.h; sourceTree = "<group>"; };
		B95CD11813B29CE0006B1C35 /* MPGoogleAdSenseAdapter.m */ = {isa = PBXFileReference; fileEncoding = 4; lastKnownFileType = sourcecode.c.objc; path = MPGoogleAdSenseAdapter.m; sourceTree = "<group>"; };
		B95CD11913B29CE0006B1C35 /* MPMillennialAdapter.h */ = {isa = PBXFileReference; fileEncoding = 4; lastKnownFileType = sourcecode.c.h; path = MPMillennialAdapter.h; sourceTree = "<group>"; };
		B95CD11A13B29CE0006B1C35 /* MPMillennialAdapter.m */ = {isa = PBXFileReference; fileEncoding = 4; lastKnownFileType = sourcecode.c.objc; path = MPMillennialAdapter.m; sourceTree = "<group>"; };
		B95CD11B13B29CE0006B1C35 /* MPMillennialInterstitialAdapter.h */ = {isa = PBXFileReference; fileEncoding = 4; lastKnownFileType = sourcecode.c.h; path = MPMillennialInterstitialAdapter.h; sourceTree = "<group>"; };
		B95CD11C13B29CE0006B1C35 /* MPMillennialInterstitialAdapter.m */ = {isa = PBXFileReference; fileEncoding = 4; lastKnownFileType = sourcecode.c.objc; path = MPMillennialInterstitialAdapter.m; sourceTree = "<group>"; };
		B99F46B713CCD0CF00BEE324 /* MPORMMAAdapter.h */ = {isa = PBXFileReference; fileEncoding = 4; lastKnownFileType = sourcecode.c.h; path = MPORMMAAdapter.h; sourceTree = "<group>"; };
		B99F46B813CCD0CF00BEE324 /* MPORMMAAdapter.m */ = {isa = PBXFileReference; fileEncoding = 4; lastKnownFileType = sourcecode.c.objc; path = MPORMMAAdapter.m; sourceTree = "<group>"; };
		B99F46BA13CCD0FE00BEE324 /* ORMMAJavascriptBridge.h */ = {isa = PBXFileReference; fileEncoding = 4; lastKnownFileType = sourcecode.c.h; name = ORMMAJavascriptBridge.h; path = "../../MoPubSDK/Private/Javascript Bridge/ORMMAJavascriptBridge.h"; sourceTree = "<group>"; };
		B99F46BB13CCD0FE00BEE324 /* ORMMAJavascriptBridge.m */ = {isa = PBXFileReference; fileEncoding = 4; lastKnownFileType = sourcecode.c.objc; name = ORMMAJavascriptBridge.m; path = "../../MoPubSDK/Private/Javascript Bridge/ORMMAJavascriptBridge.m"; sourceTree = "<group>"; };
		B99F46C213CCD16E00BEE324 /* ORMMA.bundle */ = {isa = PBXFileReference; lastKnownFileType = "wrapper.plug-in"; name = ORMMA.bundle; path = ../../MoPubSDK/ORMMA.bundle; sourceTree = "<group>"; };
		B99F46C513CCD16E00BEE324 /* FileSystemCache.h */ = {isa = PBXFileReference; fileEncoding = 4; lastKnownFileType = sourcecode.c.h; path = FileSystemCache.h; sourceTree = "<group>"; };
		B99F46C613CCD16E00BEE324 /* FileSystemCache.m */ = {isa = PBXFileReference; fileEncoding = 4; lastKnownFileType = sourcecode.c.objc; path = FileSystemCache.m; sourceTree = "<group>"; };
		B99F46C713CCD16E00BEE324 /* ORMMALocalServer.h */ = {isa = PBXFileReference; fileEncoding = 4; lastKnownFileType = sourcecode.c.h; path = ORMMALocalServer.h; sourceTree = "<group>"; };
		B99F46C813CCD16E00BEE324 /* ORMMALocalServer.m */ = {isa = PBXFileReference; fileEncoding = 4; lastKnownFileType = sourcecode.c.objc; path = ORMMALocalServer.m; sourceTree = "<group>"; };
		B99F46CA13CCD16E00BEE324 /* ORMMADataAccessLayer.h */ = {isa = PBXFileReference; fileEncoding = 4; lastKnownFileType = sourcecode.c.h; path = ORMMADataAccessLayer.h; sourceTree = "<group>"; };
		B99F46CB13CCD16E00BEE324 /* ORMMADataAccessLayer.m */ = {isa = PBXFileReference; fileEncoding = 4; lastKnownFileType = sourcecode.c.objc; path = ORMMADataAccessLayer.m; sourceTree = "<group>"; };
		B99F46CC13CCD16E00BEE324 /* ORMMAStoreAndForwardRequest.h */ = {isa = PBXFileReference; fileEncoding = 4; lastKnownFileType = sourcecode.c.h; path = ORMMAStoreAndForwardRequest.h; sourceTree = "<group>"; };
		B99F46CD13CCD16E00BEE324 /* ORMMAStoreAndForwardRequest.m */ = {isa = PBXFileReference; fileEncoding = 4; lastKnownFileType = sourcecode.c.objc; path = ORMMAStoreAndForwardRequest.m; sourceTree = "<group>"; };
		B99F46CF13CCD16E00BEE324 /* ORMMAJavascriptBridge.h */ = {isa = PBXFileReference; fileEncoding = 4; lastKnownFileType = sourcecode.c.h; path = ORMMAJavascriptBridge.h; sourceTree = "<group>"; };
		B99F46D013CCD16E00BEE324 /* ORMMAJavascriptBridge.m */ = {isa = PBXFileReference; fileEncoding = 4; lastKnownFileType = sourcecode.c.objc; path = ORMMAJavascriptBridge.m; sourceTree = "<group>"; };
		B99F46D213CCD16E00BEE324 /* UIDevice-ORMMA.h */ = {isa = PBXFileReference; fileEncoding = 4; lastKnownFileType = sourcecode.c.h; path = "UIDevice-ORMMA.h"; sourceTree = "<group>"; };
		B99F46D313CCD16E00BEE324 /* UIDevice-ORMMA.m */ = {isa = PBXFileReference; fileEncoding = 4; lastKnownFileType = sourcecode.c.objc; path = "UIDevice-ORMMA.m"; sourceTree = "<group>"; };
		B99F46D413CCD16E00BEE324 /* UIWebView-ORMMA.h */ = {isa = PBXFileReference; fileEncoding = 4; lastKnownFileType = sourcecode.c.h; path = "UIWebView-ORMMA.h"; sourceTree = "<group>"; };
		B99F46D513CCD16E00BEE324 /* UIWebView-ORMMA.m */ = {isa = PBXFileReference; fileEncoding = 4; lastKnownFileType = sourcecode.c.objc; path = "UIWebView-ORMMA.m"; sourceTree = "<group>"; };
		B99F46D713CCD16E00BEE324 /* ORMMAAVPlayer.h */ = {isa = PBXFileReference; fileEncoding = 4; lastKnownFileType = sourcecode.c.h; path = ORMMAAVPlayer.h; sourceTree = "<group>"; };
		B99F46D813CCD16E00BEE324 /* ORMMAAVPlayer.m */ = {isa = PBXFileReference; fileEncoding = 4; lastKnownFileType = sourcecode.c.objc; path = ORMMAAVPlayer.m; sourceTree = "<group>"; };
		B99F46D913CCD16E00BEE324 /* ORMMAView.h */ = {isa = PBXFileReference; fileEncoding = 4; lastKnownFileType = sourcecode.c.h; path = ORMMAView.h; sourceTree = "<group>"; };
		B99F46DA13CCD16E00BEE324 /* ORMMAView.m */ = {isa = PBXFileReference; fileEncoding = 4; lastKnownFileType = sourcecode.c.objc; path = ORMMAView.m; sourceTree = "<group>"; };
		B99F46DC13CCD16E00BEE324 /* ORMMAWebBrowserViewController.h */ = {isa = PBXFileReference; fileEncoding = 4; lastKnownFileType = sourcecode.c.h; path = ORMMAWebBrowserViewController.h; sourceTree = "<group>"; };
		B99F46DD13CCD16E00BEE324 /* ORMMAWebBrowserViewController.m */ = {isa = PBXFileReference; fileEncoding = 4; lastKnownFileType = sourcecode.c.objc; path = ORMMAWebBrowserViewController.m; sourceTree = "<group>"; };
		B99F46DE13CCD16E00BEE324 /* ORMMAWebBrowserViewController.xib */ = {isa = PBXFileReference; fileEncoding = 4; lastKnownFileType = file.xib; path = ORMMAWebBrowserViewController.xib; sourceTree = "<group>"; };
		B99F46E113CCD16E00BEE324 /* ASI Http Request - LICENSE */ = {isa = PBXFileReference; fileEncoding = 4; lastKnownFileType = text; path = "ASI Http Request - LICENSE"; sourceTree = "<group>"; };
		B99F46E213CCD16E00BEE324 /* ASIAuthenticationDialog.h */ = {isa = PBXFileReference; fileEncoding = 4; lastKnownFileType = sourcecode.c.h; path = ASIAuthenticationDialog.h; sourceTree = "<group>"; };
		B99F46E313CCD16E00BEE324 /* ASIAuthenticationDialog.m */ = {isa = PBXFileReference; fileEncoding = 4; lastKnownFileType = sourcecode.c.objc; path = ASIAuthenticationDialog.m; sourceTree = "<group>"; };
		B99F46E413CCD16E00BEE324 /* ASICacheDelegate.h */ = {isa = PBXFileReference; fileEncoding = 4; lastKnownFileType = sourcecode.c.h; path = ASICacheDelegate.h; sourceTree = "<group>"; };
		B99F46E513CCD16E00BEE324 /* ASIDownloadCache.h */ = {isa = PBXFileReference; fileEncoding = 4; lastKnownFileType = sourcecode.c.h; path = ASIDownloadCache.h; sourceTree = "<group>"; };
		B99F46E613CCD16E00BEE324 /* ASIDownloadCache.m */ = {isa = PBXFileReference; fileEncoding = 4; lastKnownFileType = sourcecode.c.objc; path = ASIDownloadCache.m; sourceTree = "<group>"; };
		B99F46E713CCD16E00BEE324 /* ASIFormDataRequest.h */ = {isa = PBXFileReference; fileEncoding = 4; lastKnownFileType = sourcecode.c.h; path = ASIFormDataRequest.h; sourceTree = "<group>"; };
		B99F46E813CCD16E00BEE324 /* ASIFormDataRequest.m */ = {isa = PBXFileReference; fileEncoding = 4; lastKnownFileType = sourcecode.c.objc; path = ASIFormDataRequest.m; sourceTree = "<group>"; };
		B99F46E913CCD16E00BEE324 /* ASIHTTPRequest.h */ = {isa = PBXFileReference; fileEncoding = 4; lastKnownFileType = sourcecode.c.h; path = ASIHTTPRequest.h; sourceTree = "<group>"; };
		B99F46EA13CCD16E00BEE324 /* ASIHTTPRequest.m */ = {isa = PBXFileReference; fileEncoding = 4; lastKnownFileType = sourcecode.c.objc; path = ASIHTTPRequest.m; sourceTree = "<group>"; };
		B99F46EB13CCD16E00BEE324 /* ASIHTTPRequestConfig.h */ = {isa = PBXFileReference; fileEncoding = 4; lastKnownFileType = sourcecode.c.h; path = ASIHTTPRequestConfig.h; sourceTree = "<group>"; };
		B99F46EC13CCD16E00BEE324 /* ASIHTTPRequestDelegate.h */ = {isa = PBXFileReference; fileEncoding = 4; lastKnownFileType = sourcecode.c.h; path = ASIHTTPRequestDelegate.h; sourceTree = "<group>"; };
		B99F46ED13CCD16E00BEE324 /* ASIInputStream.h */ = {isa = PBXFileReference; fileEncoding = 4; lastKnownFileType = sourcecode.c.h; path = ASIInputStream.h; sourceTree = "<group>"; };
		B99F46EE13CCD16E00BEE324 /* ASIInputStream.m */ = {isa = PBXFileReference; fileEncoding = 4; lastKnownFileType = sourcecode.c.objc; path = ASIInputStream.m; sourceTree = "<group>"; };
		B99F46EF13CCD16E00BEE324 /* ASINetworkQueue.h */ = {isa = PBXFileReference; fileEncoding = 4; lastKnownFileType = sourcecode.c.h; path = ASINetworkQueue.h; sourceTree = "<group>"; };
		B99F46F013CCD16E00BEE324 /* ASINetworkQueue.m */ = {isa = PBXFileReference; fileEncoding = 4; lastKnownFileType = sourcecode.c.objc; path = ASINetworkQueue.m; sourceTree = "<group>"; };
		B99F46F113CCD16E00BEE324 /* ASIProgressDelegate.h */ = {isa = PBXFileReference; fileEncoding = 4; lastKnownFileType = sourcecode.c.h; path = ASIProgressDelegate.h; sourceTree = "<group>"; };
		B99F46F213CCD16E00BEE324 /* Reachability.h */ = {isa = PBXFileReference; fileEncoding = 4; lastKnownFileType = sourcecode.c.h; path = Reachability.h; sourceTree = "<group>"; };
		B99F46F313CCD16E00BEE324 /* Reachability.m */ = {isa = PBXFileReference; fileEncoding = 4; lastKnownFileType = sourcecode.c.objc; path = Reachability.m; sourceTree = "<group>"; };
		B99F46F513CCD16E00BEE324 /* AsyncSocket.h */ = {isa = PBXFileReference; fileEncoding = 4; lastKnownFileType = sourcecode.c.h; path = AsyncSocket.h; sourceTree = "<group>"; };
		B99F46F613CCD16E00BEE324 /* AsyncSocket.m */ = {isa = PBXFileReference; fileEncoding = 4; lastKnownFileType = sourcecode.c.objc; path = AsyncSocket.m; sourceTree = "<group>"; };
		B99F46F713CCD16E00BEE324 /* DDData.h */ = {isa = PBXFileReference; fileEncoding = 4; lastKnownFileType = sourcecode.c.h; path = DDData.h; sourceTree = "<group>"; };
		B99F46F813CCD16E00BEE324 /* DDData.m */ = {isa = PBXFileReference; fileEncoding = 4; lastKnownFileType = sourcecode.c.objc; path = DDData.m; sourceTree = "<group>"; };
		B99F46F913CCD16E00BEE324 /* DDNumber.h */ = {isa = PBXFileReference; fileEncoding = 4; lastKnownFileType = sourcecode.c.h; path = DDNumber.h; sourceTree = "<group>"; };
		B99F46FA13CCD16E00BEE324 /* DDNumber.m */ = {isa = PBXFileReference; fileEncoding = 4; lastKnownFileType = sourcecode.c.objc; path = DDNumber.m; sourceTree = "<group>"; };
		B99F46FB13CCD16E00BEE324 /* DDRange.h */ = {isa = PBXFileReference; fileEncoding = 4; lastKnownFileType = sourcecode.c.h; path = DDRange.h; sourceTree = "<group>"; };
		B99F46FC13CCD16E00BEE324 /* DDRange.m */ = {isa = PBXFileReference; fileEncoding = 4; lastKnownFileType = sourcecode.c.objc; path = DDRange.m; sourceTree = "<group>"; };
		B99F46FD13CCD16E00BEE324 /* HTTPAsyncFileResponse.h */ = {isa = PBXFileReference; fileEncoding = 4; lastKnownFileType = sourcecode.c.h; path = HTTPAsyncFileResponse.h; sourceTree = "<group>"; };
		B99F46FE13CCD16E00BEE324 /* HTTPAsyncFileResponse.m */ = {isa = PBXFileReference; fileEncoding = 4; lastKnownFileType = sourcecode.c.objc; path = HTTPAsyncFileResponse.m; sourceTree = "<group>"; };
		B99F46FF13CCD16E00BEE324 /* HTTPAuthenticationRequest.h */ = {isa = PBXFileReference; fileEncoding = 4; lastKnownFileType = sourcecode.c.h; path = HTTPAuthenticationRequest.h; sourceTree = "<group>"; };
		B99F470013CCD16E00BEE324 /* HTTPAuthenticationRequest.m */ = {isa = PBXFileReference; fileEncoding = 4; lastKnownFileType = sourcecode.c.objc; path = HTTPAuthenticationRequest.m; sourceTree = "<group>"; };
		B99F470113CCD16E00BEE324 /* HTTPConnection.h */ = {isa = PBXFileReference; fileEncoding = 4; lastKnownFileType = sourcecode.c.h; path = HTTPConnection.h; sourceTree = "<group>"; };
		B99F470213CCD16E00BEE324 /* HTTPConnection.m */ = {isa = PBXFileReference; fileEncoding = 4; lastKnownFileType = sourcecode.c.objc; path = HTTPConnection.m; sourceTree = "<group>"; };
		B99F470313CCD16E00BEE324 /* HTTPDynamicFileResponse.h */ = {isa = PBXFileReference; fileEncoding = 4; lastKnownFileType = sourcecode.c.h; path = HTTPDynamicFileResponse.h; sourceTree = "<group>"; };
		B99F470413CCD16E00BEE324 /* HTTPDynamicFileResponse.m */ = {isa = PBXFileReference; fileEncoding = 4; lastKnownFileType = sourcecode.c.objc; path = HTTPDynamicFileResponse.m; sourceTree = "<group>"; };
		B99F470513CCD16E00BEE324 /* HTTPResponse.h */ = {isa = PBXFileReference; fileEncoding = 4; lastKnownFileType = sourcecode.c.h; path = HTTPResponse.h; sourceTree = "<group>"; };
		B99F470613CCD16E00BEE324 /* HTTPResponse.m */ = {isa = PBXFileReference; fileEncoding = 4; lastKnownFileType = sourcecode.c.objc; path = HTTPResponse.m; sourceTree = "<group>"; };
		B99F470713CCD16E00BEE324 /* HTTPServer.h */ = {isa = PBXFileReference; fileEncoding = 4; lastKnownFileType = sourcecode.c.h; path = HTTPServer.h; sourceTree = "<group>"; };
		B99F470813CCD16E00BEE324 /* HTTPServer.m */ = {isa = PBXFileReference; fileEncoding = 4; lastKnownFileType = sourcecode.c.objc; path = HTTPServer.m; sourceTree = "<group>"; };
		B99F470913CCD16E00BEE324 /* LICENSE.txt */ = {isa = PBXFileReference; fileEncoding = 4; lastKnownFileType = text; path = LICENSE.txt; sourceTree = "<group>"; };
		B99F470A13CCD16E00BEE324 /* SSCrypto.h */ = {isa = PBXFileReference; fileEncoding = 4; lastKnownFileType = sourcecode.c.h; path = SSCrypto.h; sourceTree = "<group>"; };
		B99F470B13CCD16E00BEE324 /* SSCrypto.m */ = {isa = PBXFileReference; fileEncoding = 4; lastKnownFileType = sourcecode.c.objc; path = SSCrypto.m; sourceTree = "<group>"; };
		B99F470C13CCD16E00BEE324 /* WebSocket.h */ = {isa = PBXFileReference; fileEncoding = 4; lastKnownFileType = sourcecode.c.h; path = WebSocket.h; sourceTree = "<group>"; };
		B99F470D13CCD16E00BEE324 /* WebSocket.m */ = {isa = PBXFileReference; fileEncoding = 4; lastKnownFileType = sourcecode.c.objc; path = WebSocket.m; sourceTree = "<group>"; };
		B99F470F13CCD16E00BEE324 /* UIColor-Expanded.h */ = {isa = PBXFileReference; fileEncoding = 4; lastKnownFileType = sourcecode.c.h; path = "UIColor-Expanded.h"; sourceTree = "<group>"; };
		B99F471013CCD16E00BEE324 /* UIColor-Expanded.m */ = {isa = PBXFileReference; fileEncoding = 4; lastKnownFileType = sourcecode.c.objc; path = "UIColor-Expanded.m"; sourceTree = "<group>"; };
		B99F471113CCD16E00BEE324 /* UIDevice-Hardware.h */ = {isa = PBXFileReference; fileEncoding = 4; lastKnownFileType = sourcecode.c.h; path = "UIDevice-Hardware.h"; sourceTree = "<group>"; };
		B99F471213CCD16E00BEE324 /* UIDevice-Hardware.m */ = {isa = PBXFileReference; fileEncoding = 4; lastKnownFileType = sourcecode.c.objc; path = "UIDevice-Hardware.m"; sourceTree = "<group>"; };
		B99F471413CCD16E00BEE324 /* FMDatabase.h */ = {isa = PBXFileReference; fileEncoding = 4; lastKnownFileType = sourcecode.c.h; path = FMDatabase.h; sourceTree = "<group>"; };
		B99F471513CCD16E00BEE324 /* FMDatabase.m */ = {isa = PBXFileReference; fileEncoding = 4; lastKnownFileType = sourcecode.c.objc; path = FMDatabase.m; sourceTree = "<group>"; };
		B99F471613CCD16E00BEE324 /* FMDatabaseAdditions.h */ = {isa = PBXFileReference; fileEncoding = 4; lastKnownFileType = sourcecode.c.h; path = FMDatabaseAdditions.h; sourceTree = "<group>"; };
		B99F471713CCD16E00BEE324 /* FMDatabaseAdditions.m */ = {isa = PBXFileReference; fileEncoding = 4; lastKnownFileType = sourcecode.c.objc; path = FMDatabaseAdditions.m; sourceTree = "<group>"; };
		B99F471813CCD16E00BEE324 /* FMResultSet.h */ = {isa = PBXFileReference; fileEncoding = 4; lastKnownFileType = sourcecode.c.h; path = FMResultSet.h; sourceTree = "<group>"; };
		B99F471913CCD16E00BEE324 /* FMResultSet.m */ = {isa = PBXFileReference; fileEncoding = 4; lastKnownFileType = sourcecode.c.objc; path = FMResultSet.m; sourceTree = "<group>"; };
		B99F474113CCD1C000BEE324 /* libOCMock.a */ = {isa = PBXFileReference; lastKnownFileType = archive.ar; name = libOCMock.a; path = OCMock/libOCMock.a; sourceTree = "<group>"; };
		B99F474313CCD1DA00BEE324 /* libORMMA.a */ = {isa = PBXFileReference; lastKnownFileType = archive.ar; name = libORMMA.a; path = ../../MoPubSDK/libORMMA.a; sourceTree = "<group>"; };
		B99F474513CCD2A000BEE324 /* CoreLocation.framework */ = {isa = PBXFileReference; lastKnownFileType = wrapper.framework; name = CoreLocation.framework; path = ../../../../../../Developer/Platforms/iPhoneOS.platform/Developer/SDKs/iPhoneOS4.3.sdk/System/Library/Frameworks/CoreLocation.framework; sourceTree = "<group>"; };
		B99F474713CCD32400BEE324 /* GHUnitIOS.framework */ = {isa = PBXFileReference; lastKnownFileType = wrapper.framework; path = GHUnitIOS.framework; sourceTree = "<group>"; };
		B99F474913CCD36000BEE324 /* CoreMotion.framework */ = {isa = PBXFileReference; lastKnownFileType = wrapper.framework; name = CoreMotion.framework; path = System/Library/Frameworks/CoreMotion.framework; sourceTree = SDKROOT; };
		B99F474A13CCD36000BEE324 /* MediaPlayer.framework */ = {isa = PBXFileReference; lastKnownFileType = wrapper.framework; name = MediaPlayer.framework; path = System/Library/Frameworks/MediaPlayer.framework; sourceTree = SDKROOT; };
		B99F474D13CCD38A00BEE324 /* MessageUI.framework */ = {isa = PBXFileReference; lastKnownFileType = wrapper.framework; name = MessageUI.framework; path = System/Library/Frameworks/MessageUI.framework; sourceTree = SDKROOT; };
		B99F474F13CCD39E00BEE324 /* EventKit.framework */ = {isa = PBXFileReference; lastKnownFileType = wrapper.framework; name = EventKit.framework; path = System/Library/Frameworks/EventKit.framework; sourceTree = SDKROOT; };
		B99F475013CCD39E00BEE324 /* EventKitUI.framework */ = {isa = PBXFileReference; lastKnownFileType = wrapper.framework; name = EventKitUI.framework; path = System/Library/Frameworks/EventKitUI.framework; sourceTree = SDKROOT; };
		B99F475313CCD3BB00BEE324 /* CFNetwork.framework */ = {isa = PBXFileReference; lastKnownFileType = wrapper.framework; name = CFNetwork.framework; path = System/Library/Frameworks/CFNetwork.framework; sourceTree = SDKROOT; };
		B99F475513CCD3D100BEE324 /* SystemConfiguration.framework */ = {isa = PBXFileReference; lastKnownFileType = wrapper.framework; name = SystemConfiguration.framework; path = System/Library/Frameworks/SystemConfiguration.framework; sourceTree = SDKROOT; };
		B99F475713CCD46F00BEE324 /* libsqlite3.0.dylib */ = {isa = PBXFileReference; lastKnownFileType = "compiled.mach-o.dylib"; name = libsqlite3.0.dylib; path = usr/lib/libsqlite3.0.dylib; sourceTree = SDKROOT; };
		B99F475813CCD46F00BEE324 /* libz.dylib */ = {isa = PBXFileReference; lastKnownFileType = "compiled.mach-o.dylib"; name = libz.dylib; path = usr/lib/libz.dylib; sourceTree = SDKROOT; };
		B99F475B13CCD4A500BEE324 /* MobileCoreServices.framework */ = {isa = PBXFileReference; lastKnownFileType = wrapper.framework; name = MobileCoreServices.framework; path = System/Library/Frameworks/MobileCoreServices.framework; sourceTree = SDKROOT; };
		B9DD979C13B2BEB4001559F7 /* MPAdManager+MPAdaptersPrivate.h */ = {isa = PBXFileReference; fileEncoding = 4; lastKnownFileType = sourcecode.c.h; path = "MPAdManager+MPAdaptersPrivate.h"; sourceTree = SOURCE_ROOT; };
		B9DD979D13B2BEB4001559F7 /* MPAdManager+MPAdView+InterstitialPrivate.h */ = {isa = PBXFileReference; fileEncoding = 4; lastKnownFileType = sourcecode.c.h; path = "MPAdManager+MPAdView+InterstitialPrivate.h"; sourceTree = SOURCE_ROOT; };
		B9DD979E13B2BEB4001559F7 /* MPAdManager+MPAdView+TestsPrivate.h */ = {isa = PBXFileReference; fileEncoding = 4; lastKnownFileType = sourcecode.c.h; path = "MPAdManager+MPAdView+TestsPrivate.h"; sourceTree = SOURCE_ROOT; };
		CBB6122A13A93DA700580D49 /* MPAdMobInterstitialAdapter.h */ = {isa = PBXFileReference; fileEncoding = 4; lastKnownFileType = sourcecode.c.h; path = MPAdMobInterstitialAdapter.h; sourceTree = "<group>"; };
		CBB6122B13A93DA700580D49 /* MPAdMobInterstitialAdapter.m */ = {isa = PBXFileReference; fileEncoding = 4; lastKnownFileType = sourcecode.c.objc; path = MPAdMobInterstitialAdapter.m; sourceTree = "<group>"; };
		CBB6125213A94D8600580D49 /* MPAdManagerTests.m */ = {isa = PBXFileReference; fileEncoding = 4; lastKnownFileType = sourcecode.c.objc; path = MPAdManagerTests.m; sourceTree = "<group>"; };
		CBB6125613A94FC400580D49 /* MPAdManager.h */ = {isa = PBXFileReference; fileEncoding = 4; lastKnownFileType = sourcecode.c.h; path = MPAdManager.h; sourceTree = "<group>"; };
		CBB6125713A94FC400580D49 /* MPAdManager.m */ = {isa = PBXFileReference; fileEncoding = 4; lastKnownFileType = sourcecode.c.objc; path = MPAdManager.m; sourceTree = "<group>"; };
		CBCB106813B00D9000048E23 /* MPIAdAdapter.h */ = {isa = PBXFileReference; fileEncoding = 4; lastKnownFileType = sourcecode.c.h; path = MPIAdAdapter.h; sourceTree = "<group>"; };
		CBCB106913B00D9000048E23 /* MPIAdAdapter.m */ = {isa = PBXFileReference; fileEncoding = 4; lastKnownFileType = sourcecode.c.objc; path = MPIAdAdapter.m; sourceTree = "<group>"; };
		CBD2580A13AAD1E300223CF9 /* MPAdView.m */ = {isa = PBXFileReference; fileEncoding = 4; lastKnownFileType = sourcecode.c.objc; path = MPAdView.m; sourceTree = "<group>"; };
/* End PBXFileReference section */

/* Begin PBXFrameworksBuildPhase section */
		1D60588F0D05DD3D006BFB54 /* Frameworks */ = {
			isa = PBXFrameworksBuildPhase;
			buildActionMask = 2147483647;
			files = (
				1D60589F0D05DD5A006BFB54 /* Foundation.framework in Frameworks */,
				1DF5F4E00D08C38300B7A737 /* UIKit.framework in Frameworks */,
				288765FD0DF74451002DB57D /* CoreGraphics.framework in Frameworks */,
				A7519B9C13A699BC006C0DAE /* StoreKit.framework in Frameworks */,
				A7519BE913A6C9F3006C0DAE /* iAd.framework in Frameworks */,
				A71B8E3113A7188800E276BC /* OCMock.framework in Frameworks */,
				B99F474213CCD1C000BEE324 /* libOCMock.a in Frameworks */,
				B99F474413CCD1DA00BEE324 /* libORMMA.a in Frameworks */,
				B99F474613CCD2A000BEE324 /* CoreLocation.framework in Frameworks */,
				B99F474813CCD32400BEE324 /* GHUnitIOS.framework in Frameworks */,
				B99F474B13CCD36000BEE324 /* CoreMotion.framework in Frameworks */,
				B99F474C13CCD36000BEE324 /* MediaPlayer.framework in Frameworks */,
				B99F474E13CCD38A00BEE324 /* MessageUI.framework in Frameworks */,
				B99F475113CCD39E00BEE324 /* EventKit.framework in Frameworks */,
				B99F475213CCD39E00BEE324 /* EventKitUI.framework in Frameworks */,
				B99F475413CCD3BB00BEE324 /* CFNetwork.framework in Frameworks */,
				B99F475613CCD3D100BEE324 /* SystemConfiguration.framework in Frameworks */,
				B99F475913CCD46F00BEE324 /* libsqlite3.0.dylib in Frameworks */,
				B99F475A13CCD46F00BEE324 /* libz.dylib in Frameworks */,
				B99F475C13CCD4A500BEE324 /* MobileCoreServices.framework in Frameworks */,
			);
			runOnlyForDeploymentPostprocessing = 0;
		};
/* End PBXFrameworksBuildPhase section */

/* Begin PBXGroup section */
		080E96DDFE201D6D7F000001 /* Classes */ = {
			isa = PBXGroup;
			children = (
				A71B904313A92B7800E276BC /* TouchJSON */,
				A71B903013A92B6500E276BC /* MoPubNetworkAdapters */,
				A71B900013A92B5D00E276BC /* MoPubSDK */,
			);
			path = Classes;
			sourceTree = "<group>";
		};
		19C28FACFE9D520D11CA2CBB /* Products */ = {
			isa = PBXGroup;
			children = (
				1D6058910D05DD3D006BFB54 /* MoPubTests.app */,
			);
			name = Products;
			sourceTree = "<group>";
		};
		29B97314FDCFA39411CA2CEA /* CustomTemplate */ = {
			isa = PBXGroup;
			children = (
				A71B8DBA13A715B200E276BC /* OCMock */,
				A7519B3B13A697B9006C0DAE /* Tests */,
				080E96DDFE201D6D7F000001 /* Classes */,
				29B97315FDCFA39411CA2CEA /* Other Sources */,
				29B97317FDCFA39411CA2CEA /* Resources */,
				29B97323FDCFA39411CA2CEA /* Frameworks */,
				19C28FACFE9D520D11CA2CBB /* Products */,
			);
			name = CustomTemplate;
			sourceTree = "<group>";
		};
		29B97315FDCFA39411CA2CEA /* Other Sources */ = {
			isa = PBXGroup;
			children = (
				32CA4F630368D1EE00C91783 /* MoPubTests_Prefix.pch */,
				A7519B3113A696E6006C0DAE /* GHUnitIOSTestMain.m */,
			);
			name = "Other Sources";
			sourceTree = "<group>";
		};
		29B97317FDCFA39411CA2CEA /* Resources */ = {
			isa = PBXGroup;
			children = (
				8D1107310486CEB800E47090 /* MoPubTests-Info.plist */,
			);
			name = Resources;
			sourceTree = "<group>";
		};
		29B97323FDCFA39411CA2CEA /* Frameworks */ = {
			isa = PBXGroup;
			children = (
				B99F475713CCD46F00BEE324 /* libsqlite3.0.dylib */,
				B99F475813CCD46F00BEE324 /* libz.dylib */,
				B99F475B13CCD4A500BEE324 /* MobileCoreServices.framework */,
				B99F475513CCD3D100BEE324 /* SystemConfiguration.framework */,
				B99F475313CCD3BB00BEE324 /* CFNetwork.framework */,
				B99F474F13CCD39E00BEE324 /* EventKit.framework */,
				B99F475013CCD39E00BEE324 /* EventKitUI.framework */,
				B99F474D13CCD38A00BEE324 /* MessageUI.framework */,
				B99F474913CCD36000BEE324 /* CoreMotion.framework */,
				B99F474A13CCD36000BEE324 /* MediaPlayer.framework */,
				B99F474713CCD32400BEE324 /* GHUnitIOS.framework */,
				B99F474513CCD2A000BEE324 /* CoreLocation.framework */,
				A71B8E3013A7188800E276BC /* OCMock.framework */,
				1DF5F4DF0D08C38300B7A737 /* UIKit.framework */,
				1D30AB110D05D00D00671497 /* Foundation.framework */,
				288765FC0DF74451002DB57D /* CoreGraphics.framework */,
				A7519B9B13A699BC006C0DAE /* StoreKit.framework */,
				A7519BE813A6C9F3006C0DAE /* iAd.framework */,
			);
			name = Frameworks;
			sourceTree = "<group>";
		};
		A71B8DBA13A715B200E276BC /* OCMock */ = {
			isa = PBXGroup;
			children = (
				B99F474113CCD1C000BEE324 /* libOCMock.a */,
				A71B8DE213A7166200E276BC /* Headers */,
			);
			name = OCMock;
			sourceTree = "<group>";
		};
		A71B8DE213A7166200E276BC /* Headers */ = {
			isa = PBXGroup;
			children = (
				A71B8DE313A7166200E276BC /* NSNotificationCenter+OCMAdditions.h */,
				A71B8DE413A7166200E276BC /* OCMArg.h */,
				A71B8DE513A7166200E276BC /* OCMConstraint.h */,
				A71B8DE613A7166200E276BC /* OCMock.h */,
				A71B8DE713A7166200E276BC /* OCMockObject.h */,
				A71B8DE813A7166200E276BC /* OCMockRecorder.h */,
			);
			name = Headers;
			path = OCMock/Headers;
			sourceTree = "<group>";
		};
		A71B900013A92B5D00E276BC /* MoPubSDK */ = {
			isa = PBXGroup;
			children = (
				B925BBD613B29265001A9D6F /* Private Interfaces */,
				A71B900113A92B5D00E276BC /* MPAdapterMap.h */,
				A71B900213A92B5D00E276BC /* MPAdapterMap.m */,
				A71B900313A92B5D00E276BC /* MPAdBrowserController.h */,
				A71B900413A92B5D00E276BC /* MPAdBrowserController.m */,
				A71B900513A92B5D00E276BC /* MPAdBrowserController.xib */,
				A71B900613A92B5D00E276BC /* MPAdConversionTracker.h */,
				A71B900713A92B5D00E276BC /* MPAdConversionTracker.m */,
				CBB6125613A94FC400580D49 /* MPAdManager.h */,
				CBB6125713A94FC400580D49 /* MPAdManager.m */,
				A71B900913A92B5D00E276BC /* MPAdView.h */,
				CBD2580A13AAD1E300223CF9 /* MPAdView.m */,
				A71B900B13A92B5D00E276BC /* MPBaseAdapter.h */,
				A71B900C13A92B5D00E276BC /* MPBaseAdapter.m */,
				A71B900D13A92B5D00E276BC /* MPBaseInterstitialAdapter.h */,
				A71B900E13A92B5D00E276BC /* MPBaseInterstitialAdapter.m */,
				A71B900F13A92B5D00E276BC /* MPCloseButtonX.png */,
				A71B901013A92B5D00E276BC /* MPCloseButtonX@2x.png */,
				A71B901113A92B5D00E276BC /* MPConstants.h */,
				A71B901213A92B5D00E276BC /* MPCustomEventAdapter.h */,
				A71B901313A92B5D00E276BC /* MPCustomEventAdapter.m */,
				A71B901413A92B5D00E276BC /* MPGlobal.h */,
				A71B901513A92B5D00E276BC /* MPGlobal.m */,
				A71B901613A92B5D00E276BC /* MPInterstitialAdapter.h */,
				A71B901713A92B5D00E276BC /* MPInterstitialAdapter.m */,
				A71B901813A92B5D00E276BC /* MPInterstitialAdController.h */,
				A71B901913A92B5D00E276BC /* MPInterstitialAdController.m */,
				A71B901A13A92B5D00E276BC /* MPLogging.h */,
				A71B901B13A92B5D00E276BC /* MPLogging.m */,
				A71B901C13A92B5D00E276BC /* MPStore.h */,
				A71B901D13A92B5D00E276BC /* MPStore.m */,
				A71B901E13A92B5D00E276BC /* MPTimer.h */,
				A71B901F13A92B5D00E276BC /* MPTimer.m */,
			);
			name = MoPubSDK;
			path = ../MoPubSDK;
			sourceTree = SOURCE_ROOT;
		};
		A71B903013A92B6500E276BC /* MoPubNetworkAdapters */ = {
			isa = PBXGroup;
			children = (
				CBB6122A13A93DA700580D49 /* MPAdMobInterstitialAdapter.h */,
				CBB6122B13A93DA700580D49 /* MPAdMobInterstitialAdapter.m */,
				CBCB106813B00D9000048E23 /* MPIAdAdapter.h */,
				CBCB106913B00D9000048E23 /* MPIAdAdapter.m */,
				B95CD11513B29CE0006B1C35 /* MPGoogleAdMobAdapter.h */,
				B95CD11613B29CE0006B1C35 /* MPGoogleAdMobAdapter.m */,
				B95CD11713B29CE0006B1C35 /* MPGoogleAdSenseAdapter.h */,
				B95CD11813B29CE0006B1C35 /* MPGoogleAdSenseAdapter.m */,
				B95CD11913B29CE0006B1C35 /* MPMillennialAdapter.h */,
				B95CD11A13B29CE0006B1C35 /* MPMillennialAdapter.m */,
				B95CD11B13B29CE0006B1C35 /* MPMillennialInterstitialAdapter.h */,
				B95CD11C13B29CE0006B1C35 /* MPMillennialInterstitialAdapter.m */,
				B99F46B713CCD0CF00BEE324 /* MPORMMAAdapter.h */,
				B99F46B813CCD0CF00BEE324 /* MPORMMAAdapter.m */,
				B99F46BA13CCD0FE00BEE324 /* ORMMAJavascriptBridge.h */,
				B99F46BB13CCD0FE00BEE324 /* ORMMAJavascriptBridge.m */,
				B99F474313CCD1DA00BEE324 /* libORMMA.a */,
				B99F46C213CCD16E00BEE324 /* ORMMA.bundle */,
				B99F46C313CCD16E00BEE324 /* Private */,
				B99F46D613CCD16E00BEE324 /* Public */,
				B99F46DF13CCD16E00BEE324 /* Third Party */,
			);
			name = MoPubNetworkAdapters;
			path = ../extras/MoPubNetworkAdapters;
			sourceTree = SOURCE_ROOT;
		};
		A71B904313A92B7800E276BC /* TouchJSON */ = {
			isa = PBXGroup;
			children = (
				A71B904413A92B7800E276BC /* CDataScanner.h */,
				A71B904513A92B7800E276BC /* CDataScanner.m */,
				A71B904613A92B7800E276BC /* Experimental */,
				A71B904D13A92B7800E276BC /* Extensions */,
				A71B905213A92B7800E276BC /* JSON */,
			);
			name = TouchJSON;
			path = ../TouchJSON;
			sourceTree = SOURCE_ROOT;
		};
		A71B904613A92B7800E276BC /* Experimental */ = {
			isa = PBXGroup;
			children = (
				A71B904713A92B7800E276BC /* CFilteringJSONSerializer.h */,
				A71B904813A92B7800E276BC /* CFilteringJSONSerializer.m */,
				A71B904913A92B7800E276BC /* CJSONDeserializer_BlocksExtensions.h */,
				A71B904A13A92B7800E276BC /* CJSONDeserializer_BlocksExtensions.m */,
				A71B904B13A92B7800E276BC /* CJSONSerializedData.h */,
				A71B904C13A92B7800E276BC /* CJSONSerializedData.m */,
			);
			path = Experimental;
			sourceTree = "<group>";
		};
		A71B904D13A92B7800E276BC /* Extensions */ = {
			isa = PBXGroup;
			children = (
				A71B904E13A92B7800E276BC /* CDataScanner_Extensions.h */,
				A71B904F13A92B7800E276BC /* CDataScanner_Extensions.m */,
				A71B905013A92B7800E276BC /* NSDictionary_JSONExtensions.h */,
				A71B905113A92B7800E276BC /* NSDictionary_JSONExtensions.m */,
			);
			path = Extensions;
			sourceTree = "<group>";
		};
		A71B905213A92B7800E276BC /* JSON */ = {
			isa = PBXGroup;
			children = (
				A71B905313A92B7800E276BC /* CJSONDeserializer.h */,
				A71B905413A92B7800E276BC /* CJSONDeserializer.m */,
				A71B905513A92B7800E276BC /* CJSONScanner.h */,
				A71B905613A92B7800E276BC /* CJSONScanner.m */,
				A71B905713A92B7800E276BC /* CJSONSerializer.h */,
				A71B905813A92B7800E276BC /* CJSONSerializer.m */,
				A71B905913A92B7800E276BC /* JSONRepresentation.h */,
			);
			path = JSON;
			sourceTree = "<group>";
		};
		A7519B3B13A697B9006C0DAE /* Tests */ = {
			isa = PBXGroup;
			children = (
				CBB6125213A94D8600580D49 /* MPAdManagerTests.m */,
			);
			name = Tests;
			sourceTree = "<group>";
		};
		B925BBD613B29265001A9D6F /* Private Interfaces */ = {
			isa = PBXGroup;
			children = (
				B9DD979C13B2BEB4001559F7 /* MPAdManager+MPAdaptersPrivate.h */,
				B9DD979D13B2BEB4001559F7 /* MPAdManager+MPAdView+InterstitialPrivate.h */,
				B9DD979E13B2BEB4001559F7 /* MPAdManager+MPAdView+TestsPrivate.h */,
				B925BA3D13B27900001A9D6F /* MPAdView+MPAdManagerPrivate.h */,
			);
			name = "Private Interfaces";
			sourceTree = "<group>";
		};
		B99F46C313CCD16E00BEE324 /* Private */ = {
			isa = PBXGroup;
			children = (
				B99F46C413CCD16E00BEE324 /* Cache Implementations */,
				B99F46C913CCD16E00BEE324 /* Data Model */,
				B99F46CE13CCD16E00BEE324 /* Javascript Bridge */,
				B99F46D113CCD16E00BEE324 /* Utility */,
			);
			name = Private;
			path = ../../MoPubSDK/Private;
			sourceTree = "<group>";
		};
		B99F46C413CCD16E00BEE324 /* Cache Implementations */ = {
			isa = PBXGroup;
			children = (
				B99F46C513CCD16E00BEE324 /* FileSystemCache.h */,
				B99F46C613CCD16E00BEE324 /* FileSystemCache.m */,
				B99F46C713CCD16E00BEE324 /* ORMMALocalServer.h */,
				B99F46C813CCD16E00BEE324 /* ORMMALocalServer.m */,
			);
			path = "Cache Implementations";
			sourceTree = "<group>";
		};
		B99F46C913CCD16E00BEE324 /* Data Model */ = {
			isa = PBXGroup;
			children = (
				B99F46CA13CCD16E00BEE324 /* ORMMADataAccessLayer.h */,
				B99F46CB13CCD16E00BEE324 /* ORMMADataAccessLayer.m */,
				B99F46CC13CCD16E00BEE324 /* ORMMAStoreAndForwardRequest.h */,
				B99F46CD13CCD16E00BEE324 /* ORMMAStoreAndForwardRequest.m */,
			);
			path = "Data Model";
			sourceTree = "<group>";
		};
		B99F46CE13CCD16E00BEE324 /* Javascript Bridge */ = {
			isa = PBXGroup;
			children = (
				B99F46CF13CCD16E00BEE324 /* ORMMAJavascriptBridge.h */,
				B99F46D013CCD16E00BEE324 /* ORMMAJavascriptBridge.m */,
			);
			path = "Javascript Bridge";
			sourceTree = "<group>";
		};
		B99F46D113CCD16E00BEE324 /* Utility */ = {
			isa = PBXGroup;
			children = (
				B99F46D213CCD16E00BEE324 /* UIDevice-ORMMA.h */,
				B99F46D313CCD16E00BEE324 /* UIDevice-ORMMA.m */,
				B99F46D413CCD16E00BEE324 /* UIWebView-ORMMA.h */,
				B99F46D513CCD16E00BEE324 /* UIWebView-ORMMA.m */,
			);
			path = Utility;
			sourceTree = "<group>";
		};
		B99F46D613CCD16E00BEE324 /* Public */ = {
			isa = PBXGroup;
			children = (
				B99F46D713CCD16E00BEE324 /* ORMMAAVPlayer.h */,
				B99F46D813CCD16E00BEE324 /* ORMMAAVPlayer.m */,
				B99F46D913CCD16E00BEE324 /* ORMMAView.h */,
				B99F46DA13CCD16E00BEE324 /* ORMMAView.m */,
				B99F46DB13CCD16E00BEE324 /* Web Browser */,
			);
			name = Public;
			path = ../../MoPubSDK/Public;
			sourceTree = "<group>";
		};
		B99F46DB13CCD16E00BEE324 /* Web Browser */ = {
			isa = PBXGroup;
			children = (
				B99F46DC13CCD16E00BEE324 /* ORMMAWebBrowserViewController.h */,
				B99F46DD13CCD16E00BEE324 /* ORMMAWebBrowserViewController.m */,
				B99F46DE13CCD16E00BEE324 /* ORMMAWebBrowserViewController.xib */,
			);
			path = "Web Browser";
			sourceTree = "<group>";
		};
		B99F46DF13CCD16E00BEE324 /* Third Party */ = {
			isa = PBXGroup;
			children = (
				B99F46E013CCD16E00BEE324 /* ASI HTTP Request */,
				B99F46F413CCD16E00BEE324 /* Cocoa HTTP Server */,
				B99F470E13CCD16E00BEE324 /* Erica Sadun */,
				B99F471313CCD16E00BEE324 /* FMDB */,
			);
			name = "Third Party";
			path = "../../MoPubSDK/Third Party";
			sourceTree = "<group>";
		};
		B99F46E013CCD16E00BEE324 /* ASI HTTP Request */ = {
			isa = PBXGroup;
			children = (
				B99F46E113CCD16E00BEE324 /* ASI Http Request - LICENSE */,
				B99F46E213CCD16E00BEE324 /* ASIAuthenticationDialog.h */,
				B99F46E313CCD16E00BEE324 /* ASIAuthenticationDialog.m */,
				B99F46E413CCD16E00BEE324 /* ASICacheDelegate.h */,
				B99F46E513CCD16E00BEE324 /* ASIDownloadCache.h */,
				B99F46E613CCD16E00BEE324 /* ASIDownloadCache.m */,
				B99F46E713CCD16E00BEE324 /* ASIFormDataRequest.h */,
				B99F46E813CCD16E00BEE324 /* ASIFormDataRequest.m */,
				B99F46E913CCD16E00BEE324 /* ASIHTTPRequest.h */,
				B99F46EA13CCD16E00BEE324 /* ASIHTTPRequest.m */,
				B99F46EB13CCD16E00BEE324 /* ASIHTTPRequestConfig.h */,
				B99F46EC13CCD16E00BEE324 /* ASIHTTPRequestDelegate.h */,
				B99F46ED13CCD16E00BEE324 /* ASIInputStream.h */,
				B99F46EE13CCD16E00BEE324 /* ASIInputStream.m */,
				B99F46EF13CCD16E00BEE324 /* ASINetworkQueue.h */,
				B99F46F013CCD16E00BEE324 /* ASINetworkQueue.m */,
				B99F46F113CCD16E00BEE324 /* ASIProgressDelegate.h */,
				B99F46F213CCD16E00BEE324 /* Reachability.h */,
				B99F46F313CCD16E00BEE324 /* Reachability.m */,
			);
			path = "ASI HTTP Request";
			sourceTree = "<group>";
		};
		B99F46F413CCD16E00BEE324 /* Cocoa HTTP Server */ = {
			isa = PBXGroup;
			children = (
				B99F46F513CCD16E00BEE324 /* AsyncSocket.h */,
				B99F46F613CCD16E00BEE324 /* AsyncSocket.m */,
				B99F46F713CCD16E00BEE324 /* DDData.h */,
				B99F46F813CCD16E00BEE324 /* DDData.m */,
				B99F46F913CCD16E00BEE324 /* DDNumber.h */,
				B99F46FA13CCD16E00BEE324 /* DDNumber.m */,
				B99F46FB13CCD16E00BEE324 /* DDRange.h */,
				B99F46FC13CCD16E00BEE324 /* DDRange.m */,
				B99F46FD13CCD16E00BEE324 /* HTTPAsyncFileResponse.h */,
				B99F46FE13CCD16E00BEE324 /* HTTPAsyncFileResponse.m */,
				B99F46FF13CCD16E00BEE324 /* HTTPAuthenticationRequest.h */,
				B99F470013CCD16E00BEE324 /* HTTPAuthenticationRequest.m */,
				B99F470113CCD16E00BEE324 /* HTTPConnection.h */,
				B99F470213CCD16E00BEE324 /* HTTPConnection.m */,
				B99F470313CCD16E00BEE324 /* HTTPDynamicFileResponse.h */,
				B99F470413CCD16E00BEE324 /* HTTPDynamicFileResponse.m */,
				B99F470513CCD16E00BEE324 /* HTTPResponse.h */,
				B99F470613CCD16E00BEE324 /* HTTPResponse.m */,
				B99F470713CCD16E00BEE324 /* HTTPServer.h */,
				B99F470813CCD16E00BEE324 /* HTTPServer.m */,
				B99F470913CCD16E00BEE324 /* LICENSE.txt */,
				B99F470A13CCD16E00BEE324 /* SSCrypto.h */,
				B99F470B13CCD16E00BEE324 /* SSCrypto.m */,
				B99F470C13CCD16E00BEE324 /* WebSocket.h */,
				B99F470D13CCD16E00BEE324 /* WebSocket.m */,
			);
			path = "Cocoa HTTP Server";
			sourceTree = "<group>";
		};
		B99F470E13CCD16E00BEE324 /* Erica Sadun */ = {
			isa = PBXGroup;
			children = (
				B99F470F13CCD16E00BEE324 /* UIColor-Expanded.h */,
				B99F471013CCD16E00BEE324 /* UIColor-Expanded.m */,
				B99F471113CCD16E00BEE324 /* UIDevice-Hardware.h */,
				B99F471213CCD16E00BEE324 /* UIDevice-Hardware.m */,
			);
			path = "Erica Sadun";
			sourceTree = "<group>";
		};
		B99F471313CCD16E00BEE324 /* FMDB */ = {
			isa = PBXGroup;
			children = (
				B99F471413CCD16E00BEE324 /* FMDatabase.h */,
				B99F471513CCD16E00BEE324 /* FMDatabase.m */,
				B99F471613CCD16E00BEE324 /* FMDatabaseAdditions.h */,
				B99F471713CCD16E00BEE324 /* FMDatabaseAdditions.m */,
				B99F471813CCD16E00BEE324 /* FMResultSet.h */,
				B99F471913CCD16E00BEE324 /* FMResultSet.m */,
			);
			path = FMDB;
			sourceTree = "<group>";
		};
/* End PBXGroup section */

/* Begin PBXNativeTarget section */
		1D6058900D05DD3D006BFB54 /* MoPubTests */ = {
			isa = PBXNativeTarget;
			buildConfigurationList = 1D6058960D05DD3E006BFB54 /* Build configuration list for PBXNativeTarget "MoPubTests" */;
			buildPhases = (
				1D60588D0D05DD3D006BFB54 /* Resources */,
				1D60588E0D05DD3D006BFB54 /* Sources */,
				1D60588F0D05DD3D006BFB54 /* Frameworks */,
			);
			buildRules = (
			);
			dependencies = (
			);
			name = MoPubTests;
			productName = MoPubTests;
			productReference = 1D6058910D05DD3D006BFB54 /* MoPubTests.app */;
			productType = "com.apple.product-type.application";
		};
/* End PBXNativeTarget section */

/* Begin PBXProject section */
		29B97313FDCFA39411CA2CEA /* Project object */ = {
			isa = PBXProject;
			buildConfigurationList = C01FCF4E08A954540054247B /* Build configuration list for PBXProject "MoPubTests" */;
			compatibilityVersion = "Xcode 3.2";
			developmentRegion = English;
			hasScannedForEncodings = 1;
			knownRegions = (
				English,
				Japanese,
				French,
				German,
			);
			mainGroup = 29B97314FDCFA39411CA2CEA /* CustomTemplate */;
			projectDirPath = "";
			projectRoot = "";
			targets = (
				1D6058900D05DD3D006BFB54 /* MoPubTests */,
			);
		};
/* End PBXProject section */

/* Begin PBXResourcesBuildPhase section */
		1D60588D0D05DD3D006BFB54 /* Resources */ = {
			isa = PBXResourcesBuildPhase;
			buildActionMask = 2147483647;
			files = (
				A71B902213A92B5D00E276BC /* MPAdBrowserController.xib in Resources */,
				A71B902713A92B5D00E276BC /* MPCloseButtonX.png in Resources */,
				A71B902813A92B5D00E276BC /* MPCloseButtonX@2x.png in Resources */,
				B99F471B13CCD16E00BEE324 /* ORMMA.bundle in Resources */,
				B99F472613CCD16E00BEE324 /* ORMMAWebBrowserViewController.xib in Resources */,
				B99F472713CCD16E00BEE324 /* ASI Http Request - LICENSE in Resources */,
				B99F473913CCD16E00BEE324 /* LICENSE.txt in Resources */,
			);
			runOnlyForDeploymentPostprocessing = 0;
		};
/* End PBXResourcesBuildPhase section */

/* Begin PBXSourcesBuildPhase section */
		1D60588E0D05DD3D006BFB54 /* Sources */ = {
			isa = PBXSourcesBuildPhase;
			buildActionMask = 2147483647;
			files = (
				A7519B3213A696E6006C0DAE /* GHUnitIOSTestMain.m in Sources */,
				A71B902013A92B5D00E276BC /* MPAdapterMap.m in Sources */,
				A71B902113A92B5D00E276BC /* MPAdBrowserController.m in Sources */,
				A71B902313A92B5D00E276BC /* MPAdConversionTracker.m in Sources */,
				A71B902513A92B5D00E276BC /* MPBaseAdapter.m in Sources */,
				A71B902613A92B5D00E276BC /* MPBaseInterstitialAdapter.m in Sources */,
				A71B902913A92B5D00E276BC /* MPCustomEventAdapter.m in Sources */,
				A71B902A13A92B5D00E276BC /* MPGlobal.m in Sources */,
				A71B902B13A92B5D00E276BC /* MPInterstitialAdapter.m in Sources */,
				A71B902C13A92B5D00E276BC /* MPInterstitialAdController.m in Sources */,
				A71B902D13A92B5D00E276BC /* MPLogging.m in Sources */,
				A71B902E13A92B5D00E276BC /* MPStore.m in Sources */,
				A71B902F13A92B5D00E276BC /* MPTimer.m in Sources */,
				A71B905A13A92B7800E276BC /* CDataScanner.m in Sources */,
				A71B905B13A92B7800E276BC /* CFilteringJSONSerializer.m in Sources */,
				A71B905C13A92B7800E276BC /* CJSONDeserializer_BlocksExtensions.m in Sources */,
				A71B905D13A92B7800E276BC /* CJSONSerializedData.m in Sources */,
				A71B905E13A92B7800E276BC /* CDataScanner_Extensions.m in Sources */,
				A71B905F13A92B7800E276BC /* NSDictionary_JSONExtensions.m in Sources */,
				A71B906013A92B7800E276BC /* CJSONDeserializer.m in Sources */,
				A71B906113A92B7800E276BC /* CJSONScanner.m in Sources */,
				A71B906213A92B7800E276BC /* CJSONSerializer.m in Sources */,
				CBB6125313A94D8600580D49 /* MPAdManagerTests.m in Sources */,
				CBB6125813A94FC400580D49 /* MPAdManager.m in Sources */,
				CBD2580B13AAD1E300223CF9 /* MPAdView.m in Sources */,
				B95CD1E313B2A46C006B1C35 /* MPIAdAdapter.m in Sources */,
				B99F46B913CCD0CF00BEE324 /* MPORMMAAdapter.m in Sources */,
				B99F471C13CCD16E00BEE324 /* FileSystemCache.m in Sources */,
				B99F471D13CCD16E00BEE324 /* ORMMALocalServer.m in Sources */,
				B99F471E13CCD16E00BEE324 /* ORMMADataAccessLayer.m in Sources */,
				B99F471F13CCD16E00BEE324 /* ORMMAStoreAndForwardRequest.m in Sources */,
				B99F472013CCD16E00BEE324 /* ORMMAJavascriptBridge.m in Sources */,
				B99F472113CCD16E00BEE324 /* UIDevice-ORMMA.m in Sources */,
				B99F472213CCD16E00BEE324 /* UIWebView-ORMMA.m in Sources */,
				B99F472313CCD16E00BEE324 /* ORMMAAVPlayer.m in Sources */,
				B99F472413CCD16E00BEE324 /* ORMMAView.m in Sources */,
				B99F472513CCD16E00BEE324 /* ORMMAWebBrowserViewController.m in Sources */,
				B99F472813CCD16E00BEE324 /* ASIAuthenticationDialog.m in Sources */,
				B99F472913CCD16E00BEE324 /* ASIDownloadCache.m in Sources */,
				B99F472A13CCD16E00BEE324 /* ASIFormDataRequest.m in Sources */,
				B99F472B13CCD16E00BEE324 /* ASIHTTPRequest.m in Sources */,
				B99F472C13CCD16E00BEE324 /* ASIInputStream.m in Sources */,
				B99F472D13CCD16E00BEE324 /* ASINetworkQueue.m in Sources */,
				B99F472E13CCD16E00BEE324 /* Reachability.m in Sources */,
				B99F472F13CCD16E00BEE324 /* AsyncSocket.m in Sources */,
				B99F473013CCD16E00BEE324 /* DDData.m in Sources */,
				B99F473113CCD16E00BEE324 /* DDNumber.m in Sources */,
				B99F473213CCD16E00BEE324 /* DDRange.m in Sources */,
				B99F473313CCD16E00BEE324 /* HTTPAsyncFileResponse.m in Sources */,
				B99F473413CCD16E00BEE324 /* HTTPAuthenticationRequest.m in Sources */,
				B99F473513CCD16E00BEE324 /* HTTPConnection.m in Sources */,
				B99F473613CCD16E00BEE324 /* HTTPDynamicFileResponse.m in Sources */,
				B99F473713CCD16E00BEE324 /* HTTPResponse.m in Sources */,
				B99F473813CCD16E00BEE324 /* HTTPServer.m in Sources */,
				B99F473B13CCD16E00BEE324 /* WebSocket.m in Sources */,
				B99F473C13CCD16E00BEE324 /* UIColor-Expanded.m in Sources */,
				B99F473D13CCD16E00BEE324 /* UIDevice-Hardware.m in Sources */,
				B99F473E13CCD16E00BEE324 /* FMDatabase.m in Sources */,
				B99F473F13CCD16E00BEE324 /* FMDatabaseAdditions.m in Sources */,
				B99F474013CCD16E00BEE324 /* FMResultSet.m in Sources */,
			);
			runOnlyForDeploymentPostprocessing = 0;
		};
/* End PBXSourcesBuildPhase section */

/* Begin XCBuildConfiguration section */
		1D6058940D05DD3E006BFB54 /* Debug */ = {
			isa = XCBuildConfiguration;
			buildSettings = {
				ALWAYS_SEARCH_USER_PATHS = NO;
				COPY_PHASE_STRIP = NO;
				FRAMEWORK_SEARCH_PATHS = (
					"$(inherited)",
					"\"$(SRCROOT)\"",
				);
				GCC_DYNAMIC_NO_PIC = NO;
				GCC_OPTIMIZATION_LEVEL = 0;
				GCC_PRECOMPILE_PREFIX_HEADER = YES;
				GCC_PREFIX_HEADER = MoPubTests_Prefix.pch;
				INFOPLIST_FILE = "MoPubTests-Info.plist";
				LIBRARY_SEARCH_PATHS = (
					"$(inherited)",
					"\"$(SRCROOT)/OCMock\"",
					"\"$(SRCROOT)/../MoPubSDK\"",
				);
				PRODUCT_NAME = MoPubTests;
			};
			name = Debug;
		};
		1D6058950D05DD3E006BFB54 /* Release */ = {
			isa = XCBuildConfiguration;
			buildSettings = {
				ALWAYS_SEARCH_USER_PATHS = NO;
				COPY_PHASE_STRIP = YES;
				FRAMEWORK_SEARCH_PATHS = (
					"$(inherited)",
					"\"$(SRCROOT)\"",
				);
				GCC_PRECOMPILE_PREFIX_HEADER = YES;
				GCC_PREFIX_HEADER = MoPubTests_Prefix.pch;
				INFOPLIST_FILE = "MoPubTests-Info.plist";
				LIBRARY_SEARCH_PATHS = (
					"$(inherited)",
					"\"$(SRCROOT)/OCMock\"",
					"\"$(SRCROOT)/../MoPubSDK\"",
				);
				PRODUCT_NAME = MoPubTests;
				VALIDATE_PRODUCT = YES;
			};
			name = Release;
		};
		C01FCF4F08A954540054247B /* Debug */ = {
			isa = XCBuildConfiguration;
			buildSettings = {
				ARCHS = "$(ARCHS_STANDARD_32_BIT)";
				"CODE_SIGN_IDENTITY[sdk=iphoneos*]" = "iPhone Developer";
				GCC_C_LANGUAGE_STANDARD = c99;
				GCC_WARN_ABOUT_RETURN_TYPE = YES;
				GCC_WARN_UNUSED_VARIABLE = YES;
				LD_RUNPATH_SEARCH_PATHS = "${PROJECT_DIR}/OCMock";
				OTHER_LDFLAGS = (
					"-all_load",
					"-ObjC",
				);
				PREBINDING = NO;
				SDKROOT = iphoneos;
			};
			name = Debug;
		};
		C01FCF5008A954540054247B /* Release */ = {
			isa = XCBuildConfiguration;
			buildSettings = {
				ARCHS = "$(ARCHS_STANDARD_32_BIT)";
				"CODE_SIGN_IDENTITY[sdk=iphoneos*]" = "iPhone Developer";
				GCC_C_LANGUAGE_STANDARD = c99;
				GCC_WARN_ABOUT_RETURN_TYPE = YES;
				GCC_WARN_UNUSED_VARIABLE = YES;
				OTHER_CFLAGS = "-DNS_BLOCK_ASSERTIONS=1";
				PREBINDING = NO;
				SDKROOT = iphoneos;
			};
			name = Release;
		};
/* End XCBuildConfiguration section */

/* Begin XCConfigurationList section */
		1D6058960D05DD3E006BFB54 /* Build configuration list for PBXNativeTarget "MoPubTests" */ = {
			isa = XCConfigurationList;
			buildConfigurations = (
				1D6058940D05DD3E006BFB54 /* Debug */,
				1D6058950D05DD3E006BFB54 /* Release */,
			);
			defaultConfigurationIsVisible = 0;
			defaultConfigurationName = Release;
		};
		C01FCF4E08A954540054247B /* Build configuration list for PBXProject "MoPubTests" */ = {
			isa = XCConfigurationList;
			buildConfigurations = (
				C01FCF4F08A954540054247B /* Debug */,
				C01FCF5008A954540054247B /* Release */,
			);
			defaultConfigurationIsVisible = 0;
			defaultConfigurationName = Release;
		};
/* End XCConfigurationList section */
	};
	rootObject = 29B97313FDCFA39411CA2CEA /* Project object */;
}
